
Microsoft Visual Studio Solution File, Format Version 12.00
# Visual Studio 15
VisualStudioVersion = 15.0.28302.56
MinimumVisualStudioVersion = 10.0.40219.1
Project("{9A19103F-16F7-4668-BE54-9A1E7A4F7556}") = "AgeOfPatronage.Server", "AgeOfPatronage.Server\AgeOfPatronage.Server.csproj", "{2A65E2C7-CC6F-4FD1-A4BF-012194296370}"
EndProject
Project("{9A19103F-16F7-4668-BE54-9A1E7A4F7556}") = "AgeOfPatronage.Client", "AgeOfPatronage.Client\AgeOfPatronage.Client.csproj", "{2A555C64-010D-431C-B4E3-12B2B5AA645E}"
EndProject
Project("{9A19103F-16F7-4668-BE54-9A1E7A4F7556}") = "AgeOfPatronage.Shared", "AgeOfPatronage.Shared\AgeOfPatronage.Shared.csproj", "{9CCF0115-D68C-4299-83A7-13C6E6F85F15}"
EndProject
Project("{9A19103F-16F7-4668-BE54-9A1E7A4F7556}") = "AgeOfPatronage.Functions", "AgeOfPatronate.Functions\AgeOfPatronage.Functions.csproj", "{E4252768-9A98-42DF-8483-A837B2AB01F2}"
EndProject
Project("{9A19103F-16F7-4668-BE54-9A1E7A4F7556}") = "AgeOfPatronage.Patreon", "AoP.Patreon\AgeOfPatronage.Patreon.csproj", "{57833699-24F0-437C-8662-D72D47493E4D}"
EndProject
Global
	GlobalSection(SolutionConfigurationPlatforms) = preSolution
		Debug|Any CPU = Debug|Any CPU
		Release|Any CPU = Release|Any CPU
	EndGlobalSection
	GlobalSection(ProjectConfigurationPlatforms) = postSolution
		{2A65E2C7-CC6F-4FD1-A4BF-012194296370}.Debug|Any CPU.ActiveCfg = Debug|Any CPU
		{2A65E2C7-CC6F-4FD1-A4BF-012194296370}.Debug|Any CPU.Build.0 = Debug|Any CPU
		{2A65E2C7-CC6F-4FD1-A4BF-012194296370}.Release|Any CPU.ActiveCfg = Release|Any CPU
		{2A65E2C7-CC6F-4FD1-A4BF-012194296370}.Release|Any CPU.Build.0 = Release|Any CPU
		{2A555C64-010D-431C-B4E3-12B2B5AA645E}.Debug|Any CPU.ActiveCfg = Debug|Any CPU
		{2A555C64-010D-431C-B4E3-12B2B5AA645E}.Debug|Any CPU.Build.0 = Debug|Any CPU
		{2A555C64-010D-431C-B4E3-12B2B5AA645E}.Release|Any CPU.ActiveCfg = Release|Any CPU
		{2A555C64-010D-431C-B4E3-12B2B5AA645E}.Release|Any CPU.Build.0 = Release|Any CPU
		{9CCF0115-D68C-4299-83A7-13C6E6F85F15}.Debug|Any CPU.ActiveCfg = Debug|Any CPU
		{9CCF0115-D68C-4299-83A7-13C6E6F85F15}.Debug|Any CPU.Build.0 = Debug|Any CPU
		{9CCF0115-D68C-4299-83A7-13C6E6F85F15}.Release|Any CPU.ActiveCfg = Release|Any CPU
		{9CCF0115-D68C-4299-83A7-13C6E6F85F15}.Release|Any CPU.Build.0 = Release|Any CPU
		{E4252768-9A98-42DF-8483-A837B2AB01F2}.Debug|Any CPU.ActiveCfg = Debug|Any CPU
		{E4252768-9A98-42DF-8483-A837B2AB01F2}.Debug|Any CPU.Build.0 = Debug|Any CPU
		{E4252768-9A98-42DF-8483-A837B2AB01F2}.Release|Any CPU.ActiveCfg = Release|Any CPU
		{E4252768-9A98-42DF-8483-A837B2AB01F2}.Release|Any CPU.Build.0 = Release|Any CPU
		{57833699-24F0-437C-8662-D72D47493E4D}.Debug|Any CPU.ActiveCfg = Debug|Any CPU
		{57833699-24F0-437C-8662-D72D47493E4D}.Debug|Any CPU.Build.0 = Debug|Any CPU
		{57833699-24F0-437C-8662-D72D47493E4D}.Release|Any CPU.ActiveCfg = Release|Any CPU
		{57833699-24F0-437C-8662-D72D47493E4D}.Release|Any CPU.Build.0 = Release|Any CPU
	EndGlobalSection
	GlobalSection(SolutionProperties) = preSolution
		HideSolutionNode = FALSE
	EndGlobalSection
	GlobalSection(ExtensibilityGlobals) = postSolution
		SolutionGuid = {D9F7DA2D-8C90-4D82-9549-92B4F405D10B}
	EndGlobalSection
EndGlobal
