
Microsoft Visual Studio Solution File, Format Version 12.00
# Visual Studio 15
VisualStudioVersion = 15.0.28124.53
MinimumVisualStudioVersion = 10.0.40219.1
Project("{FAE04EC0-301F-11D3-BF4B-00C04F79EFBC}") = "MassEffectCodex", "MassEffectCodex\MassEffectCodex.csproj", "{2928B6B8-3EE4-4C7F-A13C-A95C8E7FADEB}"
EndProject
Project("{9A19103F-16F7-4668-BE54-9A1E7A4F7556}") = "FunctionalWiki", "FunctionalWiki\FunctionalWiki.csproj", "{AA959F8E-991F-43D7-A91F-C81E68B890F1}"
EndProject
Project("{9A19103F-16F7-4668-BE54-9A1E7A4F7556}") = "WikiaLib", "Wikia\WikiaLib.csproj", "{677AD0A3-16D9-4B0D-B780-7DA621153186}"
EndProject
Project("{2150E333-8FDC-42A3-9474-1A3956D46DE8}") = "Clients", "Clients", "{CABCE7FA-EF5F-4462-989D-ED42552C2C55}"
EndProject
Project("{2150E333-8FDC-42A3-9474-1A3956D46DE8}") = "Backend", "Backend", "{16D7855C-D448-47F4-BA7C-48645A0F3107}"
EndProject
Project("{2150E333-8FDC-42A3-9474-1A3956D46DE8}") = "Library", "Library", "{F86BB19F-A2C4-4E9E-8B19-1DF2787BBF1D}"
EndProject
Project("{2150E333-8FDC-42A3-9474-1A3956D46DE8}") = "Extensions", "Extensions", "{B2F4777C-30B4-4EDF-A942-25072AD9157F}"
EndProject
Project("{FAE04EC0-301F-11D3-BF4B-00C04F79EFBC}") = "MECodex", "MECodex\MECodex.csproj", "{CC4520B9-E3F1-43FC-BAF3-51D62C4B9280}"
EndProject
Project("{2150E333-8FDC-42A3-9474-1A3956D46DE8}") = "Twitch", "Twitch", "{D1B3245C-CA8B-4CCC-8B19-DCA9B1773E37}"
EndProject
Project("{FAE04EC0-301F-11D3-BF4B-00C04F79EFBC}") = "MECodext.Server", "MECodext.Server\MECodext.Server.csproj", "{06F5C78B-662E-4A53-B906-463BA91C9C34}"
EndProject
Project("{FAE04EC0-301F-11D3-BF4B-00C04F79EFBC}") = "MECodext.App", "MECodext.App\MECodext.App.csproj", "{7228C11F-E8EE-45B5-8EE4-75FC45097717}"
EndProject
Project("{FAE04EC0-301F-11D3-BF4B-00C04F79EFBC}") = "MassEffectJournal.Server", "MassEffectJournal.Server\MassEffectJournal.Server.csproj", "{A2815F67-3F72-4668-B6E5-53163792FC9C}"
EndProject
Project("{FAE04EC0-301F-11D3-BF4B-00C04F79EFBC}") = "MassEffectJournal.Client", "MassEffectJournal.Client\MassEffectJournal.Client.csproj", "{5CCA539C-582A-4779-AF3C-B5866A727361}"
EndProject
Project("{FAE04EC0-301F-11D3-BF4B-00C04F79EFBC}") = "MassEffectJournal.Shared", "MassEffectJournal.Shared\MassEffectJournal.Shared.csproj", "{931CE0A4-4340-4AEB-B9E8-74D4D51E0CE3}"
EndProject
Project("{FAE04EC0-301F-11D3-BF4B-00C04F79EFBC}") = "MECodex.Shared", "MECodex.Shared\MECodex.Shared.csproj", "{39C295CB-1E2F-482E-9FF0-8BF650734CE6}"
EndProject
Global
	GlobalSection(SolutionConfigurationPlatforms) = preSolution
		Debug|Any CPU = Debug|Any CPU
		Debug|ARM = Debug|ARM
		Debug|ARM64 = Debug|ARM64
		Debug|x64 = Debug|x64
		Debug|x86 = Debug|x86
		Release|Any CPU = Release|Any CPU
		Release|ARM = Release|ARM
		Release|ARM64 = Release|ARM64
		Release|x64 = Release|x64
		Release|x86 = Release|x86
	EndGlobalSection
	GlobalSection(ProjectConfigurationPlatforms) = postSolution
		{2928B6B8-3EE4-4C7F-A13C-A95C8E7FADEB}.Debug|Any CPU.ActiveCfg = Debug|x86
		{2928B6B8-3EE4-4C7F-A13C-A95C8E7FADEB}.Debug|ARM.ActiveCfg = Debug|ARM
		{2928B6B8-3EE4-4C7F-A13C-A95C8E7FADEB}.Debug|ARM.Build.0 = Debug|ARM
		{2928B6B8-3EE4-4C7F-A13C-A95C8E7FADEB}.Debug|ARM.Deploy.0 = Debug|ARM
		{2928B6B8-3EE4-4C7F-A13C-A95C8E7FADEB}.Debug|ARM64.ActiveCfg = Debug|ARM64
		{2928B6B8-3EE4-4C7F-A13C-A95C8E7FADEB}.Debug|ARM64.Build.0 = Debug|ARM64
		{2928B6B8-3EE4-4C7F-A13C-A95C8E7FADEB}.Debug|ARM64.Deploy.0 = Debug|ARM64
		{2928B6B8-3EE4-4C7F-A13C-A95C8E7FADEB}.Debug|x64.ActiveCfg = Debug|x64
		{2928B6B8-3EE4-4C7F-A13C-A95C8E7FADEB}.Debug|x64.Build.0 = Debug|x64
		{2928B6B8-3EE4-4C7F-A13C-A95C8E7FADEB}.Debug|x64.Deploy.0 = Debug|x64
		{2928B6B8-3EE4-4C7F-A13C-A95C8E7FADEB}.Debug|x86.ActiveCfg = Debug|x86
		{2928B6B8-3EE4-4C7F-A13C-A95C8E7FADEB}.Debug|x86.Build.0 = Debug|x86
		{2928B6B8-3EE4-4C7F-A13C-A95C8E7FADEB}.Debug|x86.Deploy.0 = Debug|x86
		{2928B6B8-3EE4-4C7F-A13C-A95C8E7FADEB}.Release|Any CPU.ActiveCfg = Release|x86
		{2928B6B8-3EE4-4C7F-A13C-A95C8E7FADEB}.Release|ARM.ActiveCfg = Release|ARM
		{2928B6B8-3EE4-4C7F-A13C-A95C8E7FADEB}.Release|ARM.Build.0 = Release|ARM
		{2928B6B8-3EE4-4C7F-A13C-A95C8E7FADEB}.Release|ARM.Deploy.0 = Release|ARM
		{2928B6B8-3EE4-4C7F-A13C-A95C8E7FADEB}.Release|ARM64.ActiveCfg = Release|ARM64
		{2928B6B8-3EE4-4C7F-A13C-A95C8E7FADEB}.Release|ARM64.Build.0 = Release|ARM64
		{2928B6B8-3EE4-4C7F-A13C-A95C8E7FADEB}.Release|ARM64.Deploy.0 = Release|ARM64
		{2928B6B8-3EE4-4C7F-A13C-A95C8E7FADEB}.Release|x64.ActiveCfg = Release|x64
		{2928B6B8-3EE4-4C7F-A13C-A95C8E7FADEB}.Release|x64.Build.0 = Release|x64
		{2928B6B8-3EE4-4C7F-A13C-A95C8E7FADEB}.Release|x64.Deploy.0 = Release|x64
		{2928B6B8-3EE4-4C7F-A13C-A95C8E7FADEB}.Release|x86.ActiveCfg = Release|x86
		{2928B6B8-3EE4-4C7F-A13C-A95C8E7FADEB}.Release|x86.Build.0 = Release|x86
		{2928B6B8-3EE4-4C7F-A13C-A95C8E7FADEB}.Release|x86.Deploy.0 = Release|x86
		{AA959F8E-991F-43D7-A91F-C81E68B890F1}.Debug|Any CPU.ActiveCfg = Debug|Any CPU
		{AA959F8E-991F-43D7-A91F-C81E68B890F1}.Debug|Any CPU.Build.0 = Debug|Any CPU
		{AA959F8E-991F-43D7-A91F-C81E68B890F1}.Debug|ARM.ActiveCfg = Debug|Any CPU
		{AA959F8E-991F-43D7-A91F-C81E68B890F1}.Debug|ARM.Build.0 = Debug|Any CPU
		{AA959F8E-991F-43D7-A91F-C81E68B890F1}.Debug|ARM64.ActiveCfg = Debug|Any CPU
		{AA959F8E-991F-43D7-A91F-C81E68B890F1}.Debug|ARM64.Build.0 = Debug|Any CPU
		{AA959F8E-991F-43D7-A91F-C81E68B890F1}.Debug|x64.ActiveCfg = Debug|Any CPU
		{AA959F8E-991F-43D7-A91F-C81E68B890F1}.Debug|x64.Build.0 = Debug|Any CPU
		{AA959F8E-991F-43D7-A91F-C81E68B890F1}.Debug|x86.ActiveCfg = Debug|Any CPU
		{AA959F8E-991F-43D7-A91F-C81E68B890F1}.Debug|x86.Build.0 = Debug|Any CPU
		{AA959F8E-991F-43D7-A91F-C81E68B890F1}.Release|Any CPU.ActiveCfg = Release|Any CPU
		{AA959F8E-991F-43D7-A91F-C81E68B890F1}.Release|Any CPU.Build.0 = Release|Any CPU
		{AA959F8E-991F-43D7-A91F-C81E68B890F1}.Release|ARM.ActiveCfg = Release|Any CPU
		{AA959F8E-991F-43D7-A91F-C81E68B890F1}.Release|ARM.Build.0 = Release|Any CPU
		{AA959F8E-991F-43D7-A91F-C81E68B890F1}.Release|ARM64.ActiveCfg = Release|Any CPU
		{AA959F8E-991F-43D7-A91F-C81E68B890F1}.Release|ARM64.Build.0 = Release|Any CPU
		{AA959F8E-991F-43D7-A91F-C81E68B890F1}.Release|x64.ActiveCfg = Release|Any CPU
		{AA959F8E-991F-43D7-A91F-C81E68B890F1}.Release|x64.Build.0 = Release|Any CPU
		{AA959F8E-991F-43D7-A91F-C81E68B890F1}.Release|x86.ActiveCfg = Release|Any CPU
		{AA959F8E-991F-43D7-A91F-C81E68B890F1}.Release|x86.Build.0 = Release|Any CPU
		{677AD0A3-16D9-4B0D-B780-7DA621153186}.Debug|Any CPU.ActiveCfg = Debug|Any CPU
		{677AD0A3-16D9-4B0D-B780-7DA621153186}.Debug|Any CPU.Build.0 = Debug|Any CPU
		{677AD0A3-16D9-4B0D-B780-7DA621153186}.Debug|ARM.ActiveCfg = Debug|Any CPU
		{677AD0A3-16D9-4B0D-B780-7DA621153186}.Debug|ARM.Build.0 = Debug|Any CPU
		{677AD0A3-16D9-4B0D-B780-7DA621153186}.Debug|ARM64.ActiveCfg = Debug|Any CPU
		{677AD0A3-16D9-4B0D-B780-7DA621153186}.Debug|ARM64.Build.0 = Debug|Any CPU
		{677AD0A3-16D9-4B0D-B780-7DA621153186}.Debug|x64.ActiveCfg = Debug|Any CPU
		{677AD0A3-16D9-4B0D-B780-7DA621153186}.Debug|x64.Build.0 = Debug|Any CPU
		{677AD0A3-16D9-4B0D-B780-7DA621153186}.Debug|x86.ActiveCfg = Debug|Any CPU
		{677AD0A3-16D9-4B0D-B780-7DA621153186}.Debug|x86.Build.0 = Debug|Any CPU
		{677AD0A3-16D9-4B0D-B780-7DA621153186}.Release|Any CPU.ActiveCfg = Release|Any CPU
		{677AD0A3-16D9-4B0D-B780-7DA621153186}.Release|Any CPU.Build.0 = Release|Any CPU
		{677AD0A3-16D9-4B0D-B780-7DA621153186}.Release|ARM.ActiveCfg = Release|Any CPU
		{677AD0A3-16D9-4B0D-B780-7DA621153186}.Release|ARM.Build.0 = Release|Any CPU
		{677AD0A3-16D9-4B0D-B780-7DA621153186}.Release|ARM64.ActiveCfg = Release|Any CPU
		{677AD0A3-16D9-4B0D-B780-7DA621153186}.Release|ARM64.Build.0 = Release|Any CPU
		{677AD0A3-16D9-4B0D-B780-7DA621153186}.Release|x64.ActiveCfg = Release|Any CPU
		{677AD0A3-16D9-4B0D-B780-7DA621153186}.Release|x64.Build.0 = Release|Any CPU
		{677AD0A3-16D9-4B0D-B780-7DA621153186}.Release|x86.ActiveCfg = Release|Any CPU
		{677AD0A3-16D9-4B0D-B780-7DA621153186}.Release|x86.Build.0 = Release|Any CPU
		{CC4520B9-E3F1-43FC-BAF3-51D62C4B9280}.Debug|Any CPU.ActiveCfg = Debug|Any CPU
		{CC4520B9-E3F1-43FC-BAF3-51D62C4B9280}.Debug|Any CPU.Build.0 = Debug|Any CPU
		{CC4520B9-E3F1-43FC-BAF3-51D62C4B9280}.Debug|ARM.ActiveCfg = Debug|Any CPU
		{CC4520B9-E3F1-43FC-BAF3-51D62C4B9280}.Debug|ARM.Build.0 = Debug|Any CPU
		{CC4520B9-E3F1-43FC-BAF3-51D62C4B9280}.Debug|ARM64.ActiveCfg = Debug|Any CPU
		{CC4520B9-E3F1-43FC-BAF3-51D62C4B9280}.Debug|ARM64.Build.0 = Debug|Any CPU
		{CC4520B9-E3F1-43FC-BAF3-51D62C4B9280}.Debug|x64.ActiveCfg = Debug|Any CPU
		{CC4520B9-E3F1-43FC-BAF3-51D62C4B9280}.Debug|x64.Build.0 = Debug|Any CPU
		{CC4520B9-E3F1-43FC-BAF3-51D62C4B9280}.Debug|x86.ActiveCfg = Debug|Any CPU
		{CC4520B9-E3F1-43FC-BAF3-51D62C4B9280}.Debug|x86.Build.0 = Debug|Any CPU
		{CC4520B9-E3F1-43FC-BAF3-51D62C4B9280}.Release|Any CPU.ActiveCfg = Release|Any CPU
		{CC4520B9-E3F1-43FC-BAF3-51D62C4B9280}.Release|Any CPU.Build.0 = Release|Any CPU
		{CC4520B9-E3F1-43FC-BAF3-51D62C4B9280}.Release|ARM.ActiveCfg = Release|Any CPU
		{CC4520B9-E3F1-43FC-BAF3-51D62C4B9280}.Release|ARM.Build.0 = Release|Any CPU
		{CC4520B9-E3F1-43FC-BAF3-51D62C4B9280}.Release|ARM64.ActiveCfg = Release|Any CPU
		{CC4520B9-E3F1-43FC-BAF3-51D62C4B9280}.Release|ARM64.Build.0 = Release|Any CPU
		{CC4520B9-E3F1-43FC-BAF3-51D62C4B9280}.Release|x64.ActiveCfg = Release|Any CPU
		{CC4520B9-E3F1-43FC-BAF3-51D62C4B9280}.Release|x64.Build.0 = Release|Any CPU
		{CC4520B9-E3F1-43FC-BAF3-51D62C4B9280}.Release|x86.ActiveCfg = Release|Any CPU
		{CC4520B9-E3F1-43FC-BAF3-51D62C4B9280}.Release|x86.Build.0 = Release|Any CPU
		{06F5C78B-662E-4A53-B906-463BA91C9C34}.Debug|Any CPU.ActiveCfg = Debug|Any CPU
		{06F5C78B-662E-4A53-B906-463BA91C9C34}.Debug|Any CPU.Build.0 = Debug|Any CPU
		{06F5C78B-662E-4A53-B906-463BA91C9C34}.Debug|ARM.ActiveCfg = Debug|Any CPU
		{06F5C78B-662E-4A53-B906-463BA91C9C34}.Debug|ARM.Build.0 = Debug|Any CPU
		{06F5C78B-662E-4A53-B906-463BA91C9C34}.Debug|ARM64.ActiveCfg = Debug|Any CPU
		{06F5C78B-662E-4A53-B906-463BA91C9C34}.Debug|ARM64.Build.0 = Debug|Any CPU
		{06F5C78B-662E-4A53-B906-463BA91C9C34}.Debug|x64.ActiveCfg = Debug|Any CPU
		{06F5C78B-662E-4A53-B906-463BA91C9C34}.Debug|x64.Build.0 = Debug|Any CPU
		{06F5C78B-662E-4A53-B906-463BA91C9C34}.Debug|x86.ActiveCfg = Debug|Any CPU
		{06F5C78B-662E-4A53-B906-463BA91C9C34}.Debug|x86.Build.0 = Debug|Any CPU
		{06F5C78B-662E-4A53-B906-463BA91C9C34}.Release|Any CPU.ActiveCfg = Release|Any CPU
		{06F5C78B-662E-4A53-B906-463BA91C9C34}.Release|Any CPU.Build.0 = Release|Any CPU
		{06F5C78B-662E-4A53-B906-463BA91C9C34}.Release|ARM.ActiveCfg = Release|Any CPU
		{06F5C78B-662E-4A53-B906-463BA91C9C34}.Release|ARM.Build.0 = Release|Any CPU
		{06F5C78B-662E-4A53-B906-463BA91C9C34}.Release|ARM64.ActiveCfg = Release|Any CPU
		{06F5C78B-662E-4A53-B906-463BA91C9C34}.Release|ARM64.Build.0 = Release|Any CPU
		{06F5C78B-662E-4A53-B906-463BA91C9C34}.Release|x64.ActiveCfg = Release|Any CPU
		{06F5C78B-662E-4A53-B906-463BA91C9C34}.Release|x64.Build.0 = Release|Any CPU
		{06F5C78B-662E-4A53-B906-463BA91C9C34}.Release|x86.ActiveCfg = Release|Any CPU
		{06F5C78B-662E-4A53-B906-463BA91C9C34}.Release|x86.Build.0 = Release|Any CPU
		{7228C11F-E8EE-45B5-8EE4-75FC45097717}.Debug|Any CPU.ActiveCfg = Debug|Any CPU
		{7228C11F-E8EE-45B5-8EE4-75FC45097717}.Debug|Any CPU.Build.0 = Debug|Any CPU
		{7228C11F-E8EE-45B5-8EE4-75FC45097717}.Debug|ARM.ActiveCfg = Debug|Any CPU
		{7228C11F-E8EE-45B5-8EE4-75FC45097717}.Debug|ARM.Build.0 = Debug|Any CPU
		{7228C11F-E8EE-45B5-8EE4-75FC45097717}.Debug|ARM64.ActiveCfg = Debug|Any CPU
		{7228C11F-E8EE-45B5-8EE4-75FC45097717}.Debug|ARM64.Build.0 = Debug|Any CPU
		{7228C11F-E8EE-45B5-8EE4-75FC45097717}.Debug|x64.ActiveCfg = Debug|Any CPU
		{7228C11F-E8EE-45B5-8EE4-75FC45097717}.Debug|x64.Build.0 = Debug|Any CPU
		{7228C11F-E8EE-45B5-8EE4-75FC45097717}.Debug|x86.ActiveCfg = Debug|Any CPU
		{7228C11F-E8EE-45B5-8EE4-75FC45097717}.Debug|x86.Build.0 = Debug|Any CPU
		{7228C11F-E8EE-45B5-8EE4-75FC45097717}.Release|Any CPU.ActiveCfg = Release|Any CPU
		{7228C11F-E8EE-45B5-8EE4-75FC45097717}.Release|Any CPU.Build.0 = Release|Any CPU
		{7228C11F-E8EE-45B5-8EE4-75FC45097717}.Release|ARM.ActiveCfg = Release|Any CPU
		{7228C11F-E8EE-45B5-8EE4-75FC45097717}.Release|ARM.Build.0 = Release|Any CPU
		{7228C11F-E8EE-45B5-8EE4-75FC45097717}.Release|ARM64.ActiveCfg = Release|Any CPU
		{7228C11F-E8EE-45B5-8EE4-75FC45097717}.Release|ARM64.Build.0 = Release|Any CPU
		{7228C11F-E8EE-45B5-8EE4-75FC45097717}.Release|x64.ActiveCfg = Release|Any CPU
		{7228C11F-E8EE-45B5-8EE4-75FC45097717}.Release|x64.Build.0 = Release|Any CPU
		{7228C11F-E8EE-45B5-8EE4-75FC45097717}.Release|x86.ActiveCfg = Release|Any CPU
		{7228C11F-E8EE-45B5-8EE4-75FC45097717}.Release|x86.Build.0 = Release|Any CPU
		{A2815F67-3F72-4668-B6E5-53163792FC9C}.Debug|Any CPU.ActiveCfg = Debug|Any CPU
		{A2815F67-3F72-4668-B6E5-53163792FC9C}.Debug|Any CPU.Build.0 = Debug|Any CPU
		{A2815F67-3F72-4668-B6E5-53163792FC9C}.Debug|ARM.ActiveCfg = Debug|Any CPU
		{A2815F67-3F72-4668-B6E5-53163792FC9C}.Debug|ARM.Build.0 = Debug|Any CPU
		{A2815F67-3F72-4668-B6E5-53163792FC9C}.Debug|ARM64.ActiveCfg = Debug|Any CPU
		{A2815F67-3F72-4668-B6E5-53163792FC9C}.Debug|ARM64.Build.0 = Debug|Any CPU
		{A2815F67-3F72-4668-B6E5-53163792FC9C}.Debug|x64.ActiveCfg = Debug|Any CPU
		{A2815F67-3F72-4668-B6E5-53163792FC9C}.Debug|x64.Build.0 = Debug|Any CPU
		{A2815F67-3F72-4668-B6E5-53163792FC9C}.Debug|x86.ActiveCfg = Debug|Any CPU
		{A2815F67-3F72-4668-B6E5-53163792FC9C}.Debug|x86.Build.0 = Debug|Any CPU
		{A2815F67-3F72-4668-B6E5-53163792FC9C}.Release|Any CPU.ActiveCfg = Release|Any CPU
		{A2815F67-3F72-4668-B6E5-53163792FC9C}.Release|Any CPU.Build.0 = Release|Any CPU
		{A2815F67-3F72-4668-B6E5-53163792FC9C}.Release|ARM.ActiveCfg = Release|Any CPU
		{A2815F67-3F72-4668-B6E5-53163792FC9C}.Release|ARM.Build.0 = Release|Any CPU
		{A2815F67-3F72-4668-B6E5-53163792FC9C}.Release|ARM64.ActiveCfg = Release|Any CPU
		{A2815F67-3F72-4668-B6E5-53163792FC9C}.Release|ARM64.Build.0 = Release|Any CPU
		{A2815F67-3F72-4668-B6E5-53163792FC9C}.Release|x64.ActiveCfg = Release|Any CPU
		{A2815F67-3F72-4668-B6E5-53163792FC9C}.Release|x64.Build.0 = Release|Any CPU
		{A2815F67-3F72-4668-B6E5-53163792FC9C}.Release|x86.ActiveCfg = Release|Any CPU
		{A2815F67-3F72-4668-B6E5-53163792FC9C}.Release|x86.Build.0 = Release|Any CPU
		{5CCA539C-582A-4779-AF3C-B5866A727361}.Debug|Any CPU.ActiveCfg = Debug|Any CPU
		{5CCA539C-582A-4779-AF3C-B5866A727361}.Debug|Any CPU.Build.0 = Debug|Any CPU
		{5CCA539C-582A-4779-AF3C-B5866A727361}.Debug|ARM.ActiveCfg = Debug|Any CPU
		{5CCA539C-582A-4779-AF3C-B5866A727361}.Debug|ARM.Build.0 = Debug|Any CPU
		{5CCA539C-582A-4779-AF3C-B5866A727361}.Debug|ARM64.ActiveCfg = Debug|Any CPU
		{5CCA539C-582A-4779-AF3C-B5866A727361}.Debug|ARM64.Build.0 = Debug|Any CPU
		{5CCA539C-582A-4779-AF3C-B5866A727361}.Debug|x64.ActiveCfg = Debug|Any CPU
		{5CCA539C-582A-4779-AF3C-B5866A727361}.Debug|x64.Build.0 = Debug|Any CPU
		{5CCA539C-582A-4779-AF3C-B5866A727361}.Debug|x86.ActiveCfg = Debug|Any CPU
		{5CCA539C-582A-4779-AF3C-B5866A727361}.Debug|x86.Build.0 = Debug|Any CPU
		{5CCA539C-582A-4779-AF3C-B5866A727361}.Release|Any CPU.ActiveCfg = Release|Any CPU
		{5CCA539C-582A-4779-AF3C-B5866A727361}.Release|Any CPU.Build.0 = Release|Any CPU
		{5CCA539C-582A-4779-AF3C-B5866A727361}.Release|ARM.ActiveCfg = Release|Any CPU
		{5CCA539C-582A-4779-AF3C-B5866A727361}.Release|ARM.Build.0 = Release|Any CPU
		{5CCA539C-582A-4779-AF3C-B5866A727361}.Release|ARM64.ActiveCfg = Release|Any CPU
		{5CCA539C-582A-4779-AF3C-B5866A727361}.Release|ARM64.Build.0 = Release|Any CPU
		{5CCA539C-582A-4779-AF3C-B5866A727361}.Release|x64.ActiveCfg = Release|Any CPU
		{5CCA539C-582A-4779-AF3C-B5866A727361}.Release|x64.Build.0 = Release|Any CPU
		{5CCA539C-582A-4779-AF3C-B5866A727361}.Release|x86.ActiveCfg = Release|Any CPU
		{5CCA539C-582A-4779-AF3C-B5866A727361}.Release|x86.Build.0 = Release|Any CPU
		{931CE0A4-4340-4AEB-B9E8-74D4D51E0CE3}.Debug|Any CPU.ActiveCfg = Debug|Any CPU
		{931CE0A4-4340-4AEB-B9E8-74D4D51E0CE3}.Debug|Any CPU.Build.0 = Debug|Any CPU
		{931CE0A4-4340-4AEB-B9E8-74D4D51E0CE3}.Debug|ARM.ActiveCfg = Debug|Any CPU
		{931CE0A4-4340-4AEB-B9E8-74D4D51E0CE3}.Debug|ARM.Build.0 = Debug|Any CPU
		{931CE0A4-4340-4AEB-B9E8-74D4D51E0CE3}.Debug|ARM64.ActiveCfg = Debug|Any CPU
		{931CE0A4-4340-4AEB-B9E8-74D4D51E0CE3}.Debug|ARM64.Build.0 = Debug|Any CPU
		{931CE0A4-4340-4AEB-B9E8-74D4D51E0CE3}.Debug|x64.ActiveCfg = Debug|Any CPU
		{931CE0A4-4340-4AEB-B9E8-74D4D51E0CE3}.Debug|x64.Build.0 = Debug|Any CPU
		{931CE0A4-4340-4AEB-B9E8-74D4D51E0CE3}.Debug|x86.ActiveCfg = Debug|Any CPU
		{931CE0A4-4340-4AEB-B9E8-74D4D51E0CE3}.Debug|x86.Build.0 = Debug|Any CPU
		{931CE0A4-4340-4AEB-B9E8-74D4D51E0CE3}.Release|Any CPU.ActiveCfg = Release|Any CPU
		{931CE0A4-4340-4AEB-B9E8-74D4D51E0CE3}.Release|Any CPU.Build.0 = Release|Any CPU
		{931CE0A4-4340-4AEB-B9E8-74D4D51E0CE3}.Release|ARM.ActiveCfg = Release|Any CPU
		{931CE0A4-4340-4AEB-B9E8-74D4D51E0CE3}.Release|ARM.Build.0 = Release|Any CPU
		{931CE0A4-4340-4AEB-B9E8-74D4D51E0CE3}.Release|ARM64.ActiveCfg = Release|Any CPU
		{931CE0A4-4340-4AEB-B9E8-74D4D51E0CE3}.Release|ARM64.Build.0 = Release|Any CPU
		{931CE0A4-4340-4AEB-B9E8-74D4D51E0CE3}.Release|x64.ActiveCfg = Release|Any CPU
		{931CE0A4-4340-4AEB-B9E8-74D4D51E0CE3}.Release|x64.Build.0 = Release|Any CPU
		{931CE0A4-4340-4AEB-B9E8-74D4D51E0CE3}.Release|x86.ActiveCfg = Release|Any CPU
		{931CE0A4-4340-4AEB-B9E8-74D4D51E0CE3}.Release|x86.Build.0 = Release|Any CPU
		{39C295CB-1E2F-482E-9FF0-8BF650734CE6}.Debug|Any CPU.ActiveCfg = Debug|Any CPU
		{39C295CB-1E2F-482E-9FF0-8BF650734CE6}.Debug|Any CPU.Build.0 = Debug|Any CPU
		{39C295CB-1E2F-482E-9FF0-8BF650734CE6}.Debug|ARM.ActiveCfg = Debug|Any CPU
		{39C295CB-1E2F-482E-9FF0-8BF650734CE6}.Debug|ARM.Build.0 = Debug|Any CPU
		{39C295CB-1E2F-482E-9FF0-8BF650734CE6}.Debug|ARM64.ActiveCfg = Debug|Any CPU
		{39C295CB-1E2F-482E-9FF0-8BF650734CE6}.Debug|ARM64.Build.0 = Debug|Any CPU
		{39C295CB-1E2F-482E-9FF0-8BF650734CE6}.Debug|x64.ActiveCfg = Debug|Any CPU
		{39C295CB-1E2F-482E-9FF0-8BF650734CE6}.Debug|x64.Build.0 = Debug|Any CPU
		{39C295CB-1E2F-482E-9FF0-8BF650734CE6}.Debug|x86.ActiveCfg = Debug|Any CPU
		{39C295CB-1E2F-482E-9FF0-8BF650734CE6}.Debug|x86.Build.0 = Debug|Any CPU
		{39C295CB-1E2F-482E-9FF0-8BF650734CE6}.Release|Any CPU.ActiveCfg = Release|Any CPU
		{39C295CB-1E2F-482E-9FF0-8BF650734CE6}.Release|Any CPU.Build.0 = Release|Any CPU
		{39C295CB-1E2F-482E-9FF0-8BF650734CE6}.Release|ARM.ActiveCfg = Release|Any CPU
		{39C295CB-1E2F-482E-9FF0-8BF650734CE6}.Release|ARM.Build.0 = Release|Any CPU
		{39C295CB-1E2F-482E-9FF0-8BF650734CE6}.Release|ARM64.ActiveCfg = Release|Any CPU
		{39C295CB-1E2F-482E-9FF0-8BF650734CE6}.Release|ARM64.Build.0 = Release|Any CPU
		{39C295CB-1E2F-482E-9FF0-8BF650734CE6}.Release|x64.ActiveCfg = Release|Any CPU
		{39C295CB-1E2F-482E-9FF0-8BF650734CE6}.Release|x64.Build.0 = Release|Any CPU
		{39C295CB-1E2F-482E-9FF0-8BF650734CE6}.Release|x86.ActiveCfg = Release|Any CPU
		{39C295CB-1E2F-482E-9FF0-8BF650734CE6}.Release|x86.Build.0 = Release|Any CPU
	EndGlobalSection
	GlobalSection(SolutionProperties) = preSolution
		HideSolutionNode = FALSE
	EndGlobalSection
	GlobalSection(NestedProjects) = preSolution
		{2928B6B8-3EE4-4C7F-A13C-A95C8E7FADEB} = {CABCE7FA-EF5F-4462-989D-ED42552C2C55}
		{AA959F8E-991F-43D7-A91F-C81E68B890F1} = {16D7855C-D448-47F4-BA7C-48645A0F3107}
		{677AD0A3-16D9-4B0D-B780-7DA621153186} = {F86BB19F-A2C4-4E9E-8B19-1DF2787BBF1D}
		{B2F4777C-30B4-4EDF-A942-25072AD9157F} = {CABCE7FA-EF5F-4462-989D-ED42552C2C55}
		{CC4520B9-E3F1-43FC-BAF3-51D62C4B9280} = {B2F4777C-30B4-4EDF-A942-25072AD9157F}
		{D1B3245C-CA8B-4CCC-8B19-DCA9B1773E37} = {B2F4777C-30B4-4EDF-A942-25072AD9157F}
		{06F5C78B-662E-4A53-B906-463BA91C9C34} = {D1B3245C-CA8B-4CCC-8B19-DCA9B1773E37}
		{7228C11F-E8EE-45B5-8EE4-75FC45097717} = {D1B3245C-CA8B-4CCC-8B19-DCA9B1773E37}
		{A2815F67-3F72-4668-B6E5-53163792FC9C} = {D1B3245C-CA8B-4CCC-8B19-DCA9B1773E37}
		{931CE0A4-4340-4AEB-B9E8-74D4D51E0CE3} = {F86BB19F-A2C4-4E9E-8B19-1DF2787BBF1D}
		{39C295CB-1E2F-482E-9FF0-8BF650734CE6} = {F86BB19F-A2C4-4E9E-8B19-1DF2787BBF1D}
	EndGlobalSection
	GlobalSection(ExtensibilityGlobals) = postSolution
		SolutionGuid = {076295BD-A15E-44B2-A244-0C2DA2EBA4CD}
	EndGlobalSection
EndGlobal
