
Microsoft Visual Studio Solution File, Format Version 12.00
# Visual Studio 15
VisualStudioVersion = 15.0.28016.0
MinimumVisualStudioVersion = 10.0.40219.1
Project("{FAE04EC0-301F-11D3-BF4B-00C04F79EFBC}") = "FinanceApp.Android", "FinanceApp\FinanceApp.Android\FinanceApp.Android.csproj", "{24CE3C36-16B9-426D-AA0C-5961ECF8D88C}"
EndProject
Project("{FAE04EC0-301F-11D3-BF4B-00C04F79EFBC}") = "FinanceApp.iOS", "FinanceApp\FinanceApp.iOS\FinanceApp.iOS.csproj", "{06795B1D-0F8C-42B0-BB51-CB67800C69FC}"
EndProject
Project("{FAE04EC0-301F-11D3-BF4B-00C04F79EFBC}") = "FinanceApp.UWP", "FinanceApp\FinanceApp.UWP\FinanceApp.UWP.csproj", "{2D7F00F5-2ACE-4FA4-9708-C0F6FD7ABFC9}"
EndProject
Project("{FAE04EC0-301F-11D3-BF4B-00C04F79EFBC}") = "FinanceApp", "FinanceApp\FinanceApp\FinanceApp.csproj", "{F5AABC1E-62FF-4143-AC87-4751A3BFBA30}"
EndProject
Project("{151D2E53-A2C4-4D7D-83FE-D05416EBD58E}") = "FinanceRG", "FinanceRG\FinanceRG.deployproj", "{BA4A0C65-4BF3-4FE3-AA9F-675F7F32EA54}"
EndProject
Global
	GlobalSection(SolutionConfigurationPlatforms) = preSolution
		Debug|Any CPU = Debug|Any CPU
		Debug|ARM = Debug|ARM
		Debug|iPhone = Debug|iPhone
		Debug|iPhoneSimulator = Debug|iPhoneSimulator
		Debug|x64 = Debug|x64
		Debug|x86 = Debug|x86
		Release|Any CPU = Release|Any CPU
		Release|ARM = Release|ARM
		Release|iPhone = Release|iPhone
		Release|iPhoneSimulator = Release|iPhoneSimulator
		Release|x64 = Release|x64
		Release|x86 = Release|x86
	EndGlobalSection
	GlobalSection(ProjectConfigurationPlatforms) = postSolution
		{24CE3C36-16B9-426D-AA0C-5961ECF8D88C}.Debug|Any CPU.ActiveCfg = Debug|Any CPU
		{24CE3C36-16B9-426D-AA0C-5961ECF8D88C}.Debug|Any CPU.Build.0 = Debug|Any CPU
		{24CE3C36-16B9-426D-AA0C-5961ECF8D88C}.Debug|Any CPU.Deploy.0 = Debug|Any CPU
		{24CE3C36-16B9-426D-AA0C-5961ECF8D88C}.Debug|ARM.ActiveCfg = Debug|Any CPU
		{24CE3C36-16B9-426D-AA0C-5961ECF8D88C}.Debug|ARM.Build.0 = Debug|Any CPU
		{24CE3C36-16B9-426D-AA0C-5961ECF8D88C}.Debug|ARM.Deploy.0 = Debug|Any CPU
		{24CE3C36-16B9-426D-AA0C-5961ECF8D88C}.Debug|iPhone.ActiveCfg = Debug|Any CPU
		{24CE3C36-16B9-426D-AA0C-5961ECF8D88C}.Debug|iPhone.Build.0 = Debug|Any CPU
		{24CE3C36-16B9-426D-AA0C-5961ECF8D88C}.Debug|iPhone.Deploy.0 = Debug|Any CPU
		{24CE3C36-16B9-426D-AA0C-5961ECF8D88C}.Debug|iPhoneSimulator.ActiveCfg = Debug|Any CPU
		{24CE3C36-16B9-426D-AA0C-5961ECF8D88C}.Debug|iPhoneSimulator.Build.0 = Debug|Any CPU
		{24CE3C36-16B9-426D-AA0C-5961ECF8D88C}.Debug|iPhoneSimulator.Deploy.0 = Debug|Any CPU
		{24CE3C36-16B9-426D-AA0C-5961ECF8D88C}.Debug|x64.ActiveCfg = Debug|Any CPU
		{24CE3C36-16B9-426D-AA0C-5961ECF8D88C}.Debug|x64.Build.0 = Debug|Any CPU
		{24CE3C36-16B9-426D-AA0C-5961ECF8D88C}.Debug|x64.Deploy.0 = Debug|Any CPU
		{24CE3C36-16B9-426D-AA0C-5961ECF8D88C}.Debug|x86.ActiveCfg = Debug|Any CPU
		{24CE3C36-16B9-426D-AA0C-5961ECF8D88C}.Debug|x86.Build.0 = Debug|Any CPU
		{24CE3C36-16B9-426D-AA0C-5961ECF8D88C}.Debug|x86.Deploy.0 = Debug|Any CPU
		{24CE3C36-16B9-426D-AA0C-5961ECF8D88C}.Release|Any CPU.ActiveCfg = Release|Any CPU
		{24CE3C36-16B9-426D-AA0C-5961ECF8D88C}.Release|Any CPU.Build.0 = Release|Any CPU
		{24CE3C36-16B9-426D-AA0C-5961ECF8D88C}.Release|Any CPU.Deploy.0 = Release|Any CPU
		{24CE3C36-16B9-426D-AA0C-5961ECF8D88C}.Release|ARM.ActiveCfg = Release|Any CPU
		{24CE3C36-16B9-426D-AA0C-5961ECF8D88C}.Release|ARM.Build.0 = Release|Any CPU
		{24CE3C36-16B9-426D-AA0C-5961ECF8D88C}.Release|ARM.Deploy.0 = Release|Any CPU
		{24CE3C36-16B9-426D-AA0C-5961ECF8D88C}.Release|iPhone.ActiveCfg = Release|Any CPU
		{24CE3C36-16B9-426D-AA0C-5961ECF8D88C}.Release|iPhone.Build.0 = Release|Any CPU
		{24CE3C36-16B9-426D-AA0C-5961ECF8D88C}.Release|iPhone.Deploy.0 = Release|Any CPU
		{24CE3C36-16B9-426D-AA0C-5961ECF8D88C}.Release|iPhoneSimulator.ActiveCfg = Release|Any CPU
		{24CE3C36-16B9-426D-AA0C-5961ECF8D88C}.Release|iPhoneSimulator.Build.0 = Release|Any CPU
		{24CE3C36-16B9-426D-AA0C-5961ECF8D88C}.Release|iPhoneSimulator.Deploy.0 = Release|Any CPU
		{24CE3C36-16B9-426D-AA0C-5961ECF8D88C}.Release|x64.ActiveCfg = Release|Any CPU
		{24CE3C36-16B9-426D-AA0C-5961ECF8D88C}.Release|x64.Build.0 = Release|Any CPU
		{24CE3C36-16B9-426D-AA0C-5961ECF8D88C}.Release|x64.Deploy.0 = Release|Any CPU
		{24CE3C36-16B9-426D-AA0C-5961ECF8D88C}.Release|x86.ActiveCfg = Release|Any CPU
		{24CE3C36-16B9-426D-AA0C-5961ECF8D88C}.Release|x86.Build.0 = Release|Any CPU
		{24CE3C36-16B9-426D-AA0C-5961ECF8D88C}.Release|x86.Deploy.0 = Release|Any CPU
		{06795B1D-0F8C-42B0-BB51-CB67800C69FC}.Debug|Any CPU.ActiveCfg = Debug|iPhoneSimulator
		{06795B1D-0F8C-42B0-BB51-CB67800C69FC}.Debug|Any CPU.Build.0 = Debug|iPhoneSimulator
		{06795B1D-0F8C-42B0-BB51-CB67800C69FC}.Debug|Any CPU.Deploy.0 = Debug|iPhoneSimulator
		{06795B1D-0F8C-42B0-BB51-CB67800C69FC}.Debug|ARM.ActiveCfg = Debug|iPhone
		{06795B1D-0F8C-42B0-BB51-CB67800C69FC}.Debug|ARM.Build.0 = Debug|iPhone
		{06795B1D-0F8C-42B0-BB51-CB67800C69FC}.Debug|ARM.Deploy.0 = Debug|iPhone
		{06795B1D-0F8C-42B0-BB51-CB67800C69FC}.Debug|iPhone.ActiveCfg = Debug|iPhone
		{06795B1D-0F8C-42B0-BB51-CB67800C69FC}.Debug|iPhone.Build.0 = Debug|iPhone
		{06795B1D-0F8C-42B0-BB51-CB67800C69FC}.Debug|iPhone.Deploy.0 = Debug|iPhone
		{06795B1D-0F8C-42B0-BB51-CB67800C69FC}.Debug|iPhoneSimulator.ActiveCfg = Debug|iPhoneSimulator
		{06795B1D-0F8C-42B0-BB51-CB67800C69FC}.Debug|iPhoneSimulator.Build.0 = Debug|iPhoneSimulator
		{06795B1D-0F8C-42B0-BB51-CB67800C69FC}.Debug|iPhoneSimulator.Deploy.0 = Debug|iPhoneSimulator
		{06795B1D-0F8C-42B0-BB51-CB67800C69FC}.Debug|x64.ActiveCfg = Debug|iPhone
		{06795B1D-0F8C-42B0-BB51-CB67800C69FC}.Debug|x64.Build.0 = Debug|iPhone
		{06795B1D-0F8C-42B0-BB51-CB67800C69FC}.Debug|x64.Deploy.0 = Debug|iPhone
		{06795B1D-0F8C-42B0-BB51-CB67800C69FC}.Debug|x86.ActiveCfg = Debug|iPhone
		{06795B1D-0F8C-42B0-BB51-CB67800C69FC}.Debug|x86.Build.0 = Debug|iPhone
		{06795B1D-0F8C-42B0-BB51-CB67800C69FC}.Debug|x86.Deploy.0 = Debug|iPhone
		{06795B1D-0F8C-42B0-BB51-CB67800C69FC}.Release|Any CPU.ActiveCfg = Release|iPhone
		{06795B1D-0F8C-42B0-BB51-CB67800C69FC}.Release|Any CPU.Build.0 = Release|iPhone
		{06795B1D-0F8C-42B0-BB51-CB67800C69FC}.Release|Any CPU.Deploy.0 = Release|iPhone
		{06795B1D-0F8C-42B0-BB51-CB67800C69FC}.Release|ARM.ActiveCfg = Release|iPhone
		{06795B1D-0F8C-42B0-BB51-CB67800C69FC}.Release|ARM.Build.0 = Release|iPhone
		{06795B1D-0F8C-42B0-BB51-CB67800C69FC}.Release|ARM.Deploy.0 = Release|iPhone
		{06795B1D-0F8C-42B0-BB51-CB67800C69FC}.Release|iPhone.ActiveCfg = Release|iPhone
		{06795B1D-0F8C-42B0-BB51-CB67800C69FC}.Release|iPhone.Build.0 = Release|iPhone
		{06795B1D-0F8C-42B0-BB51-CB67800C69FC}.Release|iPhone.Deploy.0 = Release|iPhone
		{06795B1D-0F8C-42B0-BB51-CB67800C69FC}.Release|iPhoneSimulator.ActiveCfg = Release|iPhoneSimulator
		{06795B1D-0F8C-42B0-BB51-CB67800C69FC}.Release|iPhoneSimulator.Build.0 = Release|iPhoneSimulator
		{06795B1D-0F8C-42B0-BB51-CB67800C69FC}.Release|iPhoneSimulator.Deploy.0 = Release|iPhoneSimulator
		{06795B1D-0F8C-42B0-BB51-CB67800C69FC}.Release|x64.ActiveCfg = Release|iPhone
		{06795B1D-0F8C-42B0-BB51-CB67800C69FC}.Release|x64.Build.0 = Release|iPhone
		{06795B1D-0F8C-42B0-BB51-CB67800C69FC}.Release|x64.Deploy.0 = Release|iPhone
		{06795B1D-0F8C-42B0-BB51-CB67800C69FC}.Release|x86.ActiveCfg = Release|iPhone
		{06795B1D-0F8C-42B0-BB51-CB67800C69FC}.Release|x86.Build.0 = Release|iPhone
		{06795B1D-0F8C-42B0-BB51-CB67800C69FC}.Release|x86.Deploy.0 = Release|iPhone
		{2D7F00F5-2ACE-4FA4-9708-C0F6FD7ABFC9}.Debug|Any CPU.ActiveCfg = Debug|x86
		{2D7F00F5-2ACE-4FA4-9708-C0F6FD7ABFC9}.Debug|Any CPU.Build.0 = Debug|x86
		{2D7F00F5-2ACE-4FA4-9708-C0F6FD7ABFC9}.Debug|Any CPU.Deploy.0 = Debug|x86
		{2D7F00F5-2ACE-4FA4-9708-C0F6FD7ABFC9}.Debug|ARM.ActiveCfg = Debug|ARM
		{2D7F00F5-2ACE-4FA4-9708-C0F6FD7ABFC9}.Debug|ARM.Build.0 = Debug|ARM
		{2D7F00F5-2ACE-4FA4-9708-C0F6FD7ABFC9}.Debug|ARM.Deploy.0 = Debug|ARM
		{2D7F00F5-2ACE-4FA4-9708-C0F6FD7ABFC9}.Debug|iPhone.ActiveCfg = Debug|x86
		{2D7F00F5-2ACE-4FA4-9708-C0F6FD7ABFC9}.Debug|iPhone.Build.0 = Debug|x86
		{2D7F00F5-2ACE-4FA4-9708-C0F6FD7ABFC9}.Debug|iPhone.Deploy.0 = Debug|x86
		{2D7F00F5-2ACE-4FA4-9708-C0F6FD7ABFC9}.Debug|iPhoneSimulator.ActiveCfg = Debug|x86
		{2D7F00F5-2ACE-4FA4-9708-C0F6FD7ABFC9}.Debug|iPhoneSimulator.Build.0 = Debug|x86
		{2D7F00F5-2ACE-4FA4-9708-C0F6FD7ABFC9}.Debug|iPhoneSimulator.Deploy.0 = Debug|x86
		{2D7F00F5-2ACE-4FA4-9708-C0F6FD7ABFC9}.Debug|x64.ActiveCfg = Debug|x64
		{2D7F00F5-2ACE-4FA4-9708-C0F6FD7ABFC9}.Debug|x64.Build.0 = Debug|x64
		{2D7F00F5-2ACE-4FA4-9708-C0F6FD7ABFC9}.Debug|x64.Deploy.0 = Debug|x64
		{2D7F00F5-2ACE-4FA4-9708-C0F6FD7ABFC9}.Debug|x86.ActiveCfg = Debug|x86
		{2D7F00F5-2ACE-4FA4-9708-C0F6FD7ABFC9}.Debug|x86.Build.0 = Debug|x86
		{2D7F00F5-2ACE-4FA4-9708-C0F6FD7ABFC9}.Debug|x86.Deploy.0 = Debug|x86
		{2D7F00F5-2ACE-4FA4-9708-C0F6FD7ABFC9}.Release|Any CPU.ActiveCfg = Release|x86
		{2D7F00F5-2ACE-4FA4-9708-C0F6FD7ABFC9}.Release|Any CPU.Build.0 = Release|x86
		{2D7F00F5-2ACE-4FA4-9708-C0F6FD7ABFC9}.Release|Any CPU.Deploy.0 = Release|x86
		{2D7F00F5-2ACE-4FA4-9708-C0F6FD7ABFC9}.Release|ARM.ActiveCfg = Release|ARM
		{2D7F00F5-2ACE-4FA4-9708-C0F6FD7ABFC9}.Release|ARM.Build.0 = Release|ARM
		{2D7F00F5-2ACE-4FA4-9708-C0F6FD7ABFC9}.Release|ARM.Deploy.0 = Release|ARM
		{2D7F00F5-2ACE-4FA4-9708-C0F6FD7ABFC9}.Release|iPhone.ActiveCfg = Release|x86
		{2D7F00F5-2ACE-4FA4-9708-C0F6FD7ABFC9}.Release|iPhone.Build.0 = Release|x86
		{2D7F00F5-2ACE-4FA4-9708-C0F6FD7ABFC9}.Release|iPhone.Deploy.0 = Release|x86
		{2D7F00F5-2ACE-4FA4-9708-C0F6FD7ABFC9}.Release|iPhoneSimulator.ActiveCfg = Release|x86
		{2D7F00F5-2ACE-4FA4-9708-C0F6FD7ABFC9}.Release|iPhoneSimulator.Build.0 = Release|x86
		{2D7F00F5-2ACE-4FA4-9708-C0F6FD7ABFC9}.Release|iPhoneSimulator.Deploy.0 = Release|x86
		{2D7F00F5-2ACE-4FA4-9708-C0F6FD7ABFC9}.Release|x64.ActiveCfg = Release|x64
		{2D7F00F5-2ACE-4FA4-9708-C0F6FD7ABFC9}.Release|x64.Build.0 = Release|x64
		{2D7F00F5-2ACE-4FA4-9708-C0F6FD7ABFC9}.Release|x64.Deploy.0 = Release|x64
		{2D7F00F5-2ACE-4FA4-9708-C0F6FD7ABFC9}.Release|x86.ActiveCfg = Release|x86
		{2D7F00F5-2ACE-4FA4-9708-C0F6FD7ABFC9}.Release|x86.Build.0 = Release|x86
		{2D7F00F5-2ACE-4FA4-9708-C0F6FD7ABFC9}.Release|x86.Deploy.0 = Release|x86
		{F5AABC1E-62FF-4143-AC87-4751A3BFBA30}.Debug|Any CPU.ActiveCfg = Debug|Any CPU
		{F5AABC1E-62FF-4143-AC87-4751A3BFBA30}.Debug|Any CPU.Build.0 = Debug|Any CPU
		{F5AABC1E-62FF-4143-AC87-4751A3BFBA30}.Debug|Any CPU.Deploy.0 = Debug|Any CPU
		{F5AABC1E-62FF-4143-AC87-4751A3BFBA30}.Debug|ARM.ActiveCfg = Debug|Any CPU
		{F5AABC1E-62FF-4143-AC87-4751A3BFBA30}.Debug|ARM.Build.0 = Debug|Any CPU
		{F5AABC1E-62FF-4143-AC87-4751A3BFBA30}.Debug|ARM.Deploy.0 = Debug|Any CPU
		{F5AABC1E-62FF-4143-AC87-4751A3BFBA30}.Debug|iPhone.ActiveCfg = Debug|Any CPU
		{F5AABC1E-62FF-4143-AC87-4751A3BFBA30}.Debug|iPhone.Build.0 = Debug|Any CPU
		{F5AABC1E-62FF-4143-AC87-4751A3BFBA30}.Debug|iPhone.Deploy.0 = Debug|Any CPU
		{F5AABC1E-62FF-4143-AC87-4751A3BFBA30}.Debug|iPhoneSimulator.ActiveCfg = Debug|Any CPU
		{F5AABC1E-62FF-4143-AC87-4751A3BFBA30}.Debug|iPhoneSimulator.Build.0 = Debug|Any CPU
		{F5AABC1E-62FF-4143-AC87-4751A3BFBA30}.Debug|iPhoneSimulator.Deploy.0 = Debug|Any CPU
		{F5AABC1E-62FF-4143-AC87-4751A3BFBA30}.Debug|x64.ActiveCfg = Debug|Any CPU
		{F5AABC1E-62FF-4143-AC87-4751A3BFBA30}.Debug|x64.Build.0 = Debug|Any CPU
		{F5AABC1E-62FF-4143-AC87-4751A3BFBA30}.Debug|x64.Deploy.0 = Debug|Any CPU
		{F5AABC1E-62FF-4143-AC87-4751A3BFBA30}.Debug|x86.ActiveCfg = Debug|Any CPU
		{F5AABC1E-62FF-4143-AC87-4751A3BFBA30}.Debug|x86.Build.0 = Debug|Any CPU
		{F5AABC1E-62FF-4143-AC87-4751A3BFBA30}.Debug|x86.Deploy.0 = Debug|Any CPU
		{F5AABC1E-62FF-4143-AC87-4751A3BFBA30}.Release|Any CPU.ActiveCfg = Release|Any CPU
		{F5AABC1E-62FF-4143-AC87-4751A3BFBA30}.Release|Any CPU.Build.0 = Release|Any CPU
		{F5AABC1E-62FF-4143-AC87-4751A3BFBA30}.Release|Any CPU.Deploy.0 = Release|Any CPU
		{F5AABC1E-62FF-4143-AC87-4751A3BFBA30}.Release|ARM.ActiveCfg = Release|Any CPU
		{F5AABC1E-62FF-4143-AC87-4751A3BFBA30}.Release|ARM.Build.0 = Release|Any CPU
		{F5AABC1E-62FF-4143-AC87-4751A3BFBA30}.Release|ARM.Deploy.0 = Release|Any CPU
		{F5AABC1E-62FF-4143-AC87-4751A3BFBA30}.Release|iPhone.ActiveCfg = Release|Any CPU
		{F5AABC1E-62FF-4143-AC87-4751A3BFBA30}.Release|iPhone.Build.0 = Release|Any CPU
		{F5AABC1E-62FF-4143-AC87-4751A3BFBA30}.Release|iPhone.Deploy.0 = Release|Any CPU
		{F5AABC1E-62FF-4143-AC87-4751A3BFBA30}.Release|iPhoneSimulator.ActiveCfg = Release|Any CPU
		{F5AABC1E-62FF-4143-AC87-4751A3BFBA30}.Release|iPhoneSimulator.Build.0 = Release|Any CPU
		{F5AABC1E-62FF-4143-AC87-4751A3BFBA30}.Release|iPhoneSimulator.Deploy.0 = Release|Any CPU
		{F5AABC1E-62FF-4143-AC87-4751A3BFBA30}.Release|x64.ActiveCfg = Release|Any CPU
		{F5AABC1E-62FF-4143-AC87-4751A3BFBA30}.Release|x64.Build.0 = Release|Any CPU
		{F5AABC1E-62FF-4143-AC87-4751A3BFBA30}.Release|x64.Deploy.0 = Release|Any CPU
		{F5AABC1E-62FF-4143-AC87-4751A3BFBA30}.Release|x86.ActiveCfg = Release|Any CPU
		{F5AABC1E-62FF-4143-AC87-4751A3BFBA30}.Release|x86.Build.0 = Release|Any CPU
		{F5AABC1E-62FF-4143-AC87-4751A3BFBA30}.Release|x86.Deploy.0 = Release|Any CPU
		{BA4A0C65-4BF3-4FE3-AA9F-675F7F32EA54}.Debug|Any CPU.ActiveCfg = Debug|Any CPU
		{BA4A0C65-4BF3-4FE3-AA9F-675F7F32EA54}.Debug|Any CPU.Build.0 = Debug|Any CPU
		{BA4A0C65-4BF3-4FE3-AA9F-675F7F32EA54}.Debug|ARM.ActiveCfg = Debug|Any CPU
		{BA4A0C65-4BF3-4FE3-AA9F-675F7F32EA54}.Debug|ARM.Build.0 = Debug|Any CPU
		{BA4A0C65-4BF3-4FE3-AA9F-675F7F32EA54}.Debug|iPhone.ActiveCfg = Debug|Any CPU
		{BA4A0C65-4BF3-4FE3-AA9F-675F7F32EA54}.Debug|iPhone.Build.0 = Debug|Any CPU
		{BA4A0C65-4BF3-4FE3-AA9F-675F7F32EA54}.Debug|iPhoneSimulator.ActiveCfg = Debug|Any CPU
		{BA4A0C65-4BF3-4FE3-AA9F-675F7F32EA54}.Debug|iPhoneSimulator.Build.0 = Debug|Any CPU
		{BA4A0C65-4BF3-4FE3-AA9F-675F7F32EA54}.Debug|x64.ActiveCfg = Debug|Any CPU
		{BA4A0C65-4BF3-4FE3-AA9F-675F7F32EA54}.Debug|x64.Build.0 = Debug|Any CPU
		{BA4A0C65-4BF3-4FE3-AA9F-675F7F32EA54}.Debug|x86.ActiveCfg = Debug|Any CPU
		{BA4A0C65-4BF3-4FE3-AA9F-675F7F32EA54}.Debug|x86.Build.0 = Debug|Any CPU
		{BA4A0C65-4BF3-4FE3-AA9F-675F7F32EA54}.Release|Any CPU.ActiveCfg = Release|Any CPU
		{BA4A0C65-4BF3-4FE3-AA9F-675F7F32EA54}.Release|Any CPU.Build.0 = Release|Any CPU
		{BA4A0C65-4BF3-4FE3-AA9F-675F7F32EA54}.Release|ARM.ActiveCfg = Release|Any CPU
		{BA4A0C65-4BF3-4FE3-AA9F-675F7F32EA54}.Release|ARM.Build.0 = Release|Any CPU
		{BA4A0C65-4BF3-4FE3-AA9F-675F7F32EA54}.Release|iPhone.ActiveCfg = Release|Any CPU
		{BA4A0C65-4BF3-4FE3-AA9F-675F7F32EA54}.Release|iPhone.Build.0 = Release|Any CPU
		{BA4A0C65-4BF3-4FE3-AA9F-675F7F32EA54}.Release|iPhoneSimulator.ActiveCfg = Release|Any CPU
		{BA4A0C65-4BF3-4FE3-AA9F-675F7F32EA54}.Release|iPhoneSimulator.Build.0 = Release|Any CPU
		{BA4A0C65-4BF3-4FE3-AA9F-675F7F32EA54}.Release|x64.ActiveCfg = Release|Any CPU
		{BA4A0C65-4BF3-4FE3-AA9F-675F7F32EA54}.Release|x64.Build.0 = Release|Any CPU
		{BA4A0C65-4BF3-4FE3-AA9F-675F7F32EA54}.Release|x86.ActiveCfg = Release|Any CPU
		{BA4A0C65-4BF3-4FE3-AA9F-675F7F32EA54}.Release|x86.Build.0 = Release|Any CPU
	EndGlobalSection
	GlobalSection(SolutionProperties) = preSolution
		HideSolutionNode = FALSE
	EndGlobalSection
	GlobalSection(ExtensibilityGlobals) = postSolution
		SolutionGuid = {7BF4E375-25F2-49FD-AD60-C08AC66E168A}
	EndGlobalSection
EndGlobal
