
Microsoft Visual Studio Solution File, Format Version 12.00
# Visual Studio Version 16
VisualStudioVersion = 16.0.28711.60
MinimumVisualStudioVersion = 10.0.40219.1
Project("{FAE04EC0-301F-11D3-BF4B-00C04F79EFBC}") = "StreamKontrolUnit", "StreamKontrolUnit\StreamKontrolUnit.csproj", "{E1E095AE-B0AA-48BF-BF97-CD51D5028A7A}"
EndProject
Project("{2150E333-8FDC-42A3-9474-1A3956D46DE8}") = "Libs", "Libs", "{272FE184-E1EE-4A2F-ABAC-0911E62B065E}"
EndProject
Project("{9A19103F-16F7-4668-BE54-9A1E7A4F7556}") = "StreamKernelUnit", "StreamKernelUnit\StreamKernelUnit.csproj", "{DD9316E9-809E-40A4-A9D5-77C3D6BD0DA2}"
EndProject
Project("{2150E333-8FDC-42A3-9474-1A3956D46DE8}") = "Functions", "Functions", "{A5C1408D-B105-4241-AC42-26CC51BDAAEC}"
EndProject
Project("{2150E333-8FDC-42A3-9474-1A3956D46DE8}") = "FrontEnd", "FrontEnd", "{C988B4E4-D877-4E29-AC5D-5F8A688D767F}"
EndProject
Project("{2150E333-8FDC-42A3-9474-1A3956D46DE8}") = "BackEnd", "BackEnd", "{03CB0A89-6FAE-4729-910B-59EBF4D6E433}"
EndProject
Project("{9A19103F-16F7-4668-BE54-9A1E7A4F7556}") = "GitHubFunctions", "GitHubFunctions\GitHubFunctions.csproj", "{8949C839-9F3C-4DEA-AC4A-E1E205035AE9}"
EndProject
Project("{9A19103F-16F7-4668-BE54-9A1E7A4F7556}") = "StreamControlUnit.WebDash", "StreamControlUnit.WebDash\StreamControlUnit.WebDash.csproj", "{B03CF22A-7D01-4843-9ECF-B5977FD7ACDC}"
EndProject
Project("{9A19103F-16F7-4668-BE54-9A1E7A4F7556}") = "StreamKontrolUutinen", "StreamKontrolUutinen\StreamKontrolUutinen.csproj", "{FD863239-0F62-4EEC-82D2-DE3E80FD1497}"
EndProject
Project("{9A19103F-16F7-4668-BE54-9A1E7A4F7556}") = "StreamKontrolUnit.BackEnd", "StreamKontrolUnit.BackEnd\StreamKontrolUnit.BackEnd.csproj", "{33F779BA-CC70-4EF2-8610-BA5942409D51}"
EndProject
Project("{9A19103F-16F7-4668-BE54-9A1E7A4F7556}") = "StreamKontrolUnit.Shared", "StreamKontrolUnit.Shared\StreamKontrolUnit.Shared.csproj", "{2061A438-4D87-4A31-B8EF-3F8CE7D848FB}"
EndProject
Project("{FAE04EC0-301F-11D3-BF4B-00C04F79EFBC}") = "StreamKontolUnitX.Android", "StreamKontolUnitX\StreamKontolUnitX.Android\StreamKontolUnitX.Android.csproj", "{3AC8C42D-06C7-4C8A-9CE1-EF5A45564A7A}"
EndProject
Project("{FAE04EC0-301F-11D3-BF4B-00C04F79EFBC}") = "StreamKontolUnitX.iOS", "StreamKontolUnitX\StreamKontolUnitX.iOS\StreamKontolUnitX.iOS.csproj", "{76C64015-ED70-459F-8005-30240D3AC70C}"
EndProject
Project("{9A19103F-16F7-4668-BE54-9A1E7A4F7556}") = "StreamKontolUnitX", "StreamKontolUnitX\StreamKontolUnitX\StreamKontolUnitX.csproj", "{A409FFB5-06DE-473A-9307-F067BF56BB16}"
EndProject
Project("{151D2E53-A2C4-4D7D-83FE-D05416EBD58E}") = "StreamKontrolUnit-RG", "StreamKontrolUnit-RG\StreamKontrolUnit-RG.deployproj", "{7E3B3D2E-DC80-4EA5-B3BD-7453ADEC4C34}"
EndProject
Project("{9A19103F-16F7-4668-BE54-9A1E7A4F7556}") = "SKU.Stream.OBS", "..\SKUStream\SKU.Stream.OBS\SKU.Stream.OBS.csproj", "{548B035B-2072-4937-81E8-8BB3A79FE4F7}"
EndProject
Project("{9A19103F-16F7-4668-BE54-9A1E7A4F7556}") = "SKU.Stream.Services", "..\SKUStream\SKU.Stream.Services\SKU.Stream.Services.csproj", "{958472E2-8120-4D16-B8A5-E66289FEAA67}"
EndProject
Project("{9A19103F-16F7-4668-BE54-9A1E7A4F7556}") = "SKU.Stream.Twitch", "..\SKUStream\SKU.Stream.Twitch\SKU.Stream.Twitch.csproj", "{FB4B5D3E-CDD7-45F6-A0A0-CCC736331932}"
EndProject
Global
	GlobalSection(SolutionConfigurationPlatforms) = preSolution
		Ad-Hoc|Any CPU = Ad-Hoc|Any CPU
		Ad-Hoc|ARM = Ad-Hoc|ARM
		Ad-Hoc|iPhone = Ad-Hoc|iPhone
		Ad-Hoc|iPhoneSimulator = Ad-Hoc|iPhoneSimulator
		Ad-Hoc|x64 = Ad-Hoc|x64
		Ad-Hoc|x86 = Ad-Hoc|x86
		AppStore|Any CPU = AppStore|Any CPU
		AppStore|ARM = AppStore|ARM
		AppStore|iPhone = AppStore|iPhone
		AppStore|iPhoneSimulator = AppStore|iPhoneSimulator
		AppStore|x64 = AppStore|x64
		AppStore|x86 = AppStore|x86
		Debug|Any CPU = Debug|Any CPU
		Debug|ARM = Debug|ARM
		Debug|iPhone = Debug|iPhone
		Debug|iPhoneSimulator = Debug|iPhoneSimulator
		Debug|x64 = Debug|x64
		Debug|x86 = Debug|x86
		Release|Any CPU = Release|Any CPU
		Release|ARM = Release|ARM
		Release|iPhone = Release|iPhone
		Release|iPhoneSimulator = Release|iPhoneSimulator
		Release|x64 = Release|x64
		Release|x86 = Release|x86
	EndGlobalSection
	GlobalSection(ProjectConfigurationPlatforms) = postSolution
		{E1E095AE-B0AA-48BF-BF97-CD51D5028A7A}.Ad-Hoc|Any CPU.ActiveCfg = Release|Any CPU
		{E1E095AE-B0AA-48BF-BF97-CD51D5028A7A}.Ad-Hoc|Any CPU.Build.0 = Release|Any CPU
		{E1E095AE-B0AA-48BF-BF97-CD51D5028A7A}.Ad-Hoc|Any CPU.Deploy.0 = Release|Any CPU
		{E1E095AE-B0AA-48BF-BF97-CD51D5028A7A}.Ad-Hoc|ARM.ActiveCfg = Release|ARM
		{E1E095AE-B0AA-48BF-BF97-CD51D5028A7A}.Ad-Hoc|ARM.Build.0 = Release|ARM
		{E1E095AE-B0AA-48BF-BF97-CD51D5028A7A}.Ad-Hoc|ARM.Deploy.0 = Release|ARM
		{E1E095AE-B0AA-48BF-BF97-CD51D5028A7A}.Ad-Hoc|iPhone.ActiveCfg = Release|Any CPU
		{E1E095AE-B0AA-48BF-BF97-CD51D5028A7A}.Ad-Hoc|iPhone.Build.0 = Release|Any CPU
		{E1E095AE-B0AA-48BF-BF97-CD51D5028A7A}.Ad-Hoc|iPhone.Deploy.0 = Release|Any CPU
		{E1E095AE-B0AA-48BF-BF97-CD51D5028A7A}.Ad-Hoc|iPhoneSimulator.ActiveCfg = Release|Any CPU
		{E1E095AE-B0AA-48BF-BF97-CD51D5028A7A}.Ad-Hoc|iPhoneSimulator.Build.0 = Release|Any CPU
		{E1E095AE-B0AA-48BF-BF97-CD51D5028A7A}.Ad-Hoc|iPhoneSimulator.Deploy.0 = Release|Any CPU
		{E1E095AE-B0AA-48BF-BF97-CD51D5028A7A}.Ad-Hoc|x64.ActiveCfg = Release|x64
		{E1E095AE-B0AA-48BF-BF97-CD51D5028A7A}.Ad-Hoc|x64.Build.0 = Release|x64
		{E1E095AE-B0AA-48BF-BF97-CD51D5028A7A}.Ad-Hoc|x64.Deploy.0 = Release|x64
		{E1E095AE-B0AA-48BF-BF97-CD51D5028A7A}.Ad-Hoc|x86.ActiveCfg = Release|x86
		{E1E095AE-B0AA-48BF-BF97-CD51D5028A7A}.Ad-Hoc|x86.Build.0 = Release|x86
		{E1E095AE-B0AA-48BF-BF97-CD51D5028A7A}.Ad-Hoc|x86.Deploy.0 = Release|x86
		{E1E095AE-B0AA-48BF-BF97-CD51D5028A7A}.AppStore|Any CPU.ActiveCfg = Release|Any CPU
		{E1E095AE-B0AA-48BF-BF97-CD51D5028A7A}.AppStore|Any CPU.Build.0 = Release|Any CPU
		{E1E095AE-B0AA-48BF-BF97-CD51D5028A7A}.AppStore|Any CPU.Deploy.0 = Release|Any CPU
		{E1E095AE-B0AA-48BF-BF97-CD51D5028A7A}.AppStore|ARM.ActiveCfg = Release|ARM
		{E1E095AE-B0AA-48BF-BF97-CD51D5028A7A}.AppStore|ARM.Build.0 = Release|ARM
		{E1E095AE-B0AA-48BF-BF97-CD51D5028A7A}.AppStore|ARM.Deploy.0 = Release|ARM
		{E1E095AE-B0AA-48BF-BF97-CD51D5028A7A}.AppStore|iPhone.ActiveCfg = Release|Any CPU
		{E1E095AE-B0AA-48BF-BF97-CD51D5028A7A}.AppStore|iPhone.Build.0 = Release|Any CPU
		{E1E095AE-B0AA-48BF-BF97-CD51D5028A7A}.AppStore|iPhone.Deploy.0 = Release|Any CPU
		{E1E095AE-B0AA-48BF-BF97-CD51D5028A7A}.AppStore|iPhoneSimulator.ActiveCfg = Release|Any CPU
		{E1E095AE-B0AA-48BF-BF97-CD51D5028A7A}.AppStore|iPhoneSimulator.Build.0 = Release|Any CPU
		{E1E095AE-B0AA-48BF-BF97-CD51D5028A7A}.AppStore|iPhoneSimulator.Deploy.0 = Release|Any CPU
		{E1E095AE-B0AA-48BF-BF97-CD51D5028A7A}.AppStore|x64.ActiveCfg = Release|x64
		{E1E095AE-B0AA-48BF-BF97-CD51D5028A7A}.AppStore|x64.Build.0 = Release|x64
		{E1E095AE-B0AA-48BF-BF97-CD51D5028A7A}.AppStore|x64.Deploy.0 = Release|x64
		{E1E095AE-B0AA-48BF-BF97-CD51D5028A7A}.AppStore|x86.ActiveCfg = Release|x86
		{E1E095AE-B0AA-48BF-BF97-CD51D5028A7A}.AppStore|x86.Build.0 = Release|x86
		{E1E095AE-B0AA-48BF-BF97-CD51D5028A7A}.AppStore|x86.Deploy.0 = Release|x86
		{E1E095AE-B0AA-48BF-BF97-CD51D5028A7A}.Debug|Any CPU.ActiveCfg = Debug|Any CPU
		{E1E095AE-B0AA-48BF-BF97-CD51D5028A7A}.Debug|Any CPU.Build.0 = Debug|Any CPU
		{E1E095AE-B0AA-48BF-BF97-CD51D5028A7A}.Debug|Any CPU.Deploy.0 = Debug|Any CPU
		{E1E095AE-B0AA-48BF-BF97-CD51D5028A7A}.Debug|ARM.ActiveCfg = Debug|ARM
		{E1E095AE-B0AA-48BF-BF97-CD51D5028A7A}.Debug|ARM.Build.0 = Debug|ARM
		{E1E095AE-B0AA-48BF-BF97-CD51D5028A7A}.Debug|ARM.Deploy.0 = Debug|ARM
		{E1E095AE-B0AA-48BF-BF97-CD51D5028A7A}.Debug|iPhone.ActiveCfg = Debug|Any CPU
		{E1E095AE-B0AA-48BF-BF97-CD51D5028A7A}.Debug|iPhone.Build.0 = Debug|Any CPU
		{E1E095AE-B0AA-48BF-BF97-CD51D5028A7A}.Debug|iPhone.Deploy.0 = Debug|Any CPU
		{E1E095AE-B0AA-48BF-BF97-CD51D5028A7A}.Debug|iPhoneSimulator.ActiveCfg = Debug|Any CPU
		{E1E095AE-B0AA-48BF-BF97-CD51D5028A7A}.Debug|iPhoneSimulator.Build.0 = Debug|Any CPU
		{E1E095AE-B0AA-48BF-BF97-CD51D5028A7A}.Debug|iPhoneSimulator.Deploy.0 = Debug|Any CPU
		{E1E095AE-B0AA-48BF-BF97-CD51D5028A7A}.Debug|x64.ActiveCfg = Debug|x64
		{E1E095AE-B0AA-48BF-BF97-CD51D5028A7A}.Debug|x64.Build.0 = Debug|x64
		{E1E095AE-B0AA-48BF-BF97-CD51D5028A7A}.Debug|x64.Deploy.0 = Debug|x64
		{E1E095AE-B0AA-48BF-BF97-CD51D5028A7A}.Debug|x86.ActiveCfg = Debug|x86
		{E1E095AE-B0AA-48BF-BF97-CD51D5028A7A}.Debug|x86.Build.0 = Debug|x86
		{E1E095AE-B0AA-48BF-BF97-CD51D5028A7A}.Debug|x86.Deploy.0 = Debug|x86
		{E1E095AE-B0AA-48BF-BF97-CD51D5028A7A}.Release|Any CPU.ActiveCfg = Release|Any CPU
		{E1E095AE-B0AA-48BF-BF97-CD51D5028A7A}.Release|Any CPU.Build.0 = Release|Any CPU
		{E1E095AE-B0AA-48BF-BF97-CD51D5028A7A}.Release|Any CPU.Deploy.0 = Release|Any CPU
		{E1E095AE-B0AA-48BF-BF97-CD51D5028A7A}.Release|ARM.ActiveCfg = Release|ARM
		{E1E095AE-B0AA-48BF-BF97-CD51D5028A7A}.Release|ARM.Build.0 = Release|ARM
		{E1E095AE-B0AA-48BF-BF97-CD51D5028A7A}.Release|ARM.Deploy.0 = Release|ARM
		{E1E095AE-B0AA-48BF-BF97-CD51D5028A7A}.Release|iPhone.ActiveCfg = Release|Any CPU
		{E1E095AE-B0AA-48BF-BF97-CD51D5028A7A}.Release|iPhone.Build.0 = Release|Any CPU
		{E1E095AE-B0AA-48BF-BF97-CD51D5028A7A}.Release|iPhone.Deploy.0 = Release|Any CPU
		{E1E095AE-B0AA-48BF-BF97-CD51D5028A7A}.Release|iPhoneSimulator.ActiveCfg = Release|Any CPU
		{E1E095AE-B0AA-48BF-BF97-CD51D5028A7A}.Release|iPhoneSimulator.Build.0 = Release|Any CPU
		{E1E095AE-B0AA-48BF-BF97-CD51D5028A7A}.Release|iPhoneSimulator.Deploy.0 = Release|Any CPU
		{E1E095AE-B0AA-48BF-BF97-CD51D5028A7A}.Release|x64.ActiveCfg = Release|x64
		{E1E095AE-B0AA-48BF-BF97-CD51D5028A7A}.Release|x64.Build.0 = Release|x64
		{E1E095AE-B0AA-48BF-BF97-CD51D5028A7A}.Release|x64.Deploy.0 = Release|x64
		{E1E095AE-B0AA-48BF-BF97-CD51D5028A7A}.Release|x86.ActiveCfg = Release|x86
		{E1E095AE-B0AA-48BF-BF97-CD51D5028A7A}.Release|x86.Build.0 = Release|x86
		{E1E095AE-B0AA-48BF-BF97-CD51D5028A7A}.Release|x86.Deploy.0 = Release|x86
		{DD9316E9-809E-40A4-A9D5-77C3D6BD0DA2}.Ad-Hoc|Any CPU.ActiveCfg = Release|Any CPU
		{DD9316E9-809E-40A4-A9D5-77C3D6BD0DA2}.Ad-Hoc|Any CPU.Build.0 = Release|Any CPU
		{DD9316E9-809E-40A4-A9D5-77C3D6BD0DA2}.Ad-Hoc|ARM.ActiveCfg = Release|Any CPU
		{DD9316E9-809E-40A4-A9D5-77C3D6BD0DA2}.Ad-Hoc|ARM.Build.0 = Release|Any CPU
		{DD9316E9-809E-40A4-A9D5-77C3D6BD0DA2}.Ad-Hoc|iPhone.ActiveCfg = Release|Any CPU
		{DD9316E9-809E-40A4-A9D5-77C3D6BD0DA2}.Ad-Hoc|iPhone.Build.0 = Release|Any CPU
		{DD9316E9-809E-40A4-A9D5-77C3D6BD0DA2}.Ad-Hoc|iPhoneSimulator.ActiveCfg = Release|Any CPU
		{DD9316E9-809E-40A4-A9D5-77C3D6BD0DA2}.Ad-Hoc|iPhoneSimulator.Build.0 = Release|Any CPU
		{DD9316E9-809E-40A4-A9D5-77C3D6BD0DA2}.Ad-Hoc|x64.ActiveCfg = Release|Any CPU
		{DD9316E9-809E-40A4-A9D5-77C3D6BD0DA2}.Ad-Hoc|x64.Build.0 = Release|Any CPU
		{DD9316E9-809E-40A4-A9D5-77C3D6BD0DA2}.Ad-Hoc|x86.ActiveCfg = Release|Any CPU
		{DD9316E9-809E-40A4-A9D5-77C3D6BD0DA2}.Ad-Hoc|x86.Build.0 = Release|Any CPU
		{DD9316E9-809E-40A4-A9D5-77C3D6BD0DA2}.AppStore|Any CPU.ActiveCfg = Release|Any CPU
		{DD9316E9-809E-40A4-A9D5-77C3D6BD0DA2}.AppStore|Any CPU.Build.0 = Release|Any CPU
		{DD9316E9-809E-40A4-A9D5-77C3D6BD0DA2}.AppStore|ARM.ActiveCfg = Release|Any CPU
		{DD9316E9-809E-40A4-A9D5-77C3D6BD0DA2}.AppStore|ARM.Build.0 = Release|Any CPU
		{DD9316E9-809E-40A4-A9D5-77C3D6BD0DA2}.AppStore|iPhone.ActiveCfg = Release|Any CPU
		{DD9316E9-809E-40A4-A9D5-77C3D6BD0DA2}.AppStore|iPhone.Build.0 = Release|Any CPU
		{DD9316E9-809E-40A4-A9D5-77C3D6BD0DA2}.AppStore|iPhoneSimulator.ActiveCfg = Release|Any CPU
		{DD9316E9-809E-40A4-A9D5-77C3D6BD0DA2}.AppStore|iPhoneSimulator.Build.0 = Release|Any CPU
		{DD9316E9-809E-40A4-A9D5-77C3D6BD0DA2}.AppStore|x64.ActiveCfg = Release|Any CPU
		{DD9316E9-809E-40A4-A9D5-77C3D6BD0DA2}.AppStore|x64.Build.0 = Release|Any CPU
		{DD9316E9-809E-40A4-A9D5-77C3D6BD0DA2}.AppStore|x86.ActiveCfg = Release|Any CPU
		{DD9316E9-809E-40A4-A9D5-77C3D6BD0DA2}.AppStore|x86.Build.0 = Release|Any CPU
		{DD9316E9-809E-40A4-A9D5-77C3D6BD0DA2}.Debug|Any CPU.ActiveCfg = Debug|Any CPU
		{DD9316E9-809E-40A4-A9D5-77C3D6BD0DA2}.Debug|Any CPU.Build.0 = Debug|Any CPU
		{DD9316E9-809E-40A4-A9D5-77C3D6BD0DA2}.Debug|ARM.ActiveCfg = Debug|Any CPU
		{DD9316E9-809E-40A4-A9D5-77C3D6BD0DA2}.Debug|ARM.Build.0 = Debug|Any CPU
		{DD9316E9-809E-40A4-A9D5-77C3D6BD0DA2}.Debug|iPhone.ActiveCfg = Debug|Any CPU
		{DD9316E9-809E-40A4-A9D5-77C3D6BD0DA2}.Debug|iPhone.Build.0 = Debug|Any CPU
		{DD9316E9-809E-40A4-A9D5-77C3D6BD0DA2}.Debug|iPhoneSimulator.ActiveCfg = Debug|Any CPU
		{DD9316E9-809E-40A4-A9D5-77C3D6BD0DA2}.Debug|iPhoneSimulator.Build.0 = Debug|Any CPU
		{DD9316E9-809E-40A4-A9D5-77C3D6BD0DA2}.Debug|x64.ActiveCfg = Debug|Any CPU
		{DD9316E9-809E-40A4-A9D5-77C3D6BD0DA2}.Debug|x64.Build.0 = Debug|Any CPU
		{DD9316E9-809E-40A4-A9D5-77C3D6BD0DA2}.Debug|x86.ActiveCfg = Debug|Any CPU
		{DD9316E9-809E-40A4-A9D5-77C3D6BD0DA2}.Debug|x86.Build.0 = Debug|Any CPU
		{DD9316E9-809E-40A4-A9D5-77C3D6BD0DA2}.Release|Any CPU.ActiveCfg = Release|Any CPU
		{DD9316E9-809E-40A4-A9D5-77C3D6BD0DA2}.Release|Any CPU.Build.0 = Release|Any CPU
		{DD9316E9-809E-40A4-A9D5-77C3D6BD0DA2}.Release|ARM.ActiveCfg = Release|Any CPU
		{DD9316E9-809E-40A4-A9D5-77C3D6BD0DA2}.Release|ARM.Build.0 = Release|Any CPU
		{DD9316E9-809E-40A4-A9D5-77C3D6BD0DA2}.Release|iPhone.ActiveCfg = Release|Any CPU
		{DD9316E9-809E-40A4-A9D5-77C3D6BD0DA2}.Release|iPhone.Build.0 = Release|Any CPU
		{DD9316E9-809E-40A4-A9D5-77C3D6BD0DA2}.Release|iPhoneSimulator.ActiveCfg = Release|Any CPU
		{DD9316E9-809E-40A4-A9D5-77C3D6BD0DA2}.Release|iPhoneSimulator.Build.0 = Release|Any CPU
		{DD9316E9-809E-40A4-A9D5-77C3D6BD0DA2}.Release|x64.ActiveCfg = Release|Any CPU
		{DD9316E9-809E-40A4-A9D5-77C3D6BD0DA2}.Release|x64.Build.0 = Release|Any CPU
		{DD9316E9-809E-40A4-A9D5-77C3D6BD0DA2}.Release|x86.ActiveCfg = Release|Any CPU
		{DD9316E9-809E-40A4-A9D5-77C3D6BD0DA2}.Release|x86.Build.0 = Release|Any CPU
		{8949C839-9F3C-4DEA-AC4A-E1E205035AE9}.Ad-Hoc|Any CPU.ActiveCfg = Release|Any CPU
		{8949C839-9F3C-4DEA-AC4A-E1E205035AE9}.Ad-Hoc|Any CPU.Build.0 = Release|Any CPU
		{8949C839-9F3C-4DEA-AC4A-E1E205035AE9}.Ad-Hoc|ARM.ActiveCfg = Release|Any CPU
		{8949C839-9F3C-4DEA-AC4A-E1E205035AE9}.Ad-Hoc|ARM.Build.0 = Release|Any CPU
		{8949C839-9F3C-4DEA-AC4A-E1E205035AE9}.Ad-Hoc|iPhone.ActiveCfg = Release|Any CPU
		{8949C839-9F3C-4DEA-AC4A-E1E205035AE9}.Ad-Hoc|iPhone.Build.0 = Release|Any CPU
		{8949C839-9F3C-4DEA-AC4A-E1E205035AE9}.Ad-Hoc|iPhoneSimulator.ActiveCfg = Release|Any CPU
		{8949C839-9F3C-4DEA-AC4A-E1E205035AE9}.Ad-Hoc|iPhoneSimulator.Build.0 = Release|Any CPU
		{8949C839-9F3C-4DEA-AC4A-E1E205035AE9}.Ad-Hoc|x64.ActiveCfg = Release|Any CPU
		{8949C839-9F3C-4DEA-AC4A-E1E205035AE9}.Ad-Hoc|x64.Build.0 = Release|Any CPU
		{8949C839-9F3C-4DEA-AC4A-E1E205035AE9}.Ad-Hoc|x86.ActiveCfg = Release|Any CPU
		{8949C839-9F3C-4DEA-AC4A-E1E205035AE9}.Ad-Hoc|x86.Build.0 = Release|Any CPU
		{8949C839-9F3C-4DEA-AC4A-E1E205035AE9}.AppStore|Any CPU.ActiveCfg = Release|Any CPU
		{8949C839-9F3C-4DEA-AC4A-E1E205035AE9}.AppStore|Any CPU.Build.0 = Release|Any CPU
		{8949C839-9F3C-4DEA-AC4A-E1E205035AE9}.AppStore|ARM.ActiveCfg = Release|Any CPU
		{8949C839-9F3C-4DEA-AC4A-E1E205035AE9}.AppStore|ARM.Build.0 = Release|Any CPU
		{8949C839-9F3C-4DEA-AC4A-E1E205035AE9}.AppStore|iPhone.ActiveCfg = Release|Any CPU
		{8949C839-9F3C-4DEA-AC4A-E1E205035AE9}.AppStore|iPhone.Build.0 = Release|Any CPU
		{8949C839-9F3C-4DEA-AC4A-E1E205035AE9}.AppStore|iPhoneSimulator.ActiveCfg = Release|Any CPU
		{8949C839-9F3C-4DEA-AC4A-E1E205035AE9}.AppStore|iPhoneSimulator.Build.0 = Release|Any CPU
		{8949C839-9F3C-4DEA-AC4A-E1E205035AE9}.AppStore|x64.ActiveCfg = Release|Any CPU
		{8949C839-9F3C-4DEA-AC4A-E1E205035AE9}.AppStore|x64.Build.0 = Release|Any CPU
		{8949C839-9F3C-4DEA-AC4A-E1E205035AE9}.AppStore|x86.ActiveCfg = Release|Any CPU
		{8949C839-9F3C-4DEA-AC4A-E1E205035AE9}.AppStore|x86.Build.0 = Release|Any CPU
		{8949C839-9F3C-4DEA-AC4A-E1E205035AE9}.Debug|Any CPU.ActiveCfg = Debug|Any CPU
		{8949C839-9F3C-4DEA-AC4A-E1E205035AE9}.Debug|Any CPU.Build.0 = Debug|Any CPU
		{8949C839-9F3C-4DEA-AC4A-E1E205035AE9}.Debug|ARM.ActiveCfg = Debug|Any CPU
		{8949C839-9F3C-4DEA-AC4A-E1E205035AE9}.Debug|ARM.Build.0 = Debug|Any CPU
		{8949C839-9F3C-4DEA-AC4A-E1E205035AE9}.Debug|iPhone.ActiveCfg = Debug|Any CPU
		{8949C839-9F3C-4DEA-AC4A-E1E205035AE9}.Debug|iPhone.Build.0 = Debug|Any CPU
		{8949C839-9F3C-4DEA-AC4A-E1E205035AE9}.Debug|iPhoneSimulator.ActiveCfg = Debug|Any CPU
		{8949C839-9F3C-4DEA-AC4A-E1E205035AE9}.Debug|iPhoneSimulator.Build.0 = Debug|Any CPU
		{8949C839-9F3C-4DEA-AC4A-E1E205035AE9}.Debug|x64.ActiveCfg = Debug|Any CPU
		{8949C839-9F3C-4DEA-AC4A-E1E205035AE9}.Debug|x64.Build.0 = Debug|Any CPU
		{8949C839-9F3C-4DEA-AC4A-E1E205035AE9}.Debug|x86.ActiveCfg = Debug|Any CPU
		{8949C839-9F3C-4DEA-AC4A-E1E205035AE9}.Debug|x86.Build.0 = Debug|Any CPU
		{8949C839-9F3C-4DEA-AC4A-E1E205035AE9}.Release|Any CPU.ActiveCfg = Release|Any CPU
		{8949C839-9F3C-4DEA-AC4A-E1E205035AE9}.Release|Any CPU.Build.0 = Release|Any CPU
		{8949C839-9F3C-4DEA-AC4A-E1E205035AE9}.Release|ARM.ActiveCfg = Release|Any CPU
		{8949C839-9F3C-4DEA-AC4A-E1E205035AE9}.Release|ARM.Build.0 = Release|Any CPU
		{8949C839-9F3C-4DEA-AC4A-E1E205035AE9}.Release|iPhone.ActiveCfg = Release|Any CPU
		{8949C839-9F3C-4DEA-AC4A-E1E205035AE9}.Release|iPhone.Build.0 = Release|Any CPU
		{8949C839-9F3C-4DEA-AC4A-E1E205035AE9}.Release|iPhoneSimulator.ActiveCfg = Release|Any CPU
		{8949C839-9F3C-4DEA-AC4A-E1E205035AE9}.Release|iPhoneSimulator.Build.0 = Release|Any CPU
		{8949C839-9F3C-4DEA-AC4A-E1E205035AE9}.Release|x64.ActiveCfg = Release|Any CPU
		{8949C839-9F3C-4DEA-AC4A-E1E205035AE9}.Release|x64.Build.0 = Release|Any CPU
		{8949C839-9F3C-4DEA-AC4A-E1E205035AE9}.Release|x86.ActiveCfg = Release|Any CPU
		{8949C839-9F3C-4DEA-AC4A-E1E205035AE9}.Release|x86.Build.0 = Release|Any CPU
		{B03CF22A-7D01-4843-9ECF-B5977FD7ACDC}.Ad-Hoc|Any CPU.ActiveCfg = Release|Any CPU
		{B03CF22A-7D01-4843-9ECF-B5977FD7ACDC}.Ad-Hoc|Any CPU.Build.0 = Release|Any CPU
		{B03CF22A-7D01-4843-9ECF-B5977FD7ACDC}.Ad-Hoc|ARM.ActiveCfg = Release|Any CPU
		{B03CF22A-7D01-4843-9ECF-B5977FD7ACDC}.Ad-Hoc|ARM.Build.0 = Release|Any CPU
		{B03CF22A-7D01-4843-9ECF-B5977FD7ACDC}.Ad-Hoc|iPhone.ActiveCfg = Release|Any CPU
		{B03CF22A-7D01-4843-9ECF-B5977FD7ACDC}.Ad-Hoc|iPhone.Build.0 = Release|Any CPU
		{B03CF22A-7D01-4843-9ECF-B5977FD7ACDC}.Ad-Hoc|iPhoneSimulator.ActiveCfg = Release|Any CPU
		{B03CF22A-7D01-4843-9ECF-B5977FD7ACDC}.Ad-Hoc|iPhoneSimulator.Build.0 = Release|Any CPU
		{B03CF22A-7D01-4843-9ECF-B5977FD7ACDC}.Ad-Hoc|x64.ActiveCfg = Release|Any CPU
		{B03CF22A-7D01-4843-9ECF-B5977FD7ACDC}.Ad-Hoc|x64.Build.0 = Release|Any CPU
		{B03CF22A-7D01-4843-9ECF-B5977FD7ACDC}.Ad-Hoc|x86.ActiveCfg = Release|Any CPU
		{B03CF22A-7D01-4843-9ECF-B5977FD7ACDC}.Ad-Hoc|x86.Build.0 = Release|Any CPU
		{B03CF22A-7D01-4843-9ECF-B5977FD7ACDC}.AppStore|Any CPU.ActiveCfg = Release|Any CPU
		{B03CF22A-7D01-4843-9ECF-B5977FD7ACDC}.AppStore|Any CPU.Build.0 = Release|Any CPU
		{B03CF22A-7D01-4843-9ECF-B5977FD7ACDC}.AppStore|ARM.ActiveCfg = Release|Any CPU
		{B03CF22A-7D01-4843-9ECF-B5977FD7ACDC}.AppStore|ARM.Build.0 = Release|Any CPU
		{B03CF22A-7D01-4843-9ECF-B5977FD7ACDC}.AppStore|iPhone.ActiveCfg = Release|Any CPU
		{B03CF22A-7D01-4843-9ECF-B5977FD7ACDC}.AppStore|iPhone.Build.0 = Release|Any CPU
		{B03CF22A-7D01-4843-9ECF-B5977FD7ACDC}.AppStore|iPhoneSimulator.ActiveCfg = Release|Any CPU
		{B03CF22A-7D01-4843-9ECF-B5977FD7ACDC}.AppStore|iPhoneSimulator.Build.0 = Release|Any CPU
		{B03CF22A-7D01-4843-9ECF-B5977FD7ACDC}.AppStore|x64.ActiveCfg = Release|Any CPU
		{B03CF22A-7D01-4843-9ECF-B5977FD7ACDC}.AppStore|x64.Build.0 = Release|Any CPU
		{B03CF22A-7D01-4843-9ECF-B5977FD7ACDC}.AppStore|x86.ActiveCfg = Release|Any CPU
		{B03CF22A-7D01-4843-9ECF-B5977FD7ACDC}.AppStore|x86.Build.0 = Release|Any CPU
		{B03CF22A-7D01-4843-9ECF-B5977FD7ACDC}.Debug|Any CPU.ActiveCfg = Debug|Any CPU
		{B03CF22A-7D01-4843-9ECF-B5977FD7ACDC}.Debug|Any CPU.Build.0 = Debug|Any CPU
		{B03CF22A-7D01-4843-9ECF-B5977FD7ACDC}.Debug|ARM.ActiveCfg = Debug|Any CPU
		{B03CF22A-7D01-4843-9ECF-B5977FD7ACDC}.Debug|ARM.Build.0 = Debug|Any CPU
		{B03CF22A-7D01-4843-9ECF-B5977FD7ACDC}.Debug|iPhone.ActiveCfg = Debug|Any CPU
		{B03CF22A-7D01-4843-9ECF-B5977FD7ACDC}.Debug|iPhone.Build.0 = Debug|Any CPU
		{B03CF22A-7D01-4843-9ECF-B5977FD7ACDC}.Debug|iPhoneSimulator.ActiveCfg = Debug|Any CPU
		{B03CF22A-7D01-4843-9ECF-B5977FD7ACDC}.Debug|iPhoneSimulator.Build.0 = Debug|Any CPU
		{B03CF22A-7D01-4843-9ECF-B5977FD7ACDC}.Debug|x64.ActiveCfg = Debug|Any CPU
		{B03CF22A-7D01-4843-9ECF-B5977FD7ACDC}.Debug|x64.Build.0 = Debug|Any CPU
		{B03CF22A-7D01-4843-9ECF-B5977FD7ACDC}.Debug|x86.ActiveCfg = Debug|Any CPU
		{B03CF22A-7D01-4843-9ECF-B5977FD7ACDC}.Debug|x86.Build.0 = Debug|Any CPU
		{B03CF22A-7D01-4843-9ECF-B5977FD7ACDC}.Release|Any CPU.ActiveCfg = Release|Any CPU
		{B03CF22A-7D01-4843-9ECF-B5977FD7ACDC}.Release|Any CPU.Build.0 = Release|Any CPU
		{B03CF22A-7D01-4843-9ECF-B5977FD7ACDC}.Release|ARM.ActiveCfg = Release|Any CPU
		{B03CF22A-7D01-4843-9ECF-B5977FD7ACDC}.Release|ARM.Build.0 = Release|Any CPU
		{B03CF22A-7D01-4843-9ECF-B5977FD7ACDC}.Release|iPhone.ActiveCfg = Release|Any CPU
		{B03CF22A-7D01-4843-9ECF-B5977FD7ACDC}.Release|iPhone.Build.0 = Release|Any CPU
		{B03CF22A-7D01-4843-9ECF-B5977FD7ACDC}.Release|iPhoneSimulator.ActiveCfg = Release|Any CPU
		{B03CF22A-7D01-4843-9ECF-B5977FD7ACDC}.Release|iPhoneSimulator.Build.0 = Release|Any CPU
		{B03CF22A-7D01-4843-9ECF-B5977FD7ACDC}.Release|x64.ActiveCfg = Release|Any CPU
		{B03CF22A-7D01-4843-9ECF-B5977FD7ACDC}.Release|x64.Build.0 = Release|Any CPU
		{B03CF22A-7D01-4843-9ECF-B5977FD7ACDC}.Release|x86.ActiveCfg = Release|Any CPU
		{B03CF22A-7D01-4843-9ECF-B5977FD7ACDC}.Release|x86.Build.0 = Release|Any CPU
		{FD863239-0F62-4EEC-82D2-DE3E80FD1497}.Ad-Hoc|Any CPU.ActiveCfg = Release|Any CPU
		{FD863239-0F62-4EEC-82D2-DE3E80FD1497}.Ad-Hoc|Any CPU.Build.0 = Release|Any CPU
		{FD863239-0F62-4EEC-82D2-DE3E80FD1497}.Ad-Hoc|ARM.ActiveCfg = Release|Any CPU
		{FD863239-0F62-4EEC-82D2-DE3E80FD1497}.Ad-Hoc|ARM.Build.0 = Release|Any CPU
		{FD863239-0F62-4EEC-82D2-DE3E80FD1497}.Ad-Hoc|iPhone.ActiveCfg = Release|Any CPU
		{FD863239-0F62-4EEC-82D2-DE3E80FD1497}.Ad-Hoc|iPhone.Build.0 = Release|Any CPU
		{FD863239-0F62-4EEC-82D2-DE3E80FD1497}.Ad-Hoc|iPhoneSimulator.ActiveCfg = Release|Any CPU
		{FD863239-0F62-4EEC-82D2-DE3E80FD1497}.Ad-Hoc|iPhoneSimulator.Build.0 = Release|Any CPU
		{FD863239-0F62-4EEC-82D2-DE3E80FD1497}.Ad-Hoc|x64.ActiveCfg = Release|Any CPU
		{FD863239-0F62-4EEC-82D2-DE3E80FD1497}.Ad-Hoc|x64.Build.0 = Release|Any CPU
		{FD863239-0F62-4EEC-82D2-DE3E80FD1497}.Ad-Hoc|x86.ActiveCfg = Release|Any CPU
		{FD863239-0F62-4EEC-82D2-DE3E80FD1497}.Ad-Hoc|x86.Build.0 = Release|Any CPU
		{FD863239-0F62-4EEC-82D2-DE3E80FD1497}.AppStore|Any CPU.ActiveCfg = Release|Any CPU
		{FD863239-0F62-4EEC-82D2-DE3E80FD1497}.AppStore|Any CPU.Build.0 = Release|Any CPU
		{FD863239-0F62-4EEC-82D2-DE3E80FD1497}.AppStore|ARM.ActiveCfg = Release|Any CPU
		{FD863239-0F62-4EEC-82D2-DE3E80FD1497}.AppStore|ARM.Build.0 = Release|Any CPU
		{FD863239-0F62-4EEC-82D2-DE3E80FD1497}.AppStore|iPhone.ActiveCfg = Release|Any CPU
		{FD863239-0F62-4EEC-82D2-DE3E80FD1497}.AppStore|iPhone.Build.0 = Release|Any CPU
		{FD863239-0F62-4EEC-82D2-DE3E80FD1497}.AppStore|iPhoneSimulator.ActiveCfg = Release|Any CPU
		{FD863239-0F62-4EEC-82D2-DE3E80FD1497}.AppStore|iPhoneSimulator.Build.0 = Release|Any CPU
		{FD863239-0F62-4EEC-82D2-DE3E80FD1497}.AppStore|x64.ActiveCfg = Release|Any CPU
		{FD863239-0F62-4EEC-82D2-DE3E80FD1497}.AppStore|x64.Build.0 = Release|Any CPU
		{FD863239-0F62-4EEC-82D2-DE3E80FD1497}.AppStore|x86.ActiveCfg = Release|Any CPU
		{FD863239-0F62-4EEC-82D2-DE3E80FD1497}.AppStore|x86.Build.0 = Release|Any CPU
		{FD863239-0F62-4EEC-82D2-DE3E80FD1497}.Debug|Any CPU.ActiveCfg = Debug|Any CPU
		{FD863239-0F62-4EEC-82D2-DE3E80FD1497}.Debug|Any CPU.Build.0 = Debug|Any CPU
		{FD863239-0F62-4EEC-82D2-DE3E80FD1497}.Debug|ARM.ActiveCfg = Debug|Any CPU
		{FD863239-0F62-4EEC-82D2-DE3E80FD1497}.Debug|ARM.Build.0 = Debug|Any CPU
		{FD863239-0F62-4EEC-82D2-DE3E80FD1497}.Debug|iPhone.ActiveCfg = Debug|Any CPU
		{FD863239-0F62-4EEC-82D2-DE3E80FD1497}.Debug|iPhone.Build.0 = Debug|Any CPU
		{FD863239-0F62-4EEC-82D2-DE3E80FD1497}.Debug|iPhoneSimulator.ActiveCfg = Debug|Any CPU
		{FD863239-0F62-4EEC-82D2-DE3E80FD1497}.Debug|iPhoneSimulator.Build.0 = Debug|Any CPU
		{FD863239-0F62-4EEC-82D2-DE3E80FD1497}.Debug|x64.ActiveCfg = Debug|Any CPU
		{FD863239-0F62-4EEC-82D2-DE3E80FD1497}.Debug|x64.Build.0 = Debug|Any CPU
		{FD863239-0F62-4EEC-82D2-DE3E80FD1497}.Debug|x86.ActiveCfg = Debug|Any CPU
		{FD863239-0F62-4EEC-82D2-DE3E80FD1497}.Debug|x86.Build.0 = Debug|Any CPU
		{FD863239-0F62-4EEC-82D2-DE3E80FD1497}.Release|Any CPU.ActiveCfg = Release|Any CPU
		{FD863239-0F62-4EEC-82D2-DE3E80FD1497}.Release|Any CPU.Build.0 = Release|Any CPU
		{FD863239-0F62-4EEC-82D2-DE3E80FD1497}.Release|ARM.ActiveCfg = Release|Any CPU
		{FD863239-0F62-4EEC-82D2-DE3E80FD1497}.Release|ARM.Build.0 = Release|Any CPU
		{FD863239-0F62-4EEC-82D2-DE3E80FD1497}.Release|iPhone.ActiveCfg = Release|Any CPU
		{FD863239-0F62-4EEC-82D2-DE3E80FD1497}.Release|iPhone.Build.0 = Release|Any CPU
		{FD863239-0F62-4EEC-82D2-DE3E80FD1497}.Release|iPhoneSimulator.ActiveCfg = Release|Any CPU
		{FD863239-0F62-4EEC-82D2-DE3E80FD1497}.Release|iPhoneSimulator.Build.0 = Release|Any CPU
		{FD863239-0F62-4EEC-82D2-DE3E80FD1497}.Release|x64.ActiveCfg = Release|Any CPU
		{FD863239-0F62-4EEC-82D2-DE3E80FD1497}.Release|x64.Build.0 = Release|Any CPU
		{FD863239-0F62-4EEC-82D2-DE3E80FD1497}.Release|x86.ActiveCfg = Release|Any CPU
		{FD863239-0F62-4EEC-82D2-DE3E80FD1497}.Release|x86.Build.0 = Release|Any CPU
		{33F779BA-CC70-4EF2-8610-BA5942409D51}.Ad-Hoc|Any CPU.ActiveCfg = Debug|Any CPU
		{33F779BA-CC70-4EF2-8610-BA5942409D51}.Ad-Hoc|Any CPU.Build.0 = Debug|Any CPU
		{33F779BA-CC70-4EF2-8610-BA5942409D51}.Ad-Hoc|ARM.ActiveCfg = Debug|Any CPU
		{33F779BA-CC70-4EF2-8610-BA5942409D51}.Ad-Hoc|ARM.Build.0 = Debug|Any CPU
		{33F779BA-CC70-4EF2-8610-BA5942409D51}.Ad-Hoc|iPhone.ActiveCfg = Debug|Any CPU
		{33F779BA-CC70-4EF2-8610-BA5942409D51}.Ad-Hoc|iPhone.Build.0 = Debug|Any CPU
		{33F779BA-CC70-4EF2-8610-BA5942409D51}.Ad-Hoc|iPhoneSimulator.ActiveCfg = Debug|Any CPU
		{33F779BA-CC70-4EF2-8610-BA5942409D51}.Ad-Hoc|iPhoneSimulator.Build.0 = Debug|Any CPU
		{33F779BA-CC70-4EF2-8610-BA5942409D51}.Ad-Hoc|x64.ActiveCfg = Debug|Any CPU
		{33F779BA-CC70-4EF2-8610-BA5942409D51}.Ad-Hoc|x64.Build.0 = Debug|Any CPU
		{33F779BA-CC70-4EF2-8610-BA5942409D51}.Ad-Hoc|x86.ActiveCfg = Debug|Any CPU
		{33F779BA-CC70-4EF2-8610-BA5942409D51}.Ad-Hoc|x86.Build.0 = Debug|Any CPU
		{33F779BA-CC70-4EF2-8610-BA5942409D51}.AppStore|Any CPU.ActiveCfg = Debug|Any CPU
		{33F779BA-CC70-4EF2-8610-BA5942409D51}.AppStore|Any CPU.Build.0 = Debug|Any CPU
		{33F779BA-CC70-4EF2-8610-BA5942409D51}.AppStore|ARM.ActiveCfg = Debug|Any CPU
		{33F779BA-CC70-4EF2-8610-BA5942409D51}.AppStore|ARM.Build.0 = Debug|Any CPU
		{33F779BA-CC70-4EF2-8610-BA5942409D51}.AppStore|iPhone.ActiveCfg = Debug|Any CPU
		{33F779BA-CC70-4EF2-8610-BA5942409D51}.AppStore|iPhone.Build.0 = Debug|Any CPU
		{33F779BA-CC70-4EF2-8610-BA5942409D51}.AppStore|iPhoneSimulator.ActiveCfg = Debug|Any CPU
		{33F779BA-CC70-4EF2-8610-BA5942409D51}.AppStore|iPhoneSimulator.Build.0 = Debug|Any CPU
		{33F779BA-CC70-4EF2-8610-BA5942409D51}.AppStore|x64.ActiveCfg = Debug|Any CPU
		{33F779BA-CC70-4EF2-8610-BA5942409D51}.AppStore|x64.Build.0 = Debug|Any CPU
		{33F779BA-CC70-4EF2-8610-BA5942409D51}.AppStore|x86.ActiveCfg = Debug|Any CPU
		{33F779BA-CC70-4EF2-8610-BA5942409D51}.AppStore|x86.Build.0 = Debug|Any CPU
		{33F779BA-CC70-4EF2-8610-BA5942409D51}.Debug|Any CPU.ActiveCfg = Debug|Any CPU
		{33F779BA-CC70-4EF2-8610-BA5942409D51}.Debug|Any CPU.Build.0 = Debug|Any CPU
		{33F779BA-CC70-4EF2-8610-BA5942409D51}.Debug|ARM.ActiveCfg = Debug|Any CPU
		{33F779BA-CC70-4EF2-8610-BA5942409D51}.Debug|ARM.Build.0 = Debug|Any CPU
		{33F779BA-CC70-4EF2-8610-BA5942409D51}.Debug|iPhone.ActiveCfg = Debug|Any CPU
		{33F779BA-CC70-4EF2-8610-BA5942409D51}.Debug|iPhone.Build.0 = Debug|Any CPU
		{33F779BA-CC70-4EF2-8610-BA5942409D51}.Debug|iPhoneSimulator.ActiveCfg = Debug|Any CPU
		{33F779BA-CC70-4EF2-8610-BA5942409D51}.Debug|iPhoneSimulator.Build.0 = Debug|Any CPU
		{33F779BA-CC70-4EF2-8610-BA5942409D51}.Debug|x64.ActiveCfg = Debug|Any CPU
		{33F779BA-CC70-4EF2-8610-BA5942409D51}.Debug|x64.Build.0 = Debug|Any CPU
		{33F779BA-CC70-4EF2-8610-BA5942409D51}.Debug|x86.ActiveCfg = Debug|Any CPU
		{33F779BA-CC70-4EF2-8610-BA5942409D51}.Debug|x86.Build.0 = Debug|Any CPU
		{33F779BA-CC70-4EF2-8610-BA5942409D51}.Release|Any CPU.ActiveCfg = Release|Any CPU
		{33F779BA-CC70-4EF2-8610-BA5942409D51}.Release|Any CPU.Build.0 = Release|Any CPU
		{33F779BA-CC70-4EF2-8610-BA5942409D51}.Release|ARM.ActiveCfg = Release|Any CPU
		{33F779BA-CC70-4EF2-8610-BA5942409D51}.Release|ARM.Build.0 = Release|Any CPU
		{33F779BA-CC70-4EF2-8610-BA5942409D51}.Release|iPhone.ActiveCfg = Release|Any CPU
		{33F779BA-CC70-4EF2-8610-BA5942409D51}.Release|iPhone.Build.0 = Release|Any CPU
		{33F779BA-CC70-4EF2-8610-BA5942409D51}.Release|iPhoneSimulator.ActiveCfg = Release|Any CPU
		{33F779BA-CC70-4EF2-8610-BA5942409D51}.Release|iPhoneSimulator.Build.0 = Release|Any CPU
		{33F779BA-CC70-4EF2-8610-BA5942409D51}.Release|x64.ActiveCfg = Release|Any CPU
		{33F779BA-CC70-4EF2-8610-BA5942409D51}.Release|x64.Build.0 = Release|Any CPU
		{33F779BA-CC70-4EF2-8610-BA5942409D51}.Release|x86.ActiveCfg = Release|Any CPU
		{33F779BA-CC70-4EF2-8610-BA5942409D51}.Release|x86.Build.0 = Release|Any CPU
		{2061A438-4D87-4A31-B8EF-3F8CE7D848FB}.Ad-Hoc|Any CPU.ActiveCfg = Debug|Any CPU
		{2061A438-4D87-4A31-B8EF-3F8CE7D848FB}.Ad-Hoc|Any CPU.Build.0 = Debug|Any CPU
		{2061A438-4D87-4A31-B8EF-3F8CE7D848FB}.Ad-Hoc|ARM.ActiveCfg = Debug|Any CPU
		{2061A438-4D87-4A31-B8EF-3F8CE7D848FB}.Ad-Hoc|ARM.Build.0 = Debug|Any CPU
		{2061A438-4D87-4A31-B8EF-3F8CE7D848FB}.Ad-Hoc|iPhone.ActiveCfg = Debug|Any CPU
		{2061A438-4D87-4A31-B8EF-3F8CE7D848FB}.Ad-Hoc|iPhone.Build.0 = Debug|Any CPU
		{2061A438-4D87-4A31-B8EF-3F8CE7D848FB}.Ad-Hoc|iPhoneSimulator.ActiveCfg = Debug|Any CPU
		{2061A438-4D87-4A31-B8EF-3F8CE7D848FB}.Ad-Hoc|iPhoneSimulator.Build.0 = Debug|Any CPU
		{2061A438-4D87-4A31-B8EF-3F8CE7D848FB}.Ad-Hoc|x64.ActiveCfg = Debug|Any CPU
		{2061A438-4D87-4A31-B8EF-3F8CE7D848FB}.Ad-Hoc|x64.Build.0 = Debug|Any CPU
		{2061A438-4D87-4A31-B8EF-3F8CE7D848FB}.Ad-Hoc|x86.ActiveCfg = Debug|Any CPU
		{2061A438-4D87-4A31-B8EF-3F8CE7D848FB}.Ad-Hoc|x86.Build.0 = Debug|Any CPU
		{2061A438-4D87-4A31-B8EF-3F8CE7D848FB}.AppStore|Any CPU.ActiveCfg = Debug|Any CPU
		{2061A438-4D87-4A31-B8EF-3F8CE7D848FB}.AppStore|Any CPU.Build.0 = Debug|Any CPU
		{2061A438-4D87-4A31-B8EF-3F8CE7D848FB}.AppStore|ARM.ActiveCfg = Debug|Any CPU
		{2061A438-4D87-4A31-B8EF-3F8CE7D848FB}.AppStore|ARM.Build.0 = Debug|Any CPU
		{2061A438-4D87-4A31-B8EF-3F8CE7D848FB}.AppStore|iPhone.ActiveCfg = Debug|Any CPU
		{2061A438-4D87-4A31-B8EF-3F8CE7D848FB}.AppStore|iPhone.Build.0 = Debug|Any CPU
		{2061A438-4D87-4A31-B8EF-3F8CE7D848FB}.AppStore|iPhoneSimulator.ActiveCfg = Debug|Any CPU
		{2061A438-4D87-4A31-B8EF-3F8CE7D848FB}.AppStore|iPhoneSimulator.Build.0 = Debug|Any CPU
		{2061A438-4D87-4A31-B8EF-3F8CE7D848FB}.AppStore|x64.ActiveCfg = Debug|Any CPU
		{2061A438-4D87-4A31-B8EF-3F8CE7D848FB}.AppStore|x64.Build.0 = Debug|Any CPU
		{2061A438-4D87-4A31-B8EF-3F8CE7D848FB}.AppStore|x86.ActiveCfg = Debug|Any CPU
		{2061A438-4D87-4A31-B8EF-3F8CE7D848FB}.AppStore|x86.Build.0 = Debug|Any CPU
		{2061A438-4D87-4A31-B8EF-3F8CE7D848FB}.Debug|Any CPU.ActiveCfg = Debug|Any CPU
		{2061A438-4D87-4A31-B8EF-3F8CE7D848FB}.Debug|Any CPU.Build.0 = Debug|Any CPU
		{2061A438-4D87-4A31-B8EF-3F8CE7D848FB}.Debug|ARM.ActiveCfg = Debug|Any CPU
		{2061A438-4D87-4A31-B8EF-3F8CE7D848FB}.Debug|ARM.Build.0 = Debug|Any CPU
		{2061A438-4D87-4A31-B8EF-3F8CE7D848FB}.Debug|iPhone.ActiveCfg = Debug|Any CPU
		{2061A438-4D87-4A31-B8EF-3F8CE7D848FB}.Debug|iPhone.Build.0 = Debug|Any CPU
		{2061A438-4D87-4A31-B8EF-3F8CE7D848FB}.Debug|iPhoneSimulator.ActiveCfg = Debug|Any CPU
		{2061A438-4D87-4A31-B8EF-3F8CE7D848FB}.Debug|iPhoneSimulator.Build.0 = Debug|Any CPU
		{2061A438-4D87-4A31-B8EF-3F8CE7D848FB}.Debug|x64.ActiveCfg = Debug|Any CPU
		{2061A438-4D87-4A31-B8EF-3F8CE7D848FB}.Debug|x64.Build.0 = Debug|Any CPU
		{2061A438-4D87-4A31-B8EF-3F8CE7D848FB}.Debug|x86.ActiveCfg = Debug|Any CPU
		{2061A438-4D87-4A31-B8EF-3F8CE7D848FB}.Debug|x86.Build.0 = Debug|Any CPU
		{2061A438-4D87-4A31-B8EF-3F8CE7D848FB}.Release|Any CPU.ActiveCfg = Release|Any CPU
		{2061A438-4D87-4A31-B8EF-3F8CE7D848FB}.Release|Any CPU.Build.0 = Release|Any CPU
		{2061A438-4D87-4A31-B8EF-3F8CE7D848FB}.Release|ARM.ActiveCfg = Release|Any CPU
		{2061A438-4D87-4A31-B8EF-3F8CE7D848FB}.Release|ARM.Build.0 = Release|Any CPU
		{2061A438-4D87-4A31-B8EF-3F8CE7D848FB}.Release|iPhone.ActiveCfg = Release|Any CPU
		{2061A438-4D87-4A31-B8EF-3F8CE7D848FB}.Release|iPhone.Build.0 = Release|Any CPU
		{2061A438-4D87-4A31-B8EF-3F8CE7D848FB}.Release|iPhoneSimulator.ActiveCfg = Release|Any CPU
		{2061A438-4D87-4A31-B8EF-3F8CE7D848FB}.Release|iPhoneSimulator.Build.0 = Release|Any CPU
		{2061A438-4D87-4A31-B8EF-3F8CE7D848FB}.Release|x64.ActiveCfg = Release|Any CPU
		{2061A438-4D87-4A31-B8EF-3F8CE7D848FB}.Release|x64.Build.0 = Release|Any CPU
		{2061A438-4D87-4A31-B8EF-3F8CE7D848FB}.Release|x86.ActiveCfg = Release|Any CPU
		{2061A438-4D87-4A31-B8EF-3F8CE7D848FB}.Release|x86.Build.0 = Release|Any CPU
		{3AC8C42D-06C7-4C8A-9CE1-EF5A45564A7A}.Ad-Hoc|Any CPU.ActiveCfg = Release|Any CPU
		{3AC8C42D-06C7-4C8A-9CE1-EF5A45564A7A}.Ad-Hoc|Any CPU.Build.0 = Release|Any CPU
		{3AC8C42D-06C7-4C8A-9CE1-EF5A45564A7A}.Ad-Hoc|Any CPU.Deploy.0 = Release|Any CPU
		{3AC8C42D-06C7-4C8A-9CE1-EF5A45564A7A}.Ad-Hoc|ARM.ActiveCfg = Release|Any CPU
		{3AC8C42D-06C7-4C8A-9CE1-EF5A45564A7A}.Ad-Hoc|ARM.Build.0 = Release|Any CPU
		{3AC8C42D-06C7-4C8A-9CE1-EF5A45564A7A}.Ad-Hoc|ARM.Deploy.0 = Release|Any CPU
		{3AC8C42D-06C7-4C8A-9CE1-EF5A45564A7A}.Ad-Hoc|iPhone.ActiveCfg = Release|Any CPU
		{3AC8C42D-06C7-4C8A-9CE1-EF5A45564A7A}.Ad-Hoc|iPhone.Build.0 = Release|Any CPU
		{3AC8C42D-06C7-4C8A-9CE1-EF5A45564A7A}.Ad-Hoc|iPhone.Deploy.0 = Release|Any CPU
		{3AC8C42D-06C7-4C8A-9CE1-EF5A45564A7A}.Ad-Hoc|iPhoneSimulator.ActiveCfg = Release|Any CPU
		{3AC8C42D-06C7-4C8A-9CE1-EF5A45564A7A}.Ad-Hoc|iPhoneSimulator.Build.0 = Release|Any CPU
		{3AC8C42D-06C7-4C8A-9CE1-EF5A45564A7A}.Ad-Hoc|iPhoneSimulator.Deploy.0 = Release|Any CPU
		{3AC8C42D-06C7-4C8A-9CE1-EF5A45564A7A}.Ad-Hoc|x64.ActiveCfg = Release|Any CPU
		{3AC8C42D-06C7-4C8A-9CE1-EF5A45564A7A}.Ad-Hoc|x64.Build.0 = Release|Any CPU
		{3AC8C42D-06C7-4C8A-9CE1-EF5A45564A7A}.Ad-Hoc|x64.Deploy.0 = Release|Any CPU
		{3AC8C42D-06C7-4C8A-9CE1-EF5A45564A7A}.Ad-Hoc|x86.ActiveCfg = Release|Any CPU
		{3AC8C42D-06C7-4C8A-9CE1-EF5A45564A7A}.Ad-Hoc|x86.Build.0 = Release|Any CPU
		{3AC8C42D-06C7-4C8A-9CE1-EF5A45564A7A}.Ad-Hoc|x86.Deploy.0 = Release|Any CPU
		{3AC8C42D-06C7-4C8A-9CE1-EF5A45564A7A}.AppStore|Any CPU.ActiveCfg = Release|Any CPU
		{3AC8C42D-06C7-4C8A-9CE1-EF5A45564A7A}.AppStore|Any CPU.Build.0 = Release|Any CPU
		{3AC8C42D-06C7-4C8A-9CE1-EF5A45564A7A}.AppStore|Any CPU.Deploy.0 = Release|Any CPU
		{3AC8C42D-06C7-4C8A-9CE1-EF5A45564A7A}.AppStore|ARM.ActiveCfg = Release|Any CPU
		{3AC8C42D-06C7-4C8A-9CE1-EF5A45564A7A}.AppStore|ARM.Build.0 = Release|Any CPU
		{3AC8C42D-06C7-4C8A-9CE1-EF5A45564A7A}.AppStore|ARM.Deploy.0 = Release|Any CPU
		{3AC8C42D-06C7-4C8A-9CE1-EF5A45564A7A}.AppStore|iPhone.ActiveCfg = Release|Any CPU
		{3AC8C42D-06C7-4C8A-9CE1-EF5A45564A7A}.AppStore|iPhone.Build.0 = Release|Any CPU
		{3AC8C42D-06C7-4C8A-9CE1-EF5A45564A7A}.AppStore|iPhone.Deploy.0 = Release|Any CPU
		{3AC8C42D-06C7-4C8A-9CE1-EF5A45564A7A}.AppStore|iPhoneSimulator.ActiveCfg = Release|Any CPU
		{3AC8C42D-06C7-4C8A-9CE1-EF5A45564A7A}.AppStore|iPhoneSimulator.Build.0 = Release|Any CPU
		{3AC8C42D-06C7-4C8A-9CE1-EF5A45564A7A}.AppStore|iPhoneSimulator.Deploy.0 = Release|Any CPU
		{3AC8C42D-06C7-4C8A-9CE1-EF5A45564A7A}.AppStore|x64.ActiveCfg = Release|Any CPU
		{3AC8C42D-06C7-4C8A-9CE1-EF5A45564A7A}.AppStore|x64.Build.0 = Release|Any CPU
		{3AC8C42D-06C7-4C8A-9CE1-EF5A45564A7A}.AppStore|x64.Deploy.0 = Release|Any CPU
		{3AC8C42D-06C7-4C8A-9CE1-EF5A45564A7A}.AppStore|x86.ActiveCfg = Release|Any CPU
		{3AC8C42D-06C7-4C8A-9CE1-EF5A45564A7A}.AppStore|x86.Build.0 = Release|Any CPU
		{3AC8C42D-06C7-4C8A-9CE1-EF5A45564A7A}.AppStore|x86.Deploy.0 = Release|Any CPU
		{3AC8C42D-06C7-4C8A-9CE1-EF5A45564A7A}.Debug|Any CPU.ActiveCfg = Debug|Any CPU
		{3AC8C42D-06C7-4C8A-9CE1-EF5A45564A7A}.Debug|Any CPU.Build.0 = Debug|Any CPU
		{3AC8C42D-06C7-4C8A-9CE1-EF5A45564A7A}.Debug|Any CPU.Deploy.0 = Debug|Any CPU
		{3AC8C42D-06C7-4C8A-9CE1-EF5A45564A7A}.Debug|ARM.ActiveCfg = Debug|Any CPU
		{3AC8C42D-06C7-4C8A-9CE1-EF5A45564A7A}.Debug|ARM.Build.0 = Debug|Any CPU
		{3AC8C42D-06C7-4C8A-9CE1-EF5A45564A7A}.Debug|ARM.Deploy.0 = Debug|Any CPU
		{3AC8C42D-06C7-4C8A-9CE1-EF5A45564A7A}.Debug|iPhone.ActiveCfg = Debug|Any CPU
		{3AC8C42D-06C7-4C8A-9CE1-EF5A45564A7A}.Debug|iPhone.Build.0 = Debug|Any CPU
		{3AC8C42D-06C7-4C8A-9CE1-EF5A45564A7A}.Debug|iPhone.Deploy.0 = Debug|Any CPU
		{3AC8C42D-06C7-4C8A-9CE1-EF5A45564A7A}.Debug|iPhoneSimulator.ActiveCfg = Debug|Any CPU
		{3AC8C42D-06C7-4C8A-9CE1-EF5A45564A7A}.Debug|iPhoneSimulator.Build.0 = Debug|Any CPU
		{3AC8C42D-06C7-4C8A-9CE1-EF5A45564A7A}.Debug|iPhoneSimulator.Deploy.0 = Debug|Any CPU
		{3AC8C42D-06C7-4C8A-9CE1-EF5A45564A7A}.Debug|x64.ActiveCfg = Debug|Any CPU
		{3AC8C42D-06C7-4C8A-9CE1-EF5A45564A7A}.Debug|x64.Build.0 = Debug|Any CPU
		{3AC8C42D-06C7-4C8A-9CE1-EF5A45564A7A}.Debug|x64.Deploy.0 = Debug|Any CPU
		{3AC8C42D-06C7-4C8A-9CE1-EF5A45564A7A}.Debug|x86.ActiveCfg = Debug|Any CPU
		{3AC8C42D-06C7-4C8A-9CE1-EF5A45564A7A}.Debug|x86.Build.0 = Debug|Any CPU
		{3AC8C42D-06C7-4C8A-9CE1-EF5A45564A7A}.Debug|x86.Deploy.0 = Debug|Any CPU
		{3AC8C42D-06C7-4C8A-9CE1-EF5A45564A7A}.Release|Any CPU.ActiveCfg = Release|Any CPU
		{3AC8C42D-06C7-4C8A-9CE1-EF5A45564A7A}.Release|Any CPU.Build.0 = Release|Any CPU
		{3AC8C42D-06C7-4C8A-9CE1-EF5A45564A7A}.Release|Any CPU.Deploy.0 = Release|Any CPU
		{3AC8C42D-06C7-4C8A-9CE1-EF5A45564A7A}.Release|ARM.ActiveCfg = Release|Any CPU
		{3AC8C42D-06C7-4C8A-9CE1-EF5A45564A7A}.Release|ARM.Build.0 = Release|Any CPU
		{3AC8C42D-06C7-4C8A-9CE1-EF5A45564A7A}.Release|ARM.Deploy.0 = Release|Any CPU
		{3AC8C42D-06C7-4C8A-9CE1-EF5A45564A7A}.Release|iPhone.ActiveCfg = Release|Any CPU
		{3AC8C42D-06C7-4C8A-9CE1-EF5A45564A7A}.Release|iPhone.Build.0 = Release|Any CPU
		{3AC8C42D-06C7-4C8A-9CE1-EF5A45564A7A}.Release|iPhone.Deploy.0 = Release|Any CPU
		{3AC8C42D-06C7-4C8A-9CE1-EF5A45564A7A}.Release|iPhoneSimulator.ActiveCfg = Release|Any CPU
		{3AC8C42D-06C7-4C8A-9CE1-EF5A45564A7A}.Release|iPhoneSimulator.Build.0 = Release|Any CPU
		{3AC8C42D-06C7-4C8A-9CE1-EF5A45564A7A}.Release|iPhoneSimulator.Deploy.0 = Release|Any CPU
		{3AC8C42D-06C7-4C8A-9CE1-EF5A45564A7A}.Release|x64.ActiveCfg = Release|Any CPU
		{3AC8C42D-06C7-4C8A-9CE1-EF5A45564A7A}.Release|x64.Build.0 = Release|Any CPU
		{3AC8C42D-06C7-4C8A-9CE1-EF5A45564A7A}.Release|x64.Deploy.0 = Release|Any CPU
		{3AC8C42D-06C7-4C8A-9CE1-EF5A45564A7A}.Release|x86.ActiveCfg = Release|Any CPU
		{3AC8C42D-06C7-4C8A-9CE1-EF5A45564A7A}.Release|x86.Build.0 = Release|Any CPU
		{3AC8C42D-06C7-4C8A-9CE1-EF5A45564A7A}.Release|x86.Deploy.0 = Release|Any CPU
		{76C64015-ED70-459F-8005-30240D3AC70C}.Ad-Hoc|Any CPU.ActiveCfg = Ad-Hoc|iPhone
		{76C64015-ED70-459F-8005-30240D3AC70C}.Ad-Hoc|ARM.ActiveCfg = Ad-Hoc|iPhone
		{76C64015-ED70-459F-8005-30240D3AC70C}.Ad-Hoc|iPhone.ActiveCfg = Ad-Hoc|iPhone
		{76C64015-ED70-459F-8005-30240D3AC70C}.Ad-Hoc|iPhone.Build.0 = Ad-Hoc|iPhone
		{76C64015-ED70-459F-8005-30240D3AC70C}.Ad-Hoc|iPhoneSimulator.ActiveCfg = Ad-Hoc|iPhoneSimulator
		{76C64015-ED70-459F-8005-30240D3AC70C}.Ad-Hoc|iPhoneSimulator.Build.0 = Ad-Hoc|iPhoneSimulator
		{76C64015-ED70-459F-8005-30240D3AC70C}.Ad-Hoc|x64.ActiveCfg = Ad-Hoc|iPhone
		{76C64015-ED70-459F-8005-30240D3AC70C}.Ad-Hoc|x86.ActiveCfg = Ad-Hoc|iPhone
		{76C64015-ED70-459F-8005-30240D3AC70C}.AppStore|Any CPU.ActiveCfg = AppStore|iPhone
		{76C64015-ED70-459F-8005-30240D3AC70C}.AppStore|ARM.ActiveCfg = AppStore|iPhone
		{76C64015-ED70-459F-8005-30240D3AC70C}.AppStore|iPhone.ActiveCfg = AppStore|iPhone
		{76C64015-ED70-459F-8005-30240D3AC70C}.AppStore|iPhone.Build.0 = AppStore|iPhone
		{76C64015-ED70-459F-8005-30240D3AC70C}.AppStore|iPhoneSimulator.ActiveCfg = AppStore|iPhoneSimulator
		{76C64015-ED70-459F-8005-30240D3AC70C}.AppStore|iPhoneSimulator.Build.0 = AppStore|iPhoneSimulator
		{76C64015-ED70-459F-8005-30240D3AC70C}.AppStore|x64.ActiveCfg = AppStore|iPhone
		{76C64015-ED70-459F-8005-30240D3AC70C}.AppStore|x86.ActiveCfg = AppStore|iPhone
		{76C64015-ED70-459F-8005-30240D3AC70C}.Debug|Any CPU.ActiveCfg = Debug|iPhone
		{76C64015-ED70-459F-8005-30240D3AC70C}.Debug|ARM.ActiveCfg = Debug|iPhone
		{76C64015-ED70-459F-8005-30240D3AC70C}.Debug|iPhone.ActiveCfg = Debug|iPhone
		{76C64015-ED70-459F-8005-30240D3AC70C}.Debug|iPhone.Build.0 = Debug|iPhone
		{76C64015-ED70-459F-8005-30240D3AC70C}.Debug|iPhoneSimulator.ActiveCfg = Debug|iPhoneSimulator
		{76C64015-ED70-459F-8005-30240D3AC70C}.Debug|iPhoneSimulator.Build.0 = Debug|iPhoneSimulator
		{76C64015-ED70-459F-8005-30240D3AC70C}.Debug|x64.ActiveCfg = Debug|iPhone
		{76C64015-ED70-459F-8005-30240D3AC70C}.Debug|x86.ActiveCfg = Debug|iPhone
		{76C64015-ED70-459F-8005-30240D3AC70C}.Release|Any CPU.ActiveCfg = Release|iPhone
		{76C64015-ED70-459F-8005-30240D3AC70C}.Release|ARM.ActiveCfg = Release|iPhone
		{76C64015-ED70-459F-8005-30240D3AC70C}.Release|iPhone.ActiveCfg = Release|iPhone
		{76C64015-ED70-459F-8005-30240D3AC70C}.Release|iPhone.Build.0 = Release|iPhone
		{76C64015-ED70-459F-8005-30240D3AC70C}.Release|iPhoneSimulator.ActiveCfg = Release|iPhoneSimulator
		{76C64015-ED70-459F-8005-30240D3AC70C}.Release|iPhoneSimulator.Build.0 = Release|iPhoneSimulator
		{76C64015-ED70-459F-8005-30240D3AC70C}.Release|x64.ActiveCfg = Release|iPhone
		{76C64015-ED70-459F-8005-30240D3AC70C}.Release|x86.ActiveCfg = Release|iPhone
		{A409FFB5-06DE-473A-9307-F067BF56BB16}.Ad-Hoc|Any CPU.ActiveCfg = Debug|Any CPU
		{A409FFB5-06DE-473A-9307-F067BF56BB16}.Ad-Hoc|Any CPU.Build.0 = Debug|Any CPU
		{A409FFB5-06DE-473A-9307-F067BF56BB16}.Ad-Hoc|ARM.ActiveCfg = Debug|Any CPU
		{A409FFB5-06DE-473A-9307-F067BF56BB16}.Ad-Hoc|ARM.Build.0 = Debug|Any CPU
		{A409FFB5-06DE-473A-9307-F067BF56BB16}.Ad-Hoc|iPhone.ActiveCfg = Debug|Any CPU
		{A409FFB5-06DE-473A-9307-F067BF56BB16}.Ad-Hoc|iPhone.Build.0 = Debug|Any CPU
		{A409FFB5-06DE-473A-9307-F067BF56BB16}.Ad-Hoc|iPhoneSimulator.ActiveCfg = Debug|Any CPU
		{A409FFB5-06DE-473A-9307-F067BF56BB16}.Ad-Hoc|iPhoneSimulator.Build.0 = Debug|Any CPU
		{A409FFB5-06DE-473A-9307-F067BF56BB16}.Ad-Hoc|x64.ActiveCfg = Debug|Any CPU
		{A409FFB5-06DE-473A-9307-F067BF56BB16}.Ad-Hoc|x64.Build.0 = Debug|Any CPU
		{A409FFB5-06DE-473A-9307-F067BF56BB16}.Ad-Hoc|x86.ActiveCfg = Debug|Any CPU
		{A409FFB5-06DE-473A-9307-F067BF56BB16}.Ad-Hoc|x86.Build.0 = Debug|Any CPU
		{A409FFB5-06DE-473A-9307-F067BF56BB16}.AppStore|Any CPU.ActiveCfg = Debug|Any CPU
		{A409FFB5-06DE-473A-9307-F067BF56BB16}.AppStore|Any CPU.Build.0 = Debug|Any CPU
		{A409FFB5-06DE-473A-9307-F067BF56BB16}.AppStore|ARM.ActiveCfg = Debug|Any CPU
		{A409FFB5-06DE-473A-9307-F067BF56BB16}.AppStore|ARM.Build.0 = Debug|Any CPU
		{A409FFB5-06DE-473A-9307-F067BF56BB16}.AppStore|iPhone.ActiveCfg = Debug|Any CPU
		{A409FFB5-06DE-473A-9307-F067BF56BB16}.AppStore|iPhone.Build.0 = Debug|Any CPU
		{A409FFB5-06DE-473A-9307-F067BF56BB16}.AppStore|iPhoneSimulator.ActiveCfg = Debug|Any CPU
		{A409FFB5-06DE-473A-9307-F067BF56BB16}.AppStore|iPhoneSimulator.Build.0 = Debug|Any CPU
		{A409FFB5-06DE-473A-9307-F067BF56BB16}.AppStore|x64.ActiveCfg = Debug|Any CPU
		{A409FFB5-06DE-473A-9307-F067BF56BB16}.AppStore|x64.Build.0 = Debug|Any CPU
		{A409FFB5-06DE-473A-9307-F067BF56BB16}.AppStore|x86.ActiveCfg = Debug|Any CPU
		{A409FFB5-06DE-473A-9307-F067BF56BB16}.AppStore|x86.Build.0 = Debug|Any CPU
		{A409FFB5-06DE-473A-9307-F067BF56BB16}.Debug|Any CPU.ActiveCfg = Debug|Any CPU
		{A409FFB5-06DE-473A-9307-F067BF56BB16}.Debug|Any CPU.Build.0 = Debug|Any CPU
		{A409FFB5-06DE-473A-9307-F067BF56BB16}.Debug|ARM.ActiveCfg = Debug|Any CPU
		{A409FFB5-06DE-473A-9307-F067BF56BB16}.Debug|ARM.Build.0 = Debug|Any CPU
		{A409FFB5-06DE-473A-9307-F067BF56BB16}.Debug|iPhone.ActiveCfg = Debug|Any CPU
		{A409FFB5-06DE-473A-9307-F067BF56BB16}.Debug|iPhone.Build.0 = Debug|Any CPU
		{A409FFB5-06DE-473A-9307-F067BF56BB16}.Debug|iPhoneSimulator.ActiveCfg = Debug|Any CPU
		{A409FFB5-06DE-473A-9307-F067BF56BB16}.Debug|iPhoneSimulator.Build.0 = Debug|Any CPU
		{A409FFB5-06DE-473A-9307-F067BF56BB16}.Debug|x64.ActiveCfg = Debug|Any CPU
		{A409FFB5-06DE-473A-9307-F067BF56BB16}.Debug|x64.Build.0 = Debug|Any CPU
		{A409FFB5-06DE-473A-9307-F067BF56BB16}.Debug|x86.ActiveCfg = Debug|Any CPU
		{A409FFB5-06DE-473A-9307-F067BF56BB16}.Debug|x86.Build.0 = Debug|Any CPU
		{A409FFB5-06DE-473A-9307-F067BF56BB16}.Release|Any CPU.ActiveCfg = Release|Any CPU
		{A409FFB5-06DE-473A-9307-F067BF56BB16}.Release|Any CPU.Build.0 = Release|Any CPU
		{A409FFB5-06DE-473A-9307-F067BF56BB16}.Release|ARM.ActiveCfg = Release|Any CPU
		{A409FFB5-06DE-473A-9307-F067BF56BB16}.Release|ARM.Build.0 = Release|Any CPU
		{A409FFB5-06DE-473A-9307-F067BF56BB16}.Release|iPhone.ActiveCfg = Release|Any CPU
		{A409FFB5-06DE-473A-9307-F067BF56BB16}.Release|iPhone.Build.0 = Release|Any CPU
		{A409FFB5-06DE-473A-9307-F067BF56BB16}.Release|iPhoneSimulator.ActiveCfg = Release|Any CPU
		{A409FFB5-06DE-473A-9307-F067BF56BB16}.Release|iPhoneSimulator.Build.0 = Release|Any CPU
		{A409FFB5-06DE-473A-9307-F067BF56BB16}.Release|x64.ActiveCfg = Release|Any CPU
		{A409FFB5-06DE-473A-9307-F067BF56BB16}.Release|x64.Build.0 = Release|Any CPU
		{A409FFB5-06DE-473A-9307-F067BF56BB16}.Release|x86.ActiveCfg = Release|Any CPU
		{A409FFB5-06DE-473A-9307-F067BF56BB16}.Release|x86.Build.0 = Release|Any CPU
		{7E3B3D2E-DC80-4EA5-B3BD-7453ADEC4C34}.Ad-Hoc|Any CPU.ActiveCfg = Debug|Any CPU
		{7E3B3D2E-DC80-4EA5-B3BD-7453ADEC4C34}.Ad-Hoc|Any CPU.Build.0 = Debug|Any CPU
		{7E3B3D2E-DC80-4EA5-B3BD-7453ADEC4C34}.Ad-Hoc|ARM.ActiveCfg = Debug|Any CPU
		{7E3B3D2E-DC80-4EA5-B3BD-7453ADEC4C34}.Ad-Hoc|ARM.Build.0 = Debug|Any CPU
		{7E3B3D2E-DC80-4EA5-B3BD-7453ADEC4C34}.Ad-Hoc|iPhone.ActiveCfg = Debug|Any CPU
		{7E3B3D2E-DC80-4EA5-B3BD-7453ADEC4C34}.Ad-Hoc|iPhone.Build.0 = Debug|Any CPU
		{7E3B3D2E-DC80-4EA5-B3BD-7453ADEC4C34}.Ad-Hoc|iPhoneSimulator.ActiveCfg = Debug|Any CPU
		{7E3B3D2E-DC80-4EA5-B3BD-7453ADEC4C34}.Ad-Hoc|iPhoneSimulator.Build.0 = Debug|Any CPU
		{7E3B3D2E-DC80-4EA5-B3BD-7453ADEC4C34}.Ad-Hoc|x64.ActiveCfg = Debug|Any CPU
		{7E3B3D2E-DC80-4EA5-B3BD-7453ADEC4C34}.Ad-Hoc|x64.Build.0 = Debug|Any CPU
		{7E3B3D2E-DC80-4EA5-B3BD-7453ADEC4C34}.Ad-Hoc|x86.ActiveCfg = Debug|Any CPU
		{7E3B3D2E-DC80-4EA5-B3BD-7453ADEC4C34}.Ad-Hoc|x86.Build.0 = Debug|Any CPU
		{7E3B3D2E-DC80-4EA5-B3BD-7453ADEC4C34}.AppStore|Any CPU.ActiveCfg = Debug|Any CPU
		{7E3B3D2E-DC80-4EA5-B3BD-7453ADEC4C34}.AppStore|Any CPU.Build.0 = Debug|Any CPU
		{7E3B3D2E-DC80-4EA5-B3BD-7453ADEC4C34}.AppStore|ARM.ActiveCfg = Debug|Any CPU
		{7E3B3D2E-DC80-4EA5-B3BD-7453ADEC4C34}.AppStore|ARM.Build.0 = Debug|Any CPU
		{7E3B3D2E-DC80-4EA5-B3BD-7453ADEC4C34}.AppStore|iPhone.ActiveCfg = Debug|Any CPU
		{7E3B3D2E-DC80-4EA5-B3BD-7453ADEC4C34}.AppStore|iPhone.Build.0 = Debug|Any CPU
		{7E3B3D2E-DC80-4EA5-B3BD-7453ADEC4C34}.AppStore|iPhoneSimulator.ActiveCfg = Debug|Any CPU
		{7E3B3D2E-DC80-4EA5-B3BD-7453ADEC4C34}.AppStore|iPhoneSimulator.Build.0 = Debug|Any CPU
		{7E3B3D2E-DC80-4EA5-B3BD-7453ADEC4C34}.AppStore|x64.ActiveCfg = Debug|Any CPU
		{7E3B3D2E-DC80-4EA5-B3BD-7453ADEC4C34}.AppStore|x64.Build.0 = Debug|Any CPU
		{7E3B3D2E-DC80-4EA5-B3BD-7453ADEC4C34}.AppStore|x86.ActiveCfg = Debug|Any CPU
		{7E3B3D2E-DC80-4EA5-B3BD-7453ADEC4C34}.AppStore|x86.Build.0 = Debug|Any CPU
		{7E3B3D2E-DC80-4EA5-B3BD-7453ADEC4C34}.Debug|Any CPU.ActiveCfg = Debug|Any CPU
		{7E3B3D2E-DC80-4EA5-B3BD-7453ADEC4C34}.Debug|Any CPU.Build.0 = Debug|Any CPU
		{7E3B3D2E-DC80-4EA5-B3BD-7453ADEC4C34}.Debug|ARM.ActiveCfg = Debug|Any CPU
		{7E3B3D2E-DC80-4EA5-B3BD-7453ADEC4C34}.Debug|ARM.Build.0 = Debug|Any CPU
		{7E3B3D2E-DC80-4EA5-B3BD-7453ADEC4C34}.Debug|iPhone.ActiveCfg = Debug|Any CPU
		{7E3B3D2E-DC80-4EA5-B3BD-7453ADEC4C34}.Debug|iPhone.Build.0 = Debug|Any CPU
		{7E3B3D2E-DC80-4EA5-B3BD-7453ADEC4C34}.Debug|iPhoneSimulator.ActiveCfg = Debug|Any CPU
		{7E3B3D2E-DC80-4EA5-B3BD-7453ADEC4C34}.Debug|iPhoneSimulator.Build.0 = Debug|Any CPU
		{7E3B3D2E-DC80-4EA5-B3BD-7453ADEC4C34}.Debug|x64.ActiveCfg = Debug|Any CPU
		{7E3B3D2E-DC80-4EA5-B3BD-7453ADEC4C34}.Debug|x64.Build.0 = Debug|Any CPU
		{7E3B3D2E-DC80-4EA5-B3BD-7453ADEC4C34}.Debug|x86.ActiveCfg = Debug|Any CPU
		{7E3B3D2E-DC80-4EA5-B3BD-7453ADEC4C34}.Debug|x86.Build.0 = Debug|Any CPU
		{7E3B3D2E-DC80-4EA5-B3BD-7453ADEC4C34}.Release|Any CPU.ActiveCfg = Release|Any CPU
		{7E3B3D2E-DC80-4EA5-B3BD-7453ADEC4C34}.Release|Any CPU.Build.0 = Release|Any CPU
		{7E3B3D2E-DC80-4EA5-B3BD-7453ADEC4C34}.Release|ARM.ActiveCfg = Release|Any CPU
		{7E3B3D2E-DC80-4EA5-B3BD-7453ADEC4C34}.Release|ARM.Build.0 = Release|Any CPU
		{7E3B3D2E-DC80-4EA5-B3BD-7453ADEC4C34}.Release|iPhone.ActiveCfg = Release|Any CPU
		{7E3B3D2E-DC80-4EA5-B3BD-7453ADEC4C34}.Release|iPhone.Build.0 = Release|Any CPU
		{7E3B3D2E-DC80-4EA5-B3BD-7453ADEC4C34}.Release|iPhoneSimulator.ActiveCfg = Release|Any CPU
		{7E3B3D2E-DC80-4EA5-B3BD-7453ADEC4C34}.Release|iPhoneSimulator.Build.0 = Release|Any CPU
		{7E3B3D2E-DC80-4EA5-B3BD-7453ADEC4C34}.Release|x64.ActiveCfg = Release|Any CPU
		{7E3B3D2E-DC80-4EA5-B3BD-7453ADEC4C34}.Release|x64.Build.0 = Release|Any CPU
		{7E3B3D2E-DC80-4EA5-B3BD-7453ADEC4C34}.Release|x86.ActiveCfg = Release|Any CPU
		{7E3B3D2E-DC80-4EA5-B3BD-7453ADEC4C34}.Release|x86.Build.0 = Release|Any CPU
		{548B035B-2072-4937-81E8-8BB3A79FE4F7}.Ad-Hoc|Any CPU.ActiveCfg = Debug|Any CPU
		{548B035B-2072-4937-81E8-8BB3A79FE4F7}.Ad-Hoc|Any CPU.Build.0 = Debug|Any CPU
		{548B035B-2072-4937-81E8-8BB3A79FE4F7}.Ad-Hoc|ARM.ActiveCfg = Debug|Any CPU
		{548B035B-2072-4937-81E8-8BB3A79FE4F7}.Ad-Hoc|ARM.Build.0 = Debug|Any CPU
		{548B035B-2072-4937-81E8-8BB3A79FE4F7}.Ad-Hoc|iPhone.ActiveCfg = Debug|Any CPU
		{548B035B-2072-4937-81E8-8BB3A79FE4F7}.Ad-Hoc|iPhone.Build.0 = Debug|Any CPU
		{548B035B-2072-4937-81E8-8BB3A79FE4F7}.Ad-Hoc|iPhoneSimulator.ActiveCfg = Debug|Any CPU
		{548B035B-2072-4937-81E8-8BB3A79FE4F7}.Ad-Hoc|iPhoneSimulator.Build.0 = Debug|Any CPU
		{548B035B-2072-4937-81E8-8BB3A79FE4F7}.Ad-Hoc|x64.ActiveCfg = Debug|Any CPU
		{548B035B-2072-4937-81E8-8BB3A79FE4F7}.Ad-Hoc|x64.Build.0 = Debug|Any CPU
		{548B035B-2072-4937-81E8-8BB3A79FE4F7}.Ad-Hoc|x86.ActiveCfg = Debug|Any CPU
		{548B035B-2072-4937-81E8-8BB3A79FE4F7}.Ad-Hoc|x86.Build.0 = Debug|Any CPU
		{548B035B-2072-4937-81E8-8BB3A79FE4F7}.AppStore|Any CPU.ActiveCfg = Debug|Any CPU
		{548B035B-2072-4937-81E8-8BB3A79FE4F7}.AppStore|Any CPU.Build.0 = Debug|Any CPU
		{548B035B-2072-4937-81E8-8BB3A79FE4F7}.AppStore|ARM.ActiveCfg = Debug|Any CPU
		{548B035B-2072-4937-81E8-8BB3A79FE4F7}.AppStore|ARM.Build.0 = Debug|Any CPU
		{548B035B-2072-4937-81E8-8BB3A79FE4F7}.AppStore|iPhone.ActiveCfg = Debug|Any CPU
		{548B035B-2072-4937-81E8-8BB3A79FE4F7}.AppStore|iPhone.Build.0 = Debug|Any CPU
		{548B035B-2072-4937-81E8-8BB3A79FE4F7}.AppStore|iPhoneSimulator.ActiveCfg = Debug|Any CPU
		{548B035B-2072-4937-81E8-8BB3A79FE4F7}.AppStore|iPhoneSimulator.Build.0 = Debug|Any CPU
		{548B035B-2072-4937-81E8-8BB3A79FE4F7}.AppStore|x64.ActiveCfg = Debug|Any CPU
		{548B035B-2072-4937-81E8-8BB3A79FE4F7}.AppStore|x64.Build.0 = Debug|Any CPU
		{548B035B-2072-4937-81E8-8BB3A79FE4F7}.AppStore|x86.ActiveCfg = Debug|Any CPU
		{548B035B-2072-4937-81E8-8BB3A79FE4F7}.AppStore|x86.Build.0 = Debug|Any CPU
		{548B035B-2072-4937-81E8-8BB3A79FE4F7}.Debug|Any CPU.ActiveCfg = Debug|Any CPU
		{548B035B-2072-4937-81E8-8BB3A79FE4F7}.Debug|Any CPU.Build.0 = Debug|Any CPU
		{548B035B-2072-4937-81E8-8BB3A79FE4F7}.Debug|ARM.ActiveCfg = Debug|Any CPU
		{548B035B-2072-4937-81E8-8BB3A79FE4F7}.Debug|ARM.Build.0 = Debug|Any CPU
		{548B035B-2072-4937-81E8-8BB3A79FE4F7}.Debug|iPhone.ActiveCfg = Debug|Any CPU
		{548B035B-2072-4937-81E8-8BB3A79FE4F7}.Debug|iPhone.Build.0 = Debug|Any CPU
		{548B035B-2072-4937-81E8-8BB3A79FE4F7}.Debug|iPhoneSimulator.ActiveCfg = Debug|Any CPU
		{548B035B-2072-4937-81E8-8BB3A79FE4F7}.Debug|iPhoneSimulator.Build.0 = Debug|Any CPU
		{548B035B-2072-4937-81E8-8BB3A79FE4F7}.Debug|x64.ActiveCfg = Debug|Any CPU
		{548B035B-2072-4937-81E8-8BB3A79FE4F7}.Debug|x64.Build.0 = Debug|Any CPU
		{548B035B-2072-4937-81E8-8BB3A79FE4F7}.Debug|x86.ActiveCfg = Debug|Any CPU
		{548B035B-2072-4937-81E8-8BB3A79FE4F7}.Debug|x86.Build.0 = Debug|Any CPU
		{548B035B-2072-4937-81E8-8BB3A79FE4F7}.Release|Any CPU.ActiveCfg = Release|Any CPU
		{548B035B-2072-4937-81E8-8BB3A79FE4F7}.Release|Any CPU.Build.0 = Release|Any CPU
		{548B035B-2072-4937-81E8-8BB3A79FE4F7}.Release|ARM.ActiveCfg = Release|Any CPU
		{548B035B-2072-4937-81E8-8BB3A79FE4F7}.Release|ARM.Build.0 = Release|Any CPU
		{548B035B-2072-4937-81E8-8BB3A79FE4F7}.Release|iPhone.ActiveCfg = Release|Any CPU
		{548B035B-2072-4937-81E8-8BB3A79FE4F7}.Release|iPhone.Build.0 = Release|Any CPU
		{548B035B-2072-4937-81E8-8BB3A79FE4F7}.Release|iPhoneSimulator.ActiveCfg = Release|Any CPU
		{548B035B-2072-4937-81E8-8BB3A79FE4F7}.Release|iPhoneSimulator.Build.0 = Release|Any CPU
		{548B035B-2072-4937-81E8-8BB3A79FE4F7}.Release|x64.ActiveCfg = Release|Any CPU
		{548B035B-2072-4937-81E8-8BB3A79FE4F7}.Release|x64.Build.0 = Release|Any CPU
		{548B035B-2072-4937-81E8-8BB3A79FE4F7}.Release|x86.ActiveCfg = Release|Any CPU
		{548B035B-2072-4937-81E8-8BB3A79FE4F7}.Release|x86.Build.0 = Release|Any CPU
		{958472E2-8120-4D16-B8A5-E66289FEAA67}.Ad-Hoc|Any CPU.ActiveCfg = Debug|Any CPU
		{958472E2-8120-4D16-B8A5-E66289FEAA67}.Ad-Hoc|Any CPU.Build.0 = Debug|Any CPU
		{958472E2-8120-4D16-B8A5-E66289FEAA67}.Ad-Hoc|ARM.ActiveCfg = Debug|Any CPU
		{958472E2-8120-4D16-B8A5-E66289FEAA67}.Ad-Hoc|ARM.Build.0 = Debug|Any CPU
		{958472E2-8120-4D16-B8A5-E66289FEAA67}.Ad-Hoc|iPhone.ActiveCfg = Debug|Any CPU
		{958472E2-8120-4D16-B8A5-E66289FEAA67}.Ad-Hoc|iPhone.Build.0 = Debug|Any CPU
		{958472E2-8120-4D16-B8A5-E66289FEAA67}.Ad-Hoc|iPhoneSimulator.ActiveCfg = Debug|Any CPU
		{958472E2-8120-4D16-B8A5-E66289FEAA67}.Ad-Hoc|iPhoneSimulator.Build.0 = Debug|Any CPU
		{958472E2-8120-4D16-B8A5-E66289FEAA67}.Ad-Hoc|x64.ActiveCfg = Debug|Any CPU
		{958472E2-8120-4D16-B8A5-E66289FEAA67}.Ad-Hoc|x64.Build.0 = Debug|Any CPU
		{958472E2-8120-4D16-B8A5-E66289FEAA67}.Ad-Hoc|x86.ActiveCfg = Debug|Any CPU
		{958472E2-8120-4D16-B8A5-E66289FEAA67}.Ad-Hoc|x86.Build.0 = Debug|Any CPU
		{958472E2-8120-4D16-B8A5-E66289FEAA67}.AppStore|Any CPU.ActiveCfg = Debug|Any CPU
		{958472E2-8120-4D16-B8A5-E66289FEAA67}.AppStore|Any CPU.Build.0 = Debug|Any CPU
		{958472E2-8120-4D16-B8A5-E66289FEAA67}.AppStore|ARM.ActiveCfg = Debug|Any CPU
		{958472E2-8120-4D16-B8A5-E66289FEAA67}.AppStore|ARM.Build.0 = Debug|Any CPU
		{958472E2-8120-4D16-B8A5-E66289FEAA67}.AppStore|iPhone.ActiveCfg = Debug|Any CPU
		{958472E2-8120-4D16-B8A5-E66289FEAA67}.AppStore|iPhone.Build.0 = Debug|Any CPU
		{958472E2-8120-4D16-B8A5-E66289FEAA67}.AppStore|iPhoneSimulator.ActiveCfg = Debug|Any CPU
		{958472E2-8120-4D16-B8A5-E66289FEAA67}.AppStore|iPhoneSimulator.Build.0 = Debug|Any CPU
		{958472E2-8120-4D16-B8A5-E66289FEAA67}.AppStore|x64.ActiveCfg = Debug|Any CPU
		{958472E2-8120-4D16-B8A5-E66289FEAA67}.AppStore|x64.Build.0 = Debug|Any CPU
		{958472E2-8120-4D16-B8A5-E66289FEAA67}.AppStore|x86.ActiveCfg = Debug|Any CPU
		{958472E2-8120-4D16-B8A5-E66289FEAA67}.AppStore|x86.Build.0 = Debug|Any CPU
		{958472E2-8120-4D16-B8A5-E66289FEAA67}.Debug|Any CPU.ActiveCfg = Debug|Any CPU
		{958472E2-8120-4D16-B8A5-E66289FEAA67}.Debug|Any CPU.Build.0 = Debug|Any CPU
		{958472E2-8120-4D16-B8A5-E66289FEAA67}.Debug|ARM.ActiveCfg = Debug|Any CPU
		{958472E2-8120-4D16-B8A5-E66289FEAA67}.Debug|ARM.Build.0 = Debug|Any CPU
		{958472E2-8120-4D16-B8A5-E66289FEAA67}.Debug|iPhone.ActiveCfg = Debug|Any CPU
		{958472E2-8120-4D16-B8A5-E66289FEAA67}.Debug|iPhone.Build.0 = Debug|Any CPU
		{958472E2-8120-4D16-B8A5-E66289FEAA67}.Debug|iPhoneSimulator.ActiveCfg = Debug|Any CPU
		{958472E2-8120-4D16-B8A5-E66289FEAA67}.Debug|iPhoneSimulator.Build.0 = Debug|Any CPU
		{958472E2-8120-4D16-B8A5-E66289FEAA67}.Debug|x64.ActiveCfg = Debug|Any CPU
		{958472E2-8120-4D16-B8A5-E66289FEAA67}.Debug|x64.Build.0 = Debug|Any CPU
		{958472E2-8120-4D16-B8A5-E66289FEAA67}.Debug|x86.ActiveCfg = Debug|Any CPU
		{958472E2-8120-4D16-B8A5-E66289FEAA67}.Debug|x86.Build.0 = Debug|Any CPU
		{958472E2-8120-4D16-B8A5-E66289FEAA67}.Release|Any CPU.ActiveCfg = Release|Any CPU
		{958472E2-8120-4D16-B8A5-E66289FEAA67}.Release|Any CPU.Build.0 = Release|Any CPU
		{958472E2-8120-4D16-B8A5-E66289FEAA67}.Release|ARM.ActiveCfg = Release|Any CPU
		{958472E2-8120-4D16-B8A5-E66289FEAA67}.Release|ARM.Build.0 = Release|Any CPU
		{958472E2-8120-4D16-B8A5-E66289FEAA67}.Release|iPhone.ActiveCfg = Release|Any CPU
		{958472E2-8120-4D16-B8A5-E66289FEAA67}.Release|iPhone.Build.0 = Release|Any CPU
		{958472E2-8120-4D16-B8A5-E66289FEAA67}.Release|iPhoneSimulator.ActiveCfg = Release|Any CPU
		{958472E2-8120-4D16-B8A5-E66289FEAA67}.Release|iPhoneSimulator.Build.0 = Release|Any CPU
		{958472E2-8120-4D16-B8A5-E66289FEAA67}.Release|x64.ActiveCfg = Release|Any CPU
		{958472E2-8120-4D16-B8A5-E66289FEAA67}.Release|x64.Build.0 = Release|Any CPU
		{958472E2-8120-4D16-B8A5-E66289FEAA67}.Release|x86.ActiveCfg = Release|Any CPU
		{958472E2-8120-4D16-B8A5-E66289FEAA67}.Release|x86.Build.0 = Release|Any CPU
		{FB4B5D3E-CDD7-45F6-A0A0-CCC736331932}.Ad-Hoc|Any CPU.ActiveCfg = Debug|Any CPU
		{FB4B5D3E-CDD7-45F6-A0A0-CCC736331932}.Ad-Hoc|Any CPU.Build.0 = Debug|Any CPU
		{FB4B5D3E-CDD7-45F6-A0A0-CCC736331932}.Ad-Hoc|ARM.ActiveCfg = Debug|Any CPU
		{FB4B5D3E-CDD7-45F6-A0A0-CCC736331932}.Ad-Hoc|ARM.Build.0 = Debug|Any CPU
		{FB4B5D3E-CDD7-45F6-A0A0-CCC736331932}.Ad-Hoc|iPhone.ActiveCfg = Debug|Any CPU
		{FB4B5D3E-CDD7-45F6-A0A0-CCC736331932}.Ad-Hoc|iPhone.Build.0 = Debug|Any CPU
		{FB4B5D3E-CDD7-45F6-A0A0-CCC736331932}.Ad-Hoc|iPhoneSimulator.ActiveCfg = Debug|Any CPU
		{FB4B5D3E-CDD7-45F6-A0A0-CCC736331932}.Ad-Hoc|iPhoneSimulator.Build.0 = Debug|Any CPU
		{FB4B5D3E-CDD7-45F6-A0A0-CCC736331932}.Ad-Hoc|x64.ActiveCfg = Debug|Any CPU
		{FB4B5D3E-CDD7-45F6-A0A0-CCC736331932}.Ad-Hoc|x64.Build.0 = Debug|Any CPU
		{FB4B5D3E-CDD7-45F6-A0A0-CCC736331932}.Ad-Hoc|x86.ActiveCfg = Debug|Any CPU
		{FB4B5D3E-CDD7-45F6-A0A0-CCC736331932}.Ad-Hoc|x86.Build.0 = Debug|Any CPU
		{FB4B5D3E-CDD7-45F6-A0A0-CCC736331932}.AppStore|Any CPU.ActiveCfg = Debug|Any CPU
		{FB4B5D3E-CDD7-45F6-A0A0-CCC736331932}.AppStore|Any CPU.Build.0 = Debug|Any CPU
		{FB4B5D3E-CDD7-45F6-A0A0-CCC736331932}.AppStore|ARM.ActiveCfg = Debug|Any CPU
		{FB4B5D3E-CDD7-45F6-A0A0-CCC736331932}.AppStore|ARM.Build.0 = Debug|Any CPU
		{FB4B5D3E-CDD7-45F6-A0A0-CCC736331932}.AppStore|iPhone.ActiveCfg = Debug|Any CPU
		{FB4B5D3E-CDD7-45F6-A0A0-CCC736331932}.AppStore|iPhone.Build.0 = Debug|Any CPU
		{FB4B5D3E-CDD7-45F6-A0A0-CCC736331932}.AppStore|iPhoneSimulator.ActiveCfg = Debug|Any CPU
		{FB4B5D3E-CDD7-45F6-A0A0-CCC736331932}.AppStore|iPhoneSimulator.Build.0 = Debug|Any CPU
		{FB4B5D3E-CDD7-45F6-A0A0-CCC736331932}.AppStore|x64.ActiveCfg = Debug|Any CPU
		{FB4B5D3E-CDD7-45F6-A0A0-CCC736331932}.AppStore|x64.Build.0 = Debug|Any CPU
		{FB4B5D3E-CDD7-45F6-A0A0-CCC736331932}.AppStore|x86.ActiveCfg = Debug|Any CPU
		{FB4B5D3E-CDD7-45F6-A0A0-CCC736331932}.AppStore|x86.Build.0 = Debug|Any CPU
		{FB4B5D3E-CDD7-45F6-A0A0-CCC736331932}.Debug|Any CPU.ActiveCfg = Debug|Any CPU
		{FB4B5D3E-CDD7-45F6-A0A0-CCC736331932}.Debug|Any CPU.Build.0 = Debug|Any CPU
		{FB4B5D3E-CDD7-45F6-A0A0-CCC736331932}.Debug|ARM.ActiveCfg = Debug|Any CPU
		{FB4B5D3E-CDD7-45F6-A0A0-CCC736331932}.Debug|ARM.Build.0 = Debug|Any CPU
		{FB4B5D3E-CDD7-45F6-A0A0-CCC736331932}.Debug|iPhone.ActiveCfg = Debug|Any CPU
		{FB4B5D3E-CDD7-45F6-A0A0-CCC736331932}.Debug|iPhone.Build.0 = Debug|Any CPU
		{FB4B5D3E-CDD7-45F6-A0A0-CCC736331932}.Debug|iPhoneSimulator.ActiveCfg = Debug|Any CPU
		{FB4B5D3E-CDD7-45F6-A0A0-CCC736331932}.Debug|iPhoneSimulator.Build.0 = Debug|Any CPU
		{FB4B5D3E-CDD7-45F6-A0A0-CCC736331932}.Debug|x64.ActiveCfg = Debug|Any CPU
		{FB4B5D3E-CDD7-45F6-A0A0-CCC736331932}.Debug|x64.Build.0 = Debug|Any CPU
		{FB4B5D3E-CDD7-45F6-A0A0-CCC736331932}.Debug|x86.ActiveCfg = Debug|Any CPU
		{FB4B5D3E-CDD7-45F6-A0A0-CCC736331932}.Debug|x86.Build.0 = Debug|Any CPU
		{FB4B5D3E-CDD7-45F6-A0A0-CCC736331932}.Release|Any CPU.ActiveCfg = Release|Any CPU
		{FB4B5D3E-CDD7-45F6-A0A0-CCC736331932}.Release|Any CPU.Build.0 = Release|Any CPU
		{FB4B5D3E-CDD7-45F6-A0A0-CCC736331932}.Release|ARM.ActiveCfg = Release|Any CPU
		{FB4B5D3E-CDD7-45F6-A0A0-CCC736331932}.Release|ARM.Build.0 = Release|Any CPU
		{FB4B5D3E-CDD7-45F6-A0A0-CCC736331932}.Release|iPhone.ActiveCfg = Release|Any CPU
		{FB4B5D3E-CDD7-45F6-A0A0-CCC736331932}.Release|iPhone.Build.0 = Release|Any CPU
		{FB4B5D3E-CDD7-45F6-A0A0-CCC736331932}.Release|iPhoneSimulator.ActiveCfg = Release|Any CPU
		{FB4B5D3E-CDD7-45F6-A0A0-CCC736331932}.Release|iPhoneSimulator.Build.0 = Release|Any CPU
		{FB4B5D3E-CDD7-45F6-A0A0-CCC736331932}.Release|x64.ActiveCfg = Release|Any CPU
		{FB4B5D3E-CDD7-45F6-A0A0-CCC736331932}.Release|x64.Build.0 = Release|Any CPU
		{FB4B5D3E-CDD7-45F6-A0A0-CCC736331932}.Release|x86.ActiveCfg = Release|Any CPU
		{FB4B5D3E-CDD7-45F6-A0A0-CCC736331932}.Release|x86.Build.0 = Release|Any CPU
	EndGlobalSection
	GlobalSection(SolutionProperties) = preSolution
		HideSolutionNode = FALSE
	EndGlobalSection
	GlobalSection(NestedProjects) = preSolution
		{E1E095AE-B0AA-48BF-BF97-CD51D5028A7A} = {C988B4E4-D877-4E29-AC5D-5F8A688D767F}
		{DD9316E9-809E-40A4-A9D5-77C3D6BD0DA2} = {272FE184-E1EE-4A2F-ABAC-0911E62B065E}
		{A5C1408D-B105-4241-AC42-26CC51BDAAEC} = {03CB0A89-6FAE-4729-910B-59EBF4D6E433}
		{8949C839-9F3C-4DEA-AC4A-E1E205035AE9} = {A5C1408D-B105-4241-AC42-26CC51BDAAEC}
		{B03CF22A-7D01-4843-9ECF-B5977FD7ACDC} = {C988B4E4-D877-4E29-AC5D-5F8A688D767F}
		{FD863239-0F62-4EEC-82D2-DE3E80FD1497} = {A5C1408D-B105-4241-AC42-26CC51BDAAEC}
		{33F779BA-CC70-4EF2-8610-BA5942409D51} = {03CB0A89-6FAE-4729-910B-59EBF4D6E433}
		{2061A438-4D87-4A31-B8EF-3F8CE7D848FB} = {272FE184-E1EE-4A2F-ABAC-0911E62B065E}
		{3AC8C42D-06C7-4C8A-9CE1-EF5A45564A7A} = {C988B4E4-D877-4E29-AC5D-5F8A688D767F}
		{76C64015-ED70-459F-8005-30240D3AC70C} = {C988B4E4-D877-4E29-AC5D-5F8A688D767F}
		{A409FFB5-06DE-473A-9307-F067BF56BB16} = {272FE184-E1EE-4A2F-ABAC-0911E62B065E}
		{7E3B3D2E-DC80-4EA5-B3BD-7453ADEC4C34} = {03CB0A89-6FAE-4729-910B-59EBF4D6E433}
		{548B035B-2072-4937-81E8-8BB3A79FE4F7} = {272FE184-E1EE-4A2F-ABAC-0911E62B065E}
		{958472E2-8120-4D16-B8A5-E66289FEAA67} = {272FE184-E1EE-4A2F-ABAC-0911E62B065E}
		{FB4B5D3E-CDD7-45F6-A0A0-CCC736331932} = {272FE184-E1EE-4A2F-ABAC-0911E62B065E}
	EndGlobalSection
	GlobalSection(ExtensibilityGlobals) = postSolution
		SolutionGuid = {9F9A5D20-98BF-489B-800E-3194BD20D49B}
	EndGlobalSection
EndGlobal
