
Microsoft Visual Studio Solution File, Format Version 12.00
# Visual Studio 15
VisualStudioVersion = 15.0.28010.2026
MinimumVisualStudioVersion = 10.0.40219.1
Project("{9A19103F-16F7-4668-BE54-9A1E7A4F7556}") = "StreamGoals.Server", "StreamGoals.Server\StreamGoals.Server.csproj", "{68404241-339F-45BA-B188-E7218482F5D4}"
EndProject
Project("{9A19103F-16F7-4668-BE54-9A1E7A4F7556}") = "StreamGoals.App", "StreamGoals.App\StreamGoals.App.csproj", "{A612E5C9-D494-40FE-BF5D-ED69FE1C6C67}"
EndProject
Project("{9A19103F-16F7-4668-BE54-9A1E7A4F7556}") = "StreamGoals.Shared", "..\StreamGoals.Shared\StreamGoals.Shared.csproj", "{4D898AA5-C94D-4EFB-8659-F6970CB485E3}"
EndProject
Project("{FAE04EC0-301F-11D3-BF4B-00C04F79EFBC}") = "Stream.Goals.Android", "Stream.Goals\Stream.Goals.Android\Stream.Goals.Android.csproj", "{24CE3C36-16B9-426D-AA0C-5961ECF8D88C}"
EndProject
Project("{FAE04EC0-301F-11D3-BF4B-00C04F79EFBC}") = "Stream.Goals.iOS", "Stream.Goals\Stream.Goals.iOS\Stream.Goals.iOS.csproj", "{9C75D17B-567E-4302-A42F-D84F52AB88A5}"
EndProject
Project("{FAE04EC0-301F-11D3-BF4B-00C04F79EFBC}") = "Stream.Goals.UWP", "Stream.Goals\Stream.Goals.UWP\Stream.Goals.UWP.csproj", "{1007666C-7BEC-4F99-8B4A-03C11D1A6CE1}"
EndProject
Project("{9A19103F-16F7-4668-BE54-9A1E7A4F7556}") = "Stream.Goals", "Stream.Goals\Stream.Goals\Stream.Goals.csproj", "{32217CE5-9251-4F48-9CF7-B55EE0103C18}"
EndProject
Project("{FAE04EC0-301F-11D3-BF4B-00C04F79EFBC}") = "StreamGoals.UWP", "StreamGoals.UWP\StreamGoals.UWP.csproj", "{CE7483CA-73E6-4A58-8F61-ADF836CE8147}"
EndProject
Global
	GlobalSection(SolutionConfigurationPlatforms) = preSolution
		Debug|Any CPU = Debug|Any CPU
		Debug|ARM = Debug|ARM
		Debug|iPhone = Debug|iPhone
		Debug|iPhoneSimulator = Debug|iPhoneSimulator
		Debug|x64 = Debug|x64
		Debug|x86 = Debug|x86
		Release|Any CPU = Release|Any CPU
		Release|ARM = Release|ARM
		Release|iPhone = Release|iPhone
		Release|iPhoneSimulator = Release|iPhoneSimulator
		Release|x64 = Release|x64
		Release|x86 = Release|x86
	EndGlobalSection
	GlobalSection(ProjectConfigurationPlatforms) = postSolution
		{68404241-339F-45BA-B188-E7218482F5D4}.Debug|Any CPU.ActiveCfg = Debug|Any CPU
		{68404241-339F-45BA-B188-E7218482F5D4}.Debug|Any CPU.Build.0 = Debug|Any CPU
		{68404241-339F-45BA-B188-E7218482F5D4}.Debug|ARM.ActiveCfg = Debug|Any CPU
		{68404241-339F-45BA-B188-E7218482F5D4}.Debug|ARM.Build.0 = Debug|Any CPU
		{68404241-339F-45BA-B188-E7218482F5D4}.Debug|iPhone.ActiveCfg = Debug|Any CPU
		{68404241-339F-45BA-B188-E7218482F5D4}.Debug|iPhone.Build.0 = Debug|Any CPU
		{68404241-339F-45BA-B188-E7218482F5D4}.Debug|iPhoneSimulator.ActiveCfg = Debug|Any CPU
		{68404241-339F-45BA-B188-E7218482F5D4}.Debug|iPhoneSimulator.Build.0 = Debug|Any CPU
		{68404241-339F-45BA-B188-E7218482F5D4}.Debug|x64.ActiveCfg = Debug|Any CPU
		{68404241-339F-45BA-B188-E7218482F5D4}.Debug|x64.Build.0 = Debug|Any CPU
		{68404241-339F-45BA-B188-E7218482F5D4}.Debug|x86.ActiveCfg = Debug|Any CPU
		{68404241-339F-45BA-B188-E7218482F5D4}.Debug|x86.Build.0 = Debug|Any CPU
		{68404241-339F-45BA-B188-E7218482F5D4}.Release|Any CPU.ActiveCfg = Release|Any CPU
		{68404241-339F-45BA-B188-E7218482F5D4}.Release|Any CPU.Build.0 = Release|Any CPU
		{68404241-339F-45BA-B188-E7218482F5D4}.Release|ARM.ActiveCfg = Release|Any CPU
		{68404241-339F-45BA-B188-E7218482F5D4}.Release|ARM.Build.0 = Release|Any CPU
		{68404241-339F-45BA-B188-E7218482F5D4}.Release|iPhone.ActiveCfg = Release|Any CPU
		{68404241-339F-45BA-B188-E7218482F5D4}.Release|iPhone.Build.0 = Release|Any CPU
		{68404241-339F-45BA-B188-E7218482F5D4}.Release|iPhoneSimulator.ActiveCfg = Release|Any CPU
		{68404241-339F-45BA-B188-E7218482F5D4}.Release|iPhoneSimulator.Build.0 = Release|Any CPU
		{68404241-339F-45BA-B188-E7218482F5D4}.Release|x64.ActiveCfg = Release|Any CPU
		{68404241-339F-45BA-B188-E7218482F5D4}.Release|x64.Build.0 = Release|Any CPU
		{68404241-339F-45BA-B188-E7218482F5D4}.Release|x86.ActiveCfg = Release|Any CPU
		{68404241-339F-45BA-B188-E7218482F5D4}.Release|x86.Build.0 = Release|Any CPU
		{A612E5C9-D494-40FE-BF5D-ED69FE1C6C67}.Debug|Any CPU.ActiveCfg = Debug|Any CPU
		{A612E5C9-D494-40FE-BF5D-ED69FE1C6C67}.Debug|Any CPU.Build.0 = Debug|Any CPU
		{A612E5C9-D494-40FE-BF5D-ED69FE1C6C67}.Debug|ARM.ActiveCfg = Debug|Any CPU
		{A612E5C9-D494-40FE-BF5D-ED69FE1C6C67}.Debug|ARM.Build.0 = Debug|Any CPU
		{A612E5C9-D494-40FE-BF5D-ED69FE1C6C67}.Debug|iPhone.ActiveCfg = Debug|Any CPU
		{A612E5C9-D494-40FE-BF5D-ED69FE1C6C67}.Debug|iPhone.Build.0 = Debug|Any CPU
		{A612E5C9-D494-40FE-BF5D-ED69FE1C6C67}.Debug|iPhoneSimulator.ActiveCfg = Debug|Any CPU
		{A612E5C9-D494-40FE-BF5D-ED69FE1C6C67}.Debug|iPhoneSimulator.Build.0 = Debug|Any CPU
		{A612E5C9-D494-40FE-BF5D-ED69FE1C6C67}.Debug|x64.ActiveCfg = Debug|Any CPU
		{A612E5C9-D494-40FE-BF5D-ED69FE1C6C67}.Debug|x64.Build.0 = Debug|Any CPU
		{A612E5C9-D494-40FE-BF5D-ED69FE1C6C67}.Debug|x86.ActiveCfg = Debug|Any CPU
		{A612E5C9-D494-40FE-BF5D-ED69FE1C6C67}.Debug|x86.Build.0 = Debug|Any CPU
		{A612E5C9-D494-40FE-BF5D-ED69FE1C6C67}.Release|Any CPU.ActiveCfg = Release|Any CPU
		{A612E5C9-D494-40FE-BF5D-ED69FE1C6C67}.Release|Any CPU.Build.0 = Release|Any CPU
		{A612E5C9-D494-40FE-BF5D-ED69FE1C6C67}.Release|ARM.ActiveCfg = Release|Any CPU
		{A612E5C9-D494-40FE-BF5D-ED69FE1C6C67}.Release|ARM.Build.0 = Release|Any CPU
		{A612E5C9-D494-40FE-BF5D-ED69FE1C6C67}.Release|iPhone.ActiveCfg = Release|Any CPU
		{A612E5C9-D494-40FE-BF5D-ED69FE1C6C67}.Release|iPhone.Build.0 = Release|Any CPU
		{A612E5C9-D494-40FE-BF5D-ED69FE1C6C67}.Release|iPhoneSimulator.ActiveCfg = Release|Any CPU
		{A612E5C9-D494-40FE-BF5D-ED69FE1C6C67}.Release|iPhoneSimulator.Build.0 = Release|Any CPU
		{A612E5C9-D494-40FE-BF5D-ED69FE1C6C67}.Release|x64.ActiveCfg = Release|Any CPU
		{A612E5C9-D494-40FE-BF5D-ED69FE1C6C67}.Release|x64.Build.0 = Release|Any CPU
		{A612E5C9-D494-40FE-BF5D-ED69FE1C6C67}.Release|x86.ActiveCfg = Release|Any CPU
		{A612E5C9-D494-40FE-BF5D-ED69FE1C6C67}.Release|x86.Build.0 = Release|Any CPU
		{4D898AA5-C94D-4EFB-8659-F6970CB485E3}.Debug|Any CPU.ActiveCfg = Debug|Any CPU
		{4D898AA5-C94D-4EFB-8659-F6970CB485E3}.Debug|Any CPU.Build.0 = Debug|Any CPU
		{4D898AA5-C94D-4EFB-8659-F6970CB485E3}.Debug|ARM.ActiveCfg = Debug|Any CPU
		{4D898AA5-C94D-4EFB-8659-F6970CB485E3}.Debug|ARM.Build.0 = Debug|Any CPU
		{4D898AA5-C94D-4EFB-8659-F6970CB485E3}.Debug|iPhone.ActiveCfg = Debug|Any CPU
		{4D898AA5-C94D-4EFB-8659-F6970CB485E3}.Debug|iPhone.Build.0 = Debug|Any CPU
		{4D898AA5-C94D-4EFB-8659-F6970CB485E3}.Debug|iPhoneSimulator.ActiveCfg = Debug|Any CPU
		{4D898AA5-C94D-4EFB-8659-F6970CB485E3}.Debug|iPhoneSimulator.Build.0 = Debug|Any CPU
		{4D898AA5-C94D-4EFB-8659-F6970CB485E3}.Debug|x64.ActiveCfg = Debug|Any CPU
		{4D898AA5-C94D-4EFB-8659-F6970CB485E3}.Debug|x64.Build.0 = Debug|Any CPU
		{4D898AA5-C94D-4EFB-8659-F6970CB485E3}.Debug|x86.ActiveCfg = Debug|Any CPU
		{4D898AA5-C94D-4EFB-8659-F6970CB485E3}.Debug|x86.Build.0 = Debug|Any CPU
		{4D898AA5-C94D-4EFB-8659-F6970CB485E3}.Release|Any CPU.ActiveCfg = Release|Any CPU
		{4D898AA5-C94D-4EFB-8659-F6970CB485E3}.Release|Any CPU.Build.0 = Release|Any CPU
		{4D898AA5-C94D-4EFB-8659-F6970CB485E3}.Release|ARM.ActiveCfg = Release|Any CPU
		{4D898AA5-C94D-4EFB-8659-F6970CB485E3}.Release|ARM.Build.0 = Release|Any CPU
		{4D898AA5-C94D-4EFB-8659-F6970CB485E3}.Release|iPhone.ActiveCfg = Release|Any CPU
		{4D898AA5-C94D-4EFB-8659-F6970CB485E3}.Release|iPhone.Build.0 = Release|Any CPU
		{4D898AA5-C94D-4EFB-8659-F6970CB485E3}.Release|iPhoneSimulator.ActiveCfg = Release|Any CPU
		{4D898AA5-C94D-4EFB-8659-F6970CB485E3}.Release|iPhoneSimulator.Build.0 = Release|Any CPU
		{4D898AA5-C94D-4EFB-8659-F6970CB485E3}.Release|x64.ActiveCfg = Release|Any CPU
		{4D898AA5-C94D-4EFB-8659-F6970CB485E3}.Release|x64.Build.0 = Release|Any CPU
		{4D898AA5-C94D-4EFB-8659-F6970CB485E3}.Release|x86.ActiveCfg = Release|Any CPU
		{4D898AA5-C94D-4EFB-8659-F6970CB485E3}.Release|x86.Build.0 = Release|Any CPU
		{24CE3C36-16B9-426D-AA0C-5961ECF8D88C}.Debug|Any CPU.ActiveCfg = Debug|Any CPU
		{24CE3C36-16B9-426D-AA0C-5961ECF8D88C}.Debug|Any CPU.Build.0 = Debug|Any CPU
		{24CE3C36-16B9-426D-AA0C-5961ECF8D88C}.Debug|Any CPU.Deploy.0 = Debug|Any CPU
		{24CE3C36-16B9-426D-AA0C-5961ECF8D88C}.Debug|ARM.ActiveCfg = Debug|Any CPU
		{24CE3C36-16B9-426D-AA0C-5961ECF8D88C}.Debug|ARM.Build.0 = Debug|Any CPU
		{24CE3C36-16B9-426D-AA0C-5961ECF8D88C}.Debug|ARM.Deploy.0 = Debug|Any CPU
		{24CE3C36-16B9-426D-AA0C-5961ECF8D88C}.Debug|iPhone.ActiveCfg = Debug|Any CPU
		{24CE3C36-16B9-426D-AA0C-5961ECF8D88C}.Debug|iPhone.Build.0 = Debug|Any CPU
		{24CE3C36-16B9-426D-AA0C-5961ECF8D88C}.Debug|iPhone.Deploy.0 = Debug|Any CPU
		{24CE3C36-16B9-426D-AA0C-5961ECF8D88C}.Debug|iPhoneSimulator.ActiveCfg = Debug|Any CPU
		{24CE3C36-16B9-426D-AA0C-5961ECF8D88C}.Debug|iPhoneSimulator.Build.0 = Debug|Any CPU
		{24CE3C36-16B9-426D-AA0C-5961ECF8D88C}.Debug|iPhoneSimulator.Deploy.0 = Debug|Any CPU
		{24CE3C36-16B9-426D-AA0C-5961ECF8D88C}.Debug|x64.ActiveCfg = Debug|Any CPU
		{24CE3C36-16B9-426D-AA0C-5961ECF8D88C}.Debug|x64.Build.0 = Debug|Any CPU
		{24CE3C36-16B9-426D-AA0C-5961ECF8D88C}.Debug|x64.Deploy.0 = Debug|Any CPU
		{24CE3C36-16B9-426D-AA0C-5961ECF8D88C}.Debug|x86.ActiveCfg = Debug|Any CPU
		{24CE3C36-16B9-426D-AA0C-5961ECF8D88C}.Debug|x86.Build.0 = Debug|Any CPU
		{24CE3C36-16B9-426D-AA0C-5961ECF8D88C}.Debug|x86.Deploy.0 = Debug|Any CPU
		{24CE3C36-16B9-426D-AA0C-5961ECF8D88C}.Release|Any CPU.ActiveCfg = Release|Any CPU
		{24CE3C36-16B9-426D-AA0C-5961ECF8D88C}.Release|Any CPU.Build.0 = Release|Any CPU
		{24CE3C36-16B9-426D-AA0C-5961ECF8D88C}.Release|Any CPU.Deploy.0 = Release|Any CPU
		{24CE3C36-16B9-426D-AA0C-5961ECF8D88C}.Release|ARM.ActiveCfg = Release|Any CPU
		{24CE3C36-16B9-426D-AA0C-5961ECF8D88C}.Release|ARM.Build.0 = Release|Any CPU
		{24CE3C36-16B9-426D-AA0C-5961ECF8D88C}.Release|ARM.Deploy.0 = Release|Any CPU
		{24CE3C36-16B9-426D-AA0C-5961ECF8D88C}.Release|iPhone.ActiveCfg = Release|Any CPU
		{24CE3C36-16B9-426D-AA0C-5961ECF8D88C}.Release|iPhone.Build.0 = Release|Any CPU
		{24CE3C36-16B9-426D-AA0C-5961ECF8D88C}.Release|iPhone.Deploy.0 = Release|Any CPU
		{24CE3C36-16B9-426D-AA0C-5961ECF8D88C}.Release|iPhoneSimulator.ActiveCfg = Release|Any CPU
		{24CE3C36-16B9-426D-AA0C-5961ECF8D88C}.Release|iPhoneSimulator.Build.0 = Release|Any CPU
		{24CE3C36-16B9-426D-AA0C-5961ECF8D88C}.Release|iPhoneSimulator.Deploy.0 = Release|Any CPU
		{24CE3C36-16B9-426D-AA0C-5961ECF8D88C}.Release|x64.ActiveCfg = Release|Any CPU
		{24CE3C36-16B9-426D-AA0C-5961ECF8D88C}.Release|x64.Build.0 = Release|Any CPU
		{24CE3C36-16B9-426D-AA0C-5961ECF8D88C}.Release|x64.Deploy.0 = Release|Any CPU
		{24CE3C36-16B9-426D-AA0C-5961ECF8D88C}.Release|x86.ActiveCfg = Release|Any CPU
		{24CE3C36-16B9-426D-AA0C-5961ECF8D88C}.Release|x86.Build.0 = Release|Any CPU
		{24CE3C36-16B9-426D-AA0C-5961ECF8D88C}.Release|x86.Deploy.0 = Release|Any CPU
		{9C75D17B-567E-4302-A42F-D84F52AB88A5}.Debug|Any CPU.ActiveCfg = Debug|iPhone
		{9C75D17B-567E-4302-A42F-D84F52AB88A5}.Debug|ARM.ActiveCfg = Debug|iPhone
		{9C75D17B-567E-4302-A42F-D84F52AB88A5}.Debug|iPhone.ActiveCfg = Debug|iPhone
		{9C75D17B-567E-4302-A42F-D84F52AB88A5}.Debug|iPhone.Build.0 = Debug|iPhone
		{9C75D17B-567E-4302-A42F-D84F52AB88A5}.Debug|iPhoneSimulator.ActiveCfg = Debug|iPhoneSimulator
		{9C75D17B-567E-4302-A42F-D84F52AB88A5}.Debug|iPhoneSimulator.Build.0 = Debug|iPhoneSimulator
		{9C75D17B-567E-4302-A42F-D84F52AB88A5}.Debug|x64.ActiveCfg = Debug|iPhone
		{9C75D17B-567E-4302-A42F-D84F52AB88A5}.Debug|x86.ActiveCfg = Debug|iPhone
		{9C75D17B-567E-4302-A42F-D84F52AB88A5}.Release|Any CPU.ActiveCfg = Release|iPhone
		{9C75D17B-567E-4302-A42F-D84F52AB88A5}.Release|ARM.ActiveCfg = Release|iPhone
		{9C75D17B-567E-4302-A42F-D84F52AB88A5}.Release|iPhone.ActiveCfg = Release|iPhone
		{9C75D17B-567E-4302-A42F-D84F52AB88A5}.Release|iPhone.Build.0 = Release|iPhone
		{9C75D17B-567E-4302-A42F-D84F52AB88A5}.Release|iPhoneSimulator.ActiveCfg = Release|iPhoneSimulator
		{9C75D17B-567E-4302-A42F-D84F52AB88A5}.Release|iPhoneSimulator.Build.0 = Release|iPhoneSimulator
		{9C75D17B-567E-4302-A42F-D84F52AB88A5}.Release|x64.ActiveCfg = Release|iPhone
		{9C75D17B-567E-4302-A42F-D84F52AB88A5}.Release|x86.ActiveCfg = Release|iPhone
		{1007666C-7BEC-4F99-8B4A-03C11D1A6CE1}.Debug|Any CPU.ActiveCfg = Debug|x86
		{1007666C-7BEC-4F99-8B4A-03C11D1A6CE1}.Debug|ARM.ActiveCfg = Debug|ARM
		{1007666C-7BEC-4F99-8B4A-03C11D1A6CE1}.Debug|ARM.Build.0 = Debug|ARM
		{1007666C-7BEC-4F99-8B4A-03C11D1A6CE1}.Debug|ARM.Deploy.0 = Debug|ARM
		{1007666C-7BEC-4F99-8B4A-03C11D1A6CE1}.Debug|iPhone.ActiveCfg = Debug|x86
		{1007666C-7BEC-4F99-8B4A-03C11D1A6CE1}.Debug|iPhoneSimulator.ActiveCfg = Debug|x86
		{1007666C-7BEC-4F99-8B4A-03C11D1A6CE1}.Debug|x64.ActiveCfg = Debug|x64
		{1007666C-7BEC-4F99-8B4A-03C11D1A6CE1}.Debug|x64.Build.0 = Debug|x64
		{1007666C-7BEC-4F99-8B4A-03C11D1A6CE1}.Debug|x64.Deploy.0 = Debug|x64
		{1007666C-7BEC-4F99-8B4A-03C11D1A6CE1}.Debug|x86.ActiveCfg = Debug|x86
		{1007666C-7BEC-4F99-8B4A-03C11D1A6CE1}.Debug|x86.Build.0 = Debug|x86
		{1007666C-7BEC-4F99-8B4A-03C11D1A6CE1}.Debug|x86.Deploy.0 = Debug|x86
		{1007666C-7BEC-4F99-8B4A-03C11D1A6CE1}.Release|Any CPU.ActiveCfg = Release|x86
		{1007666C-7BEC-4F99-8B4A-03C11D1A6CE1}.Release|ARM.ActiveCfg = Release|ARM
		{1007666C-7BEC-4F99-8B4A-03C11D1A6CE1}.Release|ARM.Build.0 = Release|ARM
		{1007666C-7BEC-4F99-8B4A-03C11D1A6CE1}.Release|ARM.Deploy.0 = Release|ARM
		{1007666C-7BEC-4F99-8B4A-03C11D1A6CE1}.Release|iPhone.ActiveCfg = Release|x86
		{1007666C-7BEC-4F99-8B4A-03C11D1A6CE1}.Release|iPhoneSimulator.ActiveCfg = Release|x86
		{1007666C-7BEC-4F99-8B4A-03C11D1A6CE1}.Release|x64.ActiveCfg = Release|x64
		{1007666C-7BEC-4F99-8B4A-03C11D1A6CE1}.Release|x64.Build.0 = Release|x64
		{1007666C-7BEC-4F99-8B4A-03C11D1A6CE1}.Release|x64.Deploy.0 = Release|x64
		{1007666C-7BEC-4F99-8B4A-03C11D1A6CE1}.Release|x86.ActiveCfg = Release|x86
		{1007666C-7BEC-4F99-8B4A-03C11D1A6CE1}.Release|x86.Build.0 = Release|x86
		{1007666C-7BEC-4F99-8B4A-03C11D1A6CE1}.Release|x86.Deploy.0 = Release|x86
		{32217CE5-9251-4F48-9CF7-B55EE0103C18}.Debug|Any CPU.ActiveCfg = Debug|Any CPU
		{32217CE5-9251-4F48-9CF7-B55EE0103C18}.Debug|Any CPU.Build.0 = Debug|Any CPU
		{32217CE5-9251-4F48-9CF7-B55EE0103C18}.Debug|ARM.ActiveCfg = Debug|Any CPU
		{32217CE5-9251-4F48-9CF7-B55EE0103C18}.Debug|ARM.Build.0 = Debug|Any CPU
		{32217CE5-9251-4F48-9CF7-B55EE0103C18}.Debug|iPhone.ActiveCfg = Debug|Any CPU
		{32217CE5-9251-4F48-9CF7-B55EE0103C18}.Debug|iPhone.Build.0 = Debug|Any CPU
		{32217CE5-9251-4F48-9CF7-B55EE0103C18}.Debug|iPhoneSimulator.ActiveCfg = Debug|Any CPU
		{32217CE5-9251-4F48-9CF7-B55EE0103C18}.Debug|iPhoneSimulator.Build.0 = Debug|Any CPU
		{32217CE5-9251-4F48-9CF7-B55EE0103C18}.Debug|x64.ActiveCfg = Debug|Any CPU
		{32217CE5-9251-4F48-9CF7-B55EE0103C18}.Debug|x64.Build.0 = Debug|Any CPU
		{32217CE5-9251-4F48-9CF7-B55EE0103C18}.Debug|x86.ActiveCfg = Debug|Any CPU
		{32217CE5-9251-4F48-9CF7-B55EE0103C18}.Debug|x86.Build.0 = Debug|Any CPU
		{32217CE5-9251-4F48-9CF7-B55EE0103C18}.Release|Any CPU.ActiveCfg = Release|Any CPU
		{32217CE5-9251-4F48-9CF7-B55EE0103C18}.Release|Any CPU.Build.0 = Release|Any CPU
		{32217CE5-9251-4F48-9CF7-B55EE0103C18}.Release|ARM.ActiveCfg = Release|Any CPU
		{32217CE5-9251-4F48-9CF7-B55EE0103C18}.Release|ARM.Build.0 = Release|Any CPU
		{32217CE5-9251-4F48-9CF7-B55EE0103C18}.Release|iPhone.ActiveCfg = Release|Any CPU
		{32217CE5-9251-4F48-9CF7-B55EE0103C18}.Release|iPhone.Build.0 = Release|Any CPU
		{32217CE5-9251-4F48-9CF7-B55EE0103C18}.Release|iPhoneSimulator.ActiveCfg = Release|Any CPU
		{32217CE5-9251-4F48-9CF7-B55EE0103C18}.Release|iPhoneSimulator.Build.0 = Release|Any CPU
		{32217CE5-9251-4F48-9CF7-B55EE0103C18}.Release|x64.ActiveCfg = Release|Any CPU
		{32217CE5-9251-4F48-9CF7-B55EE0103C18}.Release|x64.Build.0 = Release|Any CPU
		{32217CE5-9251-4F48-9CF7-B55EE0103C18}.Release|x86.ActiveCfg = Release|Any CPU
		{32217CE5-9251-4F48-9CF7-B55EE0103C18}.Release|x86.Build.0 = Release|Any CPU
		{CE7483CA-73E6-4A58-8F61-ADF836CE8147}.Debug|Any CPU.ActiveCfg = Debug|x86
		{CE7483CA-73E6-4A58-8F61-ADF836CE8147}.Debug|ARM.ActiveCfg = Debug|ARM
		{CE7483CA-73E6-4A58-8F61-ADF836CE8147}.Debug|ARM.Build.0 = Debug|ARM
		{CE7483CA-73E6-4A58-8F61-ADF836CE8147}.Debug|ARM.Deploy.0 = Debug|ARM
		{CE7483CA-73E6-4A58-8F61-ADF836CE8147}.Debug|iPhone.ActiveCfg = Debug|x86
		{CE7483CA-73E6-4A58-8F61-ADF836CE8147}.Debug|iPhoneSimulator.ActiveCfg = Debug|x86
		{CE7483CA-73E6-4A58-8F61-ADF836CE8147}.Debug|x64.ActiveCfg = Debug|x64
		{CE7483CA-73E6-4A58-8F61-ADF836CE8147}.Debug|x64.Build.0 = Debug|x64
		{CE7483CA-73E6-4A58-8F61-ADF836CE8147}.Debug|x64.Deploy.0 = Debug|x64
		{CE7483CA-73E6-4A58-8F61-ADF836CE8147}.Debug|x86.ActiveCfg = Debug|x86
		{CE7483CA-73E6-4A58-8F61-ADF836CE8147}.Debug|x86.Build.0 = Debug|x86
		{CE7483CA-73E6-4A58-8F61-ADF836CE8147}.Debug|x86.Deploy.0 = Debug|x86
		{CE7483CA-73E6-4A58-8F61-ADF836CE8147}.Release|Any CPU.ActiveCfg = Release|x86
		{CE7483CA-73E6-4A58-8F61-ADF836CE8147}.Release|ARM.ActiveCfg = Release|ARM
		{CE7483CA-73E6-4A58-8F61-ADF836CE8147}.Release|ARM.Build.0 = Release|ARM
		{CE7483CA-73E6-4A58-8F61-ADF836CE8147}.Release|ARM.Deploy.0 = Release|ARM
		{CE7483CA-73E6-4A58-8F61-ADF836CE8147}.Release|iPhone.ActiveCfg = Release|x86
		{CE7483CA-73E6-4A58-8F61-ADF836CE8147}.Release|iPhoneSimulator.ActiveCfg = Release|x86
		{CE7483CA-73E6-4A58-8F61-ADF836CE8147}.Release|x64.ActiveCfg = Release|x64
		{CE7483CA-73E6-4A58-8F61-ADF836CE8147}.Release|x64.Build.0 = Release|x64
		{CE7483CA-73E6-4A58-8F61-ADF836CE8147}.Release|x64.Deploy.0 = Release|x64
		{CE7483CA-73E6-4A58-8F61-ADF836CE8147}.Release|x86.ActiveCfg = Release|x86
		{CE7483CA-73E6-4A58-8F61-ADF836CE8147}.Release|x86.Build.0 = Release|x86
		{CE7483CA-73E6-4A58-8F61-ADF836CE8147}.Release|x86.Deploy.0 = Release|x86
	EndGlobalSection
	GlobalSection(SolutionProperties) = preSolution
		HideSolutionNode = FALSE
	EndGlobalSection
	GlobalSection(ExtensibilityGlobals) = postSolution
		SolutionGuid = {DC147E54-F1BC-4ACA-BEEA-0DB644FEB339}
	EndGlobalSection
EndGlobal
