
Microsoft Visual Studio Solution File, Format Version 12.00
# Visual Studio 15
VisualStudioVersion = 15.0.28010.2026
MinimumVisualStudioVersion = 10.0.40219.1
Project("{FAE04EC0-301F-11D3-BF4B-00C04F79EFBC}") = "StreamGoals.Server", "StreamGoals.Server\StreamGoals.Server.csproj", "{68404241-339F-45BA-B188-E7218482F5D4}"
EndProject
Project("{FAE04EC0-301F-11D3-BF4B-00C04F79EFBC}") = "StreamGoals.App", "StreamGoals.App\StreamGoals.App.csproj", "{A612E5C9-D494-40FE-BF5D-ED69FE1C6C67}"
EndProject
Global
	GlobalSection(SolutionConfigurationPlatforms) = preSolution
		Debug|Any CPU = Debug|Any CPU
		Release|Any CPU = Release|Any CPU
	EndGlobalSection
	GlobalSection(ProjectConfigurationPlatforms) = postSolution
		{68404241-339F-45BA-B188-E7218482F5D4}.Debug|Any CPU.ActiveCfg = Debug|Any CPU
		{68404241-339F-45BA-B188-E7218482F5D4}.Debug|Any CPU.Build.0 = Debug|Any CPU
		{68404241-339F-45BA-B188-E7218482F5D4}.Release|Any CPU.ActiveCfg = Release|Any CPU
		{68404241-339F-45BA-B188-E7218482F5D4}.Release|Any CPU.Build.0 = Release|Any CPU
		{A612E5C9-D494-40FE-BF5D-ED69FE1C6C67}.Debug|Any CPU.ActiveCfg = Debug|Any CPU
		{A612E5C9-D494-40FE-BF5D-ED69FE1C6C67}.Debug|Any CPU.Build.0 = Debug|Any CPU
		{A612E5C9-D494-40FE-BF5D-ED69FE1C6C67}.Release|Any CPU.ActiveCfg = Release|Any CPU
		{A612E5C9-D494-40FE-BF5D-ED69FE1C6C67}.Release|Any CPU.Build.0 = Release|Any CPU
	EndGlobalSection
	GlobalSection(SolutionProperties) = preSolution
		HideSolutionNode = FALSE
	EndGlobalSection
	GlobalSection(ExtensibilityGlobals) = postSolution
		SolutionGuid = {DC147E54-F1BC-4ACA-BEEA-0DB644FEB339}
	EndGlobalSection
EndGlobal
