
Microsoft Visual Studio Solution File, Format Version 12.00
# Visual Studio 15
VisualStudioVersion = 15.0.28302.56
MinimumVisualStudioVersion = 10.0.40219.1
Project("{9A19103F-16F7-4668-BE54-9A1E7A4F7556}") = "N7Board", "N7Board\N7Board.csproj", "{47DEA207-F6C0-416E-B5BD-B12E8BCBF8D6}"
EndProject
Project("{2150E333-8FDC-42A3-9474-1A3956D46DE8}") = "BackEnd", "BackEnd", "{AC749D5A-68A4-40A2-927A-6654641D121E}"
EndProject
Project("{9A19103F-16F7-4668-BE54-9A1E7A4F7556}") = "N7Functions", "N7Functions\N7Functions.csproj", "{289FBBDF-A75A-4FE8-8909-BF77DD7CB24C}"
EndProject
Project("{151D2E53-A2C4-4D7D-83FE-D05416EBD58E}") = "N7BoardsRG", "N7BoardsRG\N7BoardsRG.deployproj", "{140AFCBD-4BF7-4F9B-A51B-16EA9760DE6E}"
EndProject
Global
	GlobalSection(SolutionConfigurationPlatforms) = preSolution
		Debug|Any CPU = Debug|Any CPU
		Release|Any CPU = Release|Any CPU
	EndGlobalSection
	GlobalSection(ProjectConfigurationPlatforms) = postSolution
		{47DEA207-F6C0-416E-B5BD-B12E8BCBF8D6}.Debug|Any CPU.ActiveCfg = Debug|Any CPU
		{47DEA207-F6C0-416E-B5BD-B12E8BCBF8D6}.Debug|Any CPU.Build.0 = Debug|Any CPU
		{47DEA207-F6C0-416E-B5BD-B12E8BCBF8D6}.Release|Any CPU.ActiveCfg = Release|Any CPU
		{47DEA207-F6C0-416E-B5BD-B12E8BCBF8D6}.Release|Any CPU.Build.0 = Release|Any CPU
		{289FBBDF-A75A-4FE8-8909-BF77DD7CB24C}.Debug|Any CPU.ActiveCfg = Debug|Any CPU
		{289FBBDF-A75A-4FE8-8909-BF77DD7CB24C}.Debug|Any CPU.Build.0 = Debug|Any CPU
		{289FBBDF-A75A-4FE8-8909-BF77DD7CB24C}.Release|Any CPU.ActiveCfg = Release|Any CPU
		{289FBBDF-A75A-4FE8-8909-BF77DD7CB24C}.Release|Any CPU.Build.0 = Release|Any CPU
		{140AFCBD-4BF7-4F9B-A51B-16EA9760DE6E}.Debug|Any CPU.ActiveCfg = Debug|Any CPU
		{140AFCBD-4BF7-4F9B-A51B-16EA9760DE6E}.Debug|Any CPU.Build.0 = Debug|Any CPU
		{140AFCBD-4BF7-4F9B-A51B-16EA9760DE6E}.Release|Any CPU.ActiveCfg = Release|Any CPU
		{140AFCBD-4BF7-4F9B-A51B-16EA9760DE6E}.Release|Any CPU.Build.0 = Release|Any CPU
	EndGlobalSection
	GlobalSection(SolutionProperties) = preSolution
		HideSolutionNode = FALSE
	EndGlobalSection
	GlobalSection(NestedProjects) = preSolution
		{289FBBDF-A75A-4FE8-8909-BF77DD7CB24C} = {AC749D5A-68A4-40A2-927A-6654641D121E}
		{140AFCBD-4BF7-4F9B-A51B-16EA9760DE6E} = {AC749D5A-68A4-40A2-927A-6654641D121E}
	EndGlobalSection
	GlobalSection(ExtensibilityGlobals) = postSolution
		SolutionGuid = {F214A278-074F-4A21-B971-B60CD954A121}
	EndGlobalSection
EndGlobal
